
Microsoft Visual Studio Solution File, Format Version 10.00
# Visual Studio 2008
# SharpDevelop 3.2.0.5505
Project("{FAE04EC0-301F-11D3-BF4B-00C04F79EFBC}") = "Core", "..\vvvv50\src\Core\Core.csproj", "{6AD35106-187B-4A3A-A801-E665CD12E020}"
EndProject
Project("{FAE04EC0-301F-11D3-BF4B-00C04F79EFBC}") = "Utils", "Utils\Utils.csproj", "{C3773330-81FA-4253-823E-1BDE1529AA99}"
EndProject
Project("{FAE04EC0-301F-11D3-BF4B-00C04F79EFBC}") = "PluginInterfaces", "PluginInterfaces\PluginInterfaces.csproj", "{837C740A-485C-424C-8C38-086ED3DC73CB}"
EndProject
Project("{FAE04EC0-301F-11D3-BF4B-00C04F79EFBC}") = "WinFormsViewer", "..\vvvv50\src\HDE\Viewer\WinFormsViewer\WinFormsViewer.csproj", "{98936436-EA28-437E-A2A4-CC7CAA532658}"
EndProject
Project("{FAE04EC0-301F-11D3-BF4B-00C04F79EFBC}") = "Hosting", "Hosting\Hosting.csproj", "{F9A754A6-EEA5-4761-9446-C2AAF9CF8B31}"
EndProject
Project("{2150E333-8FDC-42A3-9474-1A3956D46DE8}") = "Nodes", "Nodes", "{77B6ED51-E6FA-4CE0-957A-A3FE79A3DC9E}"
	ProjectSection(SolutionItems) = postProject
	EndProjectSection
EndProject
Project("{FAE04EC0-301F-11D3-BF4B-00C04F79EFBC}") = "SpreadOperations", "Nodes\_SpreadOperations\SpreadOperations.csproj", "{0D80F02A-ED87-454D-A4AD-520C60A86B44}"
EndProject
Project("{2150E333-8FDC-42A3-9474-1A3956D46DE8}") = "VVVV", "VVVV", "{614A360E-42E4-442F-BD65-E1F0EC029114}"
	ProjectSection(SolutionItems) = postProject
	EndProjectSection
EndProject
Project("{FAE04EC0-301F-11D3-BF4B-00C04F79EFBC}") = "ProjectExplorer", "Nodes\VVVV\ProjectExplorer\ProjectExplorer.csproj", "{503A106A-2137-48B3-9614-9BA745765741}"
EndProject
Project("{FAE04EC0-301F-11D3-BF4B-00C04F79EFBC}") = "CodeEditor", "Nodes\VVVV\CodeEditor\CodeEditor.csproj", "{A63D2EA4-D87C-459B-B57F-19A76A7ADAF0}"
EndProject
Project("{FAE04EC0-301F-11D3-BF4B-00C04F79EFBC}") = "Kommunikator", "Nodes\VVVV\Kommunikator\Kommunikator.csproj", "B2EDE81E-C507-4523-AB4E-56ABC79039AB"
EndProject
Project("{FAE04EC0-301F-11D3-BF4B-00C04F79EFBC}") = "NodeCollector", "Nodes\VVVV\NodeCollector\NodeCollector.csproj", "{FC5BADF3-8C10-4435-82CE-8452423764B2}"
EndProject
Project("{FAE04EC0-301F-11D3-BF4B-00C04F79EFBC}") = "WindowSwitcher", "Nodes\VVVV\WindowSwitcher\WindowSwitcher.csproj", "3325A942-3F3B-4902-9F11-4BB0CD68DEAC"
EndProject
Project("{FAE04EC0-301F-11D3-BF4B-00C04F79EFBC}") = "NodeBrowser", "Nodes\VVVV\NodeBrowser\NodeBrowser.csproj", "{BE8F0188-A22A-4ED6-B94D-963F37F114AD}"
EndProject
Project("{FAE04EC0-301F-11D3-BF4B-00C04F79EFBC}") = "Finder", "Nodes\VVVV\Finder\Finder.csproj", "5A797315-B87A-425F-B0BC-00218B6376DB"
EndProject
Project("{2150E333-8FDC-42A3-9474-1A3956D46DE8}") = "Animation", "Animation", "{C48109C2-D95E-4C76-B7C7-E284D34A7A3E}"
	ProjectSection(SolutionItems) = postProject
	EndProjectSection
EndProject
Project("{FAE04EC0-301F-11D3-BF4B-00C04F79EFBC}") = "ThreadedParticles", "Nodes\Animation\ParticlesThreaded\ThreadedParticles.csproj", "5F006CC3-9E4D-4C65-8F32-824568BEA049"
EndProject
Project("{FAE04EC0-301F-11D3-BF4B-00C04F79EFBC}") = "Timeliner", "Nodes\Animation\Timeliner\Timeliner.csproj", "{639A1C44-DA07-4F08-8A90-8B8845515BF4}"
EndProject
Project("{2150E333-8FDC-42A3-9474-1A3956D46DE8}") = "Spreads", "Spreads", "{A32F71FF-582D-4F05-BFC0-E5584409DA74}"
	ProjectSection(SolutionItems) = postProject
	EndProjectSection
EndProject
Project("{FAE04EC0-301F-11D3-BF4B-00C04F79EFBC}") = "Lindenmayer", "Nodes\Spreads\Lindenmayer\Lindenmayer.csproj", "1FAC3935-36FE-428B-89E4-1D3BFDFF53C4"
EndProject
Project("{2150E333-8FDC-42A3-9474-1A3956D46DE8}") = "Layer", "Layer", "{E4955229-9402-486D-8D94-3FE885EC7EC7}"
	ProjectSection(SolutionItems) = postProject
	EndProjectSection
EndProject
Project("{FAE04EC0-301F-11D3-BF4B-00C04F79EFBC}") = "ProjectExplorer", "Nodes\VVVV\ProjectExplorer\ProjectExplorer.csproj", "{503A106A-2137-48B3-9614-9BA745765741}"
EndProject
Project("{2150E333-8FDC-42A3-9474-1A3956D46DE8}") = "Tests", "Tests", "{A52675F4-281E-4F20-9E3B-B30E846656CA}"
	ProjectSection(SolutionItems) = postProject
	EndProjectSection
EndProject
Project("{FAE04EC0-301F-11D3-BF4B-00C04F79EFBC}") = "PluginV2Tests", "Tests\PluginV2Tests\PluginV2Tests.csproj", "CAD7381E-9D8C-420E-878C-7D2B06237644"
EndProject
Project("{FAE04EC0-301F-11D3-BF4B-00C04F79EFBC}") = "PluginHost", "Tests\PluginHost\PluginHost.csproj", "{28A80D79-9679-41B0-9060-5F076E0E6DFD}"
EndProject
Project("{FAE04EC0-301F-11D3-BF4B-00C04F79EFBC}") = "PinTests", "Tests\PinTests\PinTests.csproj", "{5998EFEE-ED5A-4266-AD9E-A1A63E7A8D41}"
EndProject
Project("{FAE04EC0-301F-11D3-BF4B-00C04F79EFBC}") = "Utils3rdParty", "Utils3rdParty\Utils3rdParty.csproj", "{87863121-C124-4585-B3BB-7706F03ECC64}"
EndProject
Project("{FAE04EC0-301F-11D3-BF4B-00C04F79EFBC}") = "PiccoloGraphicalEditor", "..\vvvv50\src\HDE\Viewer\PiccoloGraphicalEditor\PiccoloGraphicalEditor.csproj", "{304E1C6A-585F-4748-8E3B-33558E35B0D4}"
EndProject
Global
	GlobalSection(SolutionConfigurationPlatforms) = preSolution
		Debug|x86 = Debug|x86
		Release|x86 = Release|x86
	EndGlobalSection
	GlobalSection(ProjectConfigurationPlatforms) = postSolution
		{6AD35106-187B-4A3A-A801-E665CD12E020}.Debug|x86.Build.0 = Debug|x86
		{6AD35106-187B-4A3A-A801-E665CD12E020}.Debug|x86.ActiveCfg = Debug|x86
		{6AD35106-187B-4A3A-A801-E665CD12E020}.Release|x86.Build.0 = Release|x86
		{6AD35106-187B-4A3A-A801-E665CD12E020}.Release|x86.ActiveCfg = Release|x86
		{C3773330-81FA-4253-823E-1BDE1529AA99}.Debug|x86.Build.0 = Debug|Any CPU
		{C3773330-81FA-4253-823E-1BDE1529AA99}.Debug|x86.ActiveCfg = Debug|Any CPU
		{C3773330-81FA-4253-823E-1BDE1529AA99}.Release|x86.Build.0 = Release|Any CPU
		{C3773330-81FA-4253-823E-1BDE1529AA99}.Release|x86.ActiveCfg = Release|Any CPU
		{837C740A-485C-424C-8C38-086ED3DC73CB}.Debug|x86.Build.0 = Debug|Any CPU
		{837C740A-485C-424C-8C38-086ED3DC73CB}.Debug|x86.ActiveCfg = Debug|Any CPU
		{837C740A-485C-424C-8C38-086ED3DC73CB}.Release|x86.Build.0 = Release|Any CPU
		{837C740A-485C-424C-8C38-086ED3DC73CB}.Release|x86.ActiveCfg = Release|Any CPU
		{98936436-EA28-437E-A2A4-CC7CAA532658}.Debug|x86.Build.0 = Debug|x86
		{98936436-EA28-437E-A2A4-CC7CAA532658}.Debug|x86.ActiveCfg = Debug|x86
		{98936436-EA28-437E-A2A4-CC7CAA532658}.Release|x86.Build.0 = Release|x86
		{98936436-EA28-437E-A2A4-CC7CAA532658}.Release|x86.ActiveCfg = Release|x86
		{F9A754A6-EEA5-4761-9446-C2AAF9CF8B31}.Debug|x86.Build.0 = Debug|x86
		{F9A754A6-EEA5-4761-9446-C2AAF9CF8B31}.Debug|x86.ActiveCfg = Debug|x86
		{F9A754A6-EEA5-4761-9446-C2AAF9CF8B31}.Release|x86.Build.0 = Release|x86
		{F9A754A6-EEA5-4761-9446-C2AAF9CF8B31}.Release|x86.ActiveCfg = Release|x86
		{0D80F02A-ED87-454D-A4AD-520C60A86B44}.Debug|x86.Build.0 = Debug|x86
		{0D80F02A-ED87-454D-A4AD-520C60A86B44}.Debug|x86.ActiveCfg = Debug|x86
		{0D80F02A-ED87-454D-A4AD-520C60A86B44}.Release|x86.Build.0 = Debug|x86
		{0D80F02A-ED87-454D-A4AD-520C60A86B44}.Release|x86.ActiveCfg = Debug|x86
		CAD7381E-9D8C-420E-878C-7D2B06237644.Debug|x86.Build.0 = Debug|x86
		CAD7381E-9D8C-420E-878C-7D2B06237644.Debug|x86.ActiveCfg = Debug|x86
		CAD7381E-9D8C-420E-878C-7D2B06237644.Release|x86.Build.0 = Debug|x86
		CAD7381E-9D8C-420E-878C-7D2B06237644.Release|x86.ActiveCfg = Debug|x86
		{A63D2EA4-D87C-459B-B57F-19A76A7ADAF0}.Debug|x86.Build.0 = Debug|Any CPU
		{A63D2EA4-D87C-459B-B57F-19A76A7ADAF0}.Debug|x86.ActiveCfg = Debug|Any CPU
		{A63D2EA4-D87C-459B-B57F-19A76A7ADAF0}.Release|x86.Build.0 = Release|Any CPU
		{A63D2EA4-D87C-459B-B57F-19A76A7ADAF0}.Release|x86.ActiveCfg = Release|Any CPU
		B2EDE81E-C507-4523-AB4E-56ABC79039AB.Debug|x86.Build.0 = Debug|Any CPU
		B2EDE81E-C507-4523-AB4E-56ABC79039AB.Debug|x86.ActiveCfg = Debug|Any CPU
		B2EDE81E-C507-4523-AB4E-56ABC79039AB.Release|x86.Build.0 = Release|Any CPU
		B2EDE81E-C507-4523-AB4E-56ABC79039AB.Release|x86.ActiveCfg = Release|Any CPU
		{BE8F0188-A22A-4ED6-B94D-963F37F114AD}.Debug|x86.Build.0 = Debug|Any CPU
		{BE8F0188-A22A-4ED6-B94D-963F37F114AD}.Debug|x86.ActiveCfg = Debug|Any CPU
		{BE8F0188-A22A-4ED6-B94D-963F37F114AD}.Release|x86.Build.0 = Release|Any CPU
		{BE8F0188-A22A-4ED6-B94D-963F37F114AD}.Release|x86.ActiveCfg = Release|Any CPU
		3325A942-3F3B-4902-9F11-4BB0CD68DEAC.Debug|x86.Build.0 = Debug|Any CPU
		3325A942-3F3B-4902-9F11-4BB0CD68DEAC.Debug|x86.ActiveCfg = Debug|Any CPU
		3325A942-3F3B-4902-9F11-4BB0CD68DEAC.Release|x86.Build.0 = Release|Any CPU
		3325A942-3F3B-4902-9F11-4BB0CD68DEAC.Release|x86.ActiveCfg = Release|Any CPU
		{87863121-C124-4585-B3BB-7706F03ECC64}.Debug|x86.Build.0 = Debug|x86
		{87863121-C124-4585-B3BB-7706F03ECC64}.Debug|x86.ActiveCfg = Debug|x86
		{87863121-C124-4585-B3BB-7706F03ECC64}.Release|x86.Build.0 = Release|x86
		{87863121-C124-4585-B3BB-7706F03ECC64}.Release|x86.ActiveCfg = Release|x86
		{28A80D79-9679-41B0-9060-5F076E0E6DFD}.Debug|x86.Build.0 = Debug|x86
		{28A80D79-9679-41B0-9060-5F076E0E6DFD}.Debug|x86.ActiveCfg = Debug|x86
		{28A80D79-9679-41B0-9060-5F076E0E6DFD}.Release|x86.Build.0 = Release|x86
		{28A80D79-9679-41B0-9060-5F076E0E6DFD}.Release|x86.ActiveCfg = Release|x86
		{5998EFEE-ED5A-4266-AD9E-A1A63E7A8D41}.Debug|x86.Build.0 = Debug|x86
		{5998EFEE-ED5A-4266-AD9E-A1A63E7A8D41}.Debug|x86.ActiveCfg = Debug|x86
		{5998EFEE-ED5A-4266-AD9E-A1A63E7A8D41}.Release|x86.Build.0 = Release|x86
		{5998EFEE-ED5A-4266-AD9E-A1A63E7A8D41}.Release|x86.ActiveCfg = Release|x86
		5F006CC3-9E4D-4C65-8F32-824568BEA049.Debug|x86.Build.0 = Debug|Any CPU
		5F006CC3-9E4D-4C65-8F32-824568BEA049.Debug|x86.ActiveCfg = Debug|Any CPU
		5F006CC3-9E4D-4C65-8F32-824568BEA049.Release|x86.Build.0 = Release|Any CPU
		5F006CC3-9E4D-4C65-8F32-824568BEA049.Release|x86.ActiveCfg = Release|Any CPU
		{639A1C44-DA07-4F08-8A90-8B8845515BF4}.Debug|x86.Build.0 = Debug|Any CPU
		{639A1C44-DA07-4F08-8A90-8B8845515BF4}.Debug|x86.ActiveCfg = Debug|Any CPU
		{639A1C44-DA07-4F08-8A90-8B8845515BF4}.Release|x86.Build.0 = Release|Any CPU
		{639A1C44-DA07-4F08-8A90-8B8845515BF4}.Release|x86.ActiveCfg = Release|Any CPU
		1FAC3935-36FE-428B-89E4-1D3BFDFF53C4.Debug|x86.Build.0 = Debug|Any CPU
		1FAC3935-36FE-428B-89E4-1D3BFDFF53C4.Debug|x86.ActiveCfg = Debug|Any CPU
		1FAC3935-36FE-428B-89E4-1D3BFDFF53C4.Release|x86.Build.0 = Release|Any CPU
		1FAC3935-36FE-428B-89E4-1D3BFDFF53C4.Release|x86.ActiveCfg = Release|Any CPU
		{503A106A-2137-48B3-9614-9BA745765741}.Debug|x86.Build.0 = Debug|x86
		{503A106A-2137-48B3-9614-9BA745765741}.Debug|x86.ActiveCfg = Debug|x86
		{503A106A-2137-48B3-9614-9BA745765741}.Release|x86.Build.0 = Release|x86
		{503A106A-2137-48B3-9614-9BA745765741}.Release|x86.ActiveCfg = Release|x86
		{FC5BADF3-8C10-4435-82CE-8452423764B2}.Debug|x86.Build.0 = Debug|x86
		{FC5BADF3-8C10-4435-82CE-8452423764B2}.Debug|x86.ActiveCfg = Debug|x86
		{FC5BADF3-8C10-4435-82CE-8452423764B2}.Release|x86.Build.0 = Debug|x86
		{FC5BADF3-8C10-4435-82CE-8452423764B2}.Release|x86.ActiveCfg = Debug|x86
		5A797315-B87A-425F-B0BC-00218B6376DB.Debug|x86.Build.0 = Debug|Any CPU
		5A797315-B87A-425F-B0BC-00218B6376DB.Debug|x86.ActiveCfg = Debug|Any CPU
		5A797315-B87A-425F-B0BC-00218B6376DB.Release|x86.Build.0 = Release|Any CPU
		5A797315-B87A-425F-B0BC-00218B6376DB.Release|x86.ActiveCfg = Release|Any CPU
		{304E1C6A-585F-4748-8E3B-33558E35B0D4}.Debug|x86.Build.0 = Debug|x86
		{304E1C6A-585F-4748-8E3B-33558E35B0D4}.Debug|x86.ActiveCfg = Debug|x86
		{304E1C6A-585F-4748-8E3B-33558E35B0D4}.Release|x86.Build.0 = Release|x86
		{304E1C6A-585F-4748-8E3B-33558E35B0D4}.Release|x86.ActiveCfg = Release|x86
	EndGlobalSection
	GlobalSection(NestedProjects) = preSolution
		{E4955229-9402-486D-8D94-3FE885EC7EC7} = {77B6ED51-E6FA-4CE0-957A-A3FE79A3DC9E}
		{A32F71FF-582D-4F05-BFC0-E5584409DA74} = {77B6ED51-E6FA-4CE0-957A-A3FE79A3DC9E}
		{C48109C2-D95E-4C76-B7C7-E284D34A7A3E} = {77B6ED51-E6FA-4CE0-957A-A3FE79A3DC9E}
		{614A360E-42E4-442F-BD65-E1F0EC029114} = {77B6ED51-E6FA-4CE0-957A-A3FE79A3DC9E}
		{0D80F02A-ED87-454D-A4AD-520C60A86B44} = {77B6ED51-E6FA-4CE0-957A-A3FE79A3DC9E}
		5A797315-B87A-425F-B0BC-00218B6376DB = {614A360E-42E4-442F-BD65-E1F0EC029114}
		{BE8F0188-A22A-4ED6-B94D-963F37F114AD} = {614A360E-42E4-442F-BD65-E1F0EC029114}
		3325A942-3F3B-4902-9F11-4BB0CD68DEAC = {614A360E-42E4-442F-BD65-E1F0EC029114}
		{FC5BADF3-8C10-4435-82CE-8452423764B2} = {614A360E-42E4-442F-BD65-E1F0EC029114}
		B2EDE81E-C507-4523-AB4E-56ABC79039AB = {614A360E-42E4-442F-BD65-E1F0EC029114}
		{A63D2EA4-D87C-459B-B57F-19A76A7ADAF0} = {614A360E-42E4-442F-BD65-E1F0EC029114}
		{503A106A-2137-48B3-9614-9BA745765741} = {614A360E-42E4-442F-BD65-E1F0EC029114}
		{639A1C44-DA07-4F08-8A90-8B8845515BF4} = {C48109C2-D95E-4C76-B7C7-E284D34A7A3E}
		5F006CC3-9E4D-4C65-8F32-824568BEA049 = {C48109C2-D95E-4C76-B7C7-E284D34A7A3E}
		1FAC3935-36FE-428B-89E4-1D3BFDFF53C4 = {A32F71FF-582D-4F05-BFC0-E5584409DA74}
		{5998EFEE-ED5A-4266-AD9E-A1A63E7A8D41} = {A52675F4-281E-4F20-9E3B-B30E846656CA}
		{28A80D79-9679-41B0-9060-5F076E0E6DFD} = {A52675F4-281E-4F20-9E3B-B30E846656CA}
		CAD7381E-9D8C-420E-878C-7D2B06237644 = {A52675F4-281E-4F20-9E3B-B30E846656CA}
	EndGlobalSection
EndGlobal
