
Microsoft Visual Studio Solution File, Format Version 11.00
# Visual Studio 2010
Project("{2150E333-8FDC-42A3-9474-1A3956D46DE8}") = "Lang", "Lang", "{AFEA63B9-7E41-4CD7-B648-FD794FB7EE1A}"
EndProject
Project("{2150E333-8FDC-42A3-9474-1A3956D46DE8}") = "HDE", "HDE", "{B895AD84-08DC-42D2-9EDA-484C647B7CDD}"
EndProject
Project("{FAE04EC0-301F-11D3-BF4B-00C04F79EFBC}") = "NodeBrowser-11", "Nodes\VVVV\NodeBrowser\NodeBrowser-11.csproj", "{BE8F0188-A22A-4ED6-B94D-963F37F114AD}"
EndProject
Project("{2150E333-8FDC-42A3-9474-1A3956D46DE8}") = "Viewer", "Viewer", "{83F95A54-2686-49CB-A00A-0B5E066F79D8}"
EndProject
Project("{FAE04EC0-301F-11D3-BF4B-00C04F79EFBC}") = "PiccoloGraphicalEditor-11", "..\vvvv50\src\HDE\Viewer\PiccoloGraphicalEditor\PiccoloGraphicalEditor-11.csproj", "{304E1C6A-585F-4748-8E3B-33558E35B0D4}"
EndProject
Project("{FAE04EC0-301F-11D3-BF4B-00C04F79EFBC}") = "WinFormsViewer-11", "..\vvvv50\src\HDE\Viewer\WinFormsViewer\WinFormsViewer-11.csproj", "{98936436-EA28-437E-A2A4-CC7CAA532658}"
EndProject
Project("{2150E333-8FDC-42A3-9474-1A3956D46DE8}") = "Lib", "Lib", "{668A6F74-4472-4E3A-A796-FB52F91D9D3A}"
EndProject
Project("{FAE04EC0-301F-11D3-BF4B-00C04F79EFBC}") = "TrialLibCSharp-11", "..\vvvv50\src\Lib\CSharpTrialLib\TrialLibCSharp-11.csproj", "{F787A220-CFB5-4685-B25F-B0BC4714DED6}"
EndProject
Project("{F2A71F9B-5D33-465A-A702-920D77279786}") = "TrialLib-11", "..\vvvv50\src\Lib\TrialLib\TrialLib-11.fsproj", "{BE440BF7-E13C-4F07-93A2-E14489F5721E}"
EndProject
Project("{2150E333-8FDC-42A3-9474-1A3956D46DE8}") = "Utils", "Utils", "{B4DA0F36-25F9-4674-B259-C8CBD516BC80}"
EndProject
Project("{FAE04EC0-301F-11D3-BF4B-00C04F79EFBC}") = "PluginInterfaces-11", "PluginInterfaces\PluginInterfaces-11.csproj", "{837C740A-485C-424C-8C38-086ED3DC73CB}"
EndProject
Project("{FAE04EC0-301F-11D3-BF4B-00C04F79EFBC}") = "Utils-11", "Utils\Utils-11.csproj", "{C3773330-81FA-4253-823E-1BDE1529AA99}"
EndProject
Project("{FAE04EC0-301F-11D3-BF4B-00C04F79EFBC}") = "Core-11", "..\vvvv50\src\Core\Core-11.csproj", "{6AD35106-187B-4A3A-A801-E665CD12E020}"
EndProject
Project("{FAE04EC0-301F-11D3-BF4B-00C04F79EFBC}") = "Hosting-11", "Hosting\Hosting-11.csproj", "{F9A754A6-EEA5-4761-9446-C2AAF9CF8B31}"
EndProject
Project("{FAE04EC0-301F-11D3-BF4B-00C04F79EFBC}") = "Utils3rdParty-11", "Utils3rdParty\Utils3rdParty-11.csproj", "{87863121-C124-4585-B3BB-7706F03ECC64}"
EndProject
Project("{FAE04EC0-301F-11D3-BF4B-00C04F79EFBC}") = "Finder-11", "Nodes\VVVV\Finder\Finder-11.csproj", "{FD8BEFD2-BDB2-4CB9-A552-DB955A5E28FD}"
EndProject
Global
	GlobalSection(SolutionConfigurationPlatforms) = preSolution
		Debug|Any CPU = Debug|Any CPU
		Debug|Mixed Platforms = Debug|Mixed Platforms
		Debug|x64 = Debug|x64
		Debug|x86 = Debug|x86
		Release|Any CPU = Release|Any CPU
		Release|Mixed Platforms = Release|Mixed Platforms
		Release|x64 = Release|x64
		Release|x86 = Release|x86
	EndGlobalSection
	GlobalSection(ProjectConfigurationPlatforms) = postSolution
		{BE8F0188-A22A-4ED6-B94D-963F37F114AD}.Debug|Any CPU.ActiveCfg = Debug|Any CPU
		{BE8F0188-A22A-4ED6-B94D-963F37F114AD}.Debug|Any CPU.Build.0 = Debug|Any CPU
		{BE8F0188-A22A-4ED6-B94D-963F37F114AD}.Debug|Mixed Platforms.ActiveCfg = Debug|Any CPU
		{BE8F0188-A22A-4ED6-B94D-963F37F114AD}.Debug|Mixed Platforms.Build.0 = Debug|Any CPU
		{BE8F0188-A22A-4ED6-B94D-963F37F114AD}.Debug|x64.ActiveCfg = Debug|Any CPU
		{BE8F0188-A22A-4ED6-B94D-963F37F114AD}.Debug|x86.ActiveCfg = Debug|Any CPU
		{BE8F0188-A22A-4ED6-B94D-963F37F114AD}.Debug|x86.Build.0 = Debug|Any CPU
		{BE8F0188-A22A-4ED6-B94D-963F37F114AD}.Release|Any CPU.ActiveCfg = Release|Any CPU
		{BE8F0188-A22A-4ED6-B94D-963F37F114AD}.Release|Any CPU.Build.0 = Release|Any CPU
		{BE8F0188-A22A-4ED6-B94D-963F37F114AD}.Release|Mixed Platforms.ActiveCfg = Release|Any CPU
		{BE8F0188-A22A-4ED6-B94D-963F37F114AD}.Release|Mixed Platforms.Build.0 = Release|Any CPU
		{BE8F0188-A22A-4ED6-B94D-963F37F114AD}.Release|x64.ActiveCfg = Release|Any CPU
		{BE8F0188-A22A-4ED6-B94D-963F37F114AD}.Release|x86.ActiveCfg = Release|Any CPU
		{304E1C6A-585F-4748-8E3B-33558E35B0D4}.Debug|Any CPU.ActiveCfg = Debug|x86
		{304E1C6A-585F-4748-8E3B-33558E35B0D4}.Debug|Any CPU.Build.0 = Debug|x86
		{304E1C6A-585F-4748-8E3B-33558E35B0D4}.Debug|Mixed Platforms.ActiveCfg = Debug|x86
		{304E1C6A-585F-4748-8E3B-33558E35B0D4}.Debug|Mixed Platforms.Build.0 = Debug|x86
		{304E1C6A-585F-4748-8E3B-33558E35B0D4}.Debug|x64.ActiveCfg = Debug|x64
		{304E1C6A-585F-4748-8E3B-33558E35B0D4}.Debug|x64.Build.0 = Debug|x64
		{304E1C6A-585F-4748-8E3B-33558E35B0D4}.Debug|x86.ActiveCfg = Debug|x86
		{304E1C6A-585F-4748-8E3B-33558E35B0D4}.Debug|x86.Build.0 = Debug|x86
		{304E1C6A-585F-4748-8E3B-33558E35B0D4}.Release|Any CPU.ActiveCfg = Release|x86
		{304E1C6A-585F-4748-8E3B-33558E35B0D4}.Release|Mixed Platforms.ActiveCfg = Release|x86
		{304E1C6A-585F-4748-8E3B-33558E35B0D4}.Release|Mixed Platforms.Build.0 = Release|x86
		{304E1C6A-585F-4748-8E3B-33558E35B0D4}.Release|x64.ActiveCfg = Release|x64
		{304E1C6A-585F-4748-8E3B-33558E35B0D4}.Release|x64.Build.0 = Release|x64
		{304E1C6A-585F-4748-8E3B-33558E35B0D4}.Release|x86.ActiveCfg = Release|x86
		{304E1C6A-585F-4748-8E3B-33558E35B0D4}.Release|x86.Build.0 = Release|x86
		{98936436-EA28-437E-A2A4-CC7CAA532658}.Debug|Any CPU.ActiveCfg = Debug|Any CPU
		{98936436-EA28-437E-A2A4-CC7CAA532658}.Debug|Any CPU.Build.0 = Debug|Any CPU
		{98936436-EA28-437E-A2A4-CC7CAA532658}.Debug|Mixed Platforms.ActiveCfg = Debug|Any CPU
		{98936436-EA28-437E-A2A4-CC7CAA532658}.Debug|Mixed Platforms.Build.0 = Debug|Any CPU
		{98936436-EA28-437E-A2A4-CC7CAA532658}.Debug|x64.ActiveCfg = Debug|Any CPU
		{98936436-EA28-437E-A2A4-CC7CAA532658}.Debug|x86.ActiveCfg = Debug|Any CPU
		{98936436-EA28-437E-A2A4-CC7CAA532658}.Debug|x86.Build.0 = Debug|Any CPU
		{98936436-EA28-437E-A2A4-CC7CAA532658}.Release|Any CPU.ActiveCfg = Release|Any CPU
		{98936436-EA28-437E-A2A4-CC7CAA532658}.Release|Any CPU.Build.0 = Release|Any CPU
		{98936436-EA28-437E-A2A4-CC7CAA532658}.Release|Mixed Platforms.ActiveCfg = Release|Any CPU
		{98936436-EA28-437E-A2A4-CC7CAA532658}.Release|Mixed Platforms.Build.0 = Release|Any CPU
		{98936436-EA28-437E-A2A4-CC7CAA532658}.Release|x64.ActiveCfg = Release|Any CPU
		{98936436-EA28-437E-A2A4-CC7CAA532658}.Release|x86.ActiveCfg = Release|Any CPU
		{F787A220-CFB5-4685-B25F-B0BC4714DED6}.Debug|Any CPU.ActiveCfg = Debug|Any CPU
		{F787A220-CFB5-4685-B25F-B0BC4714DED6}.Debug|Any CPU.Build.0 = Debug|Any CPU
		{F787A220-CFB5-4685-B25F-B0BC4714DED6}.Debug|Mixed Platforms.ActiveCfg = Debug|Any CPU
		{F787A220-CFB5-4685-B25F-B0BC4714DED6}.Debug|Mixed Platforms.Build.0 = Debug|Any CPU
		{F787A220-CFB5-4685-B25F-B0BC4714DED6}.Debug|x64.ActiveCfg = Debug|x64
		{F787A220-CFB5-4685-B25F-B0BC4714DED6}.Debug|x64.Build.0 = Debug|x64
		{F787A220-CFB5-4685-B25F-B0BC4714DED6}.Debug|x86.ActiveCfg = Debug|x86
		{F787A220-CFB5-4685-B25F-B0BC4714DED6}.Debug|x86.Build.0 = Debug|x86
		{F787A220-CFB5-4685-B25F-B0BC4714DED6}.Release|Any CPU.ActiveCfg = Release|Any CPU
		{F787A220-CFB5-4685-B25F-B0BC4714DED6}.Release|Any CPU.Build.0 = Release|Any CPU
		{F787A220-CFB5-4685-B25F-B0BC4714DED6}.Release|Mixed Platforms.ActiveCfg = Release|Any CPU
		{F787A220-CFB5-4685-B25F-B0BC4714DED6}.Release|Mixed Platforms.Build.0 = Release|Any CPU
		{F787A220-CFB5-4685-B25F-B0BC4714DED6}.Release|x64.ActiveCfg = Release|x64
		{F787A220-CFB5-4685-B25F-B0BC4714DED6}.Release|x64.Build.0 = Release|x64
		{F787A220-CFB5-4685-B25F-B0BC4714DED6}.Release|x86.ActiveCfg = Release|x86
		{F787A220-CFB5-4685-B25F-B0BC4714DED6}.Release|x86.Build.0 = Release|x86
		{BE440BF7-E13C-4F07-93A2-E14489F5721E}.Debug|Any CPU.ActiveCfg = Debug|Any CPU
		{BE440BF7-E13C-4F07-93A2-E14489F5721E}.Debug|Any CPU.Build.0 = Debug|Any CPU
		{BE440BF7-E13C-4F07-93A2-E14489F5721E}.Debug|Mixed Platforms.ActiveCfg = Debug|Any CPU
		{BE440BF7-E13C-4F07-93A2-E14489F5721E}.Debug|Mixed Platforms.Build.0 = Debug|Any CPU
		{BE440BF7-E13C-4F07-93A2-E14489F5721E}.Debug|x64.ActiveCfg = Debug|x64
		{BE440BF7-E13C-4F07-93A2-E14489F5721E}.Debug|x86.ActiveCfg = Debug|x86
		{BE440BF7-E13C-4F07-93A2-E14489F5721E}.Debug|x86.Build.0 = Debug|x86
		{BE440BF7-E13C-4F07-93A2-E14489F5721E}.Release|Any CPU.ActiveCfg = Release|Any CPU
		{BE440BF7-E13C-4F07-93A2-E14489F5721E}.Release|Any CPU.Build.0 = Release|Any CPU
		{BE440BF7-E13C-4F07-93A2-E14489F5721E}.Release|Mixed Platforms.ActiveCfg = Release|x64
		{BE440BF7-E13C-4F07-93A2-E14489F5721E}.Release|x64.ActiveCfg = Release|x64
		{BE440BF7-E13C-4F07-93A2-E14489F5721E}.Release|x86.ActiveCfg = Release|x86
		{837C740A-485C-424C-8C38-086ED3DC73CB}.Debug|Any CPU.ActiveCfg = Debug|Any CPU
		{837C740A-485C-424C-8C38-086ED3DC73CB}.Debug|Any CPU.Build.0 = Debug|Any CPU
		{837C740A-485C-424C-8C38-086ED3DC73CB}.Debug|Mixed Platforms.ActiveCfg = Debug|Any CPU
		{837C740A-485C-424C-8C38-086ED3DC73CB}.Debug|Mixed Platforms.Build.0 = Debug|Any CPU
		{837C740A-485C-424C-8C38-086ED3DC73CB}.Debug|x64.ActiveCfg = Debug|Any CPU
		{837C740A-485C-424C-8C38-086ED3DC73CB}.Debug|x86.ActiveCfg = Debug|Any CPU
		{837C740A-485C-424C-8C38-086ED3DC73CB}.Debug|x86.Build.0 = Debug|Any CPU
		{837C740A-485C-424C-8C38-086ED3DC73CB}.Release|Any CPU.ActiveCfg = Release|Any CPU
		{837C740A-485C-424C-8C38-086ED3DC73CB}.Release|Any CPU.Build.0 = Release|Any CPU
		{837C740A-485C-424C-8C38-086ED3DC73CB}.Release|Mixed Platforms.ActiveCfg = Release|Any CPU
		{837C740A-485C-424C-8C38-086ED3DC73CB}.Release|Mixed Platforms.Build.0 = Release|Any CPU
		{837C740A-485C-424C-8C38-086ED3DC73CB}.Release|x64.ActiveCfg = Release|Any CPU
		{837C740A-485C-424C-8C38-086ED3DC73CB}.Release|x86.ActiveCfg = Release|Any CPU
		{C3773330-81FA-4253-823E-1BDE1529AA99}.Debug|Any CPU.ActiveCfg = Debug|Any CPU
		{C3773330-81FA-4253-823E-1BDE1529AA99}.Debug|Any CPU.Build.0 = Debug|Any CPU
		{C3773330-81FA-4253-823E-1BDE1529AA99}.Debug|Mixed Platforms.ActiveCfg = Debug|Any CPU
		{C3773330-81FA-4253-823E-1BDE1529AA99}.Debug|Mixed Platforms.Build.0 = Debug|Any CPU
		{C3773330-81FA-4253-823E-1BDE1529AA99}.Debug|x64.ActiveCfg = Debug|Any CPU
		{C3773330-81FA-4253-823E-1BDE1529AA99}.Debug|x86.ActiveCfg = Debug|Any CPU
		{C3773330-81FA-4253-823E-1BDE1529AA99}.Debug|x86.Build.0 = Debug|Any CPU
		{C3773330-81FA-4253-823E-1BDE1529AA99}.Release|Any CPU.ActiveCfg = Release|Any CPU
		{C3773330-81FA-4253-823E-1BDE1529AA99}.Release|Any CPU.Build.0 = Release|Any CPU
		{C3773330-81FA-4253-823E-1BDE1529AA99}.Release|Mixed Platforms.ActiveCfg = Release|Any CPU
		{C3773330-81FA-4253-823E-1BDE1529AA99}.Release|Mixed Platforms.Build.0 = Release|Any CPU
		{C3773330-81FA-4253-823E-1BDE1529AA99}.Release|x64.ActiveCfg = Release|Any CPU
		{C3773330-81FA-4253-823E-1BDE1529AA99}.Release|x86.ActiveCfg = Release|Any CPU
		{6AD35106-187B-4A3A-A801-E665CD12E020}.Debug|Any CPU.ActiveCfg = Debug|x86
		{6AD35106-187B-4A3A-A801-E665CD12E020}.Debug|Any CPU.Build.0 = Debug|x86
		{6AD35106-187B-4A3A-A801-E665CD12E020}.Debug|Mixed Platforms.ActiveCfg = Debug|x86
		{6AD35106-187B-4A3A-A801-E665CD12E020}.Debug|Mixed Platforms.Build.0 = Debug|x86
		{6AD35106-187B-4A3A-A801-E665CD12E020}.Debug|x64.ActiveCfg = Debug|x86
		{6AD35106-187B-4A3A-A801-E665CD12E020}.Debug|x86.ActiveCfg = Debug|x86
		{6AD35106-187B-4A3A-A801-E665CD12E020}.Debug|x86.Build.0 = Debug|x86
		{6AD35106-187B-4A3A-A801-E665CD12E020}.Release|Any CPU.ActiveCfg = Release|x86
		{6AD35106-187B-4A3A-A801-E665CD12E020}.Release|Mixed Platforms.ActiveCfg = Release|x86
		{6AD35106-187B-4A3A-A801-E665CD12E020}.Release|Mixed Platforms.Build.0 = Release|x86
		{6AD35106-187B-4A3A-A801-E665CD12E020}.Release|x64.ActiveCfg = Release|x86
		{6AD35106-187B-4A3A-A801-E665CD12E020}.Release|x86.ActiveCfg = Release|x86
		{6AD35106-187B-4A3A-A801-E665CD12E020}.Release|x86.Build.0 = Release|x86
		{F9A754A6-EEA5-4761-9446-C2AAF9CF8B31}.Debug|Any CPU.ActiveCfg = Debug|x86
		{F9A754A6-EEA5-4761-9446-C2AAF9CF8B31}.Debug|Mixed Platforms.ActiveCfg = Debug|x86
		{F9A754A6-EEA5-4761-9446-C2AAF9CF8B31}.Debug|Mixed Platforms.Build.0 = Debug|x86
		{F9A754A6-EEA5-4761-9446-C2AAF9CF8B31}.Debug|x64.ActiveCfg = Debug|x86
		{F9A754A6-EEA5-4761-9446-C2AAF9CF8B31}.Debug|x86.ActiveCfg = Debug|x86
		{F9A754A6-EEA5-4761-9446-C2AAF9CF8B31}.Debug|x86.Build.0 = Debug|x86
		{F9A754A6-EEA5-4761-9446-C2AAF9CF8B31}.Release|Any CPU.ActiveCfg = Release|x86
		{F9A754A6-EEA5-4761-9446-C2AAF9CF8B31}.Release|Mixed Platforms.ActiveCfg = Release|x86
		{F9A754A6-EEA5-4761-9446-C2AAF9CF8B31}.Release|Mixed Platforms.Build.0 = Release|x86
		{F9A754A6-EEA5-4761-9446-C2AAF9CF8B31}.Release|x64.ActiveCfg = Release|x86
		{F9A754A6-EEA5-4761-9446-C2AAF9CF8B31}.Release|x86.ActiveCfg = Release|x86
		{F9A754A6-EEA5-4761-9446-C2AAF9CF8B31}.Release|x86.Build.0 = Release|x86
		{87863121-C124-4585-B3BB-7706F03ECC64}.Debug|Any CPU.ActiveCfg = Debug|x86
		{87863121-C124-4585-B3BB-7706F03ECC64}.Debug|Mixed Platforms.ActiveCfg = Debug|x86
		{87863121-C124-4585-B3BB-7706F03ECC64}.Debug|Mixed Platforms.Build.0 = Debug|x86
		{87863121-C124-4585-B3BB-7706F03ECC64}.Debug|x64.ActiveCfg = Debug|x86
		{87863121-C124-4585-B3BB-7706F03ECC64}.Debug|x86.ActiveCfg = Debug|x86
		{87863121-C124-4585-B3BB-7706F03ECC64}.Debug|x86.Build.0 = Debug|x86
		{87863121-C124-4585-B3BB-7706F03ECC64}.Release|Any CPU.ActiveCfg = Release|x86
		{87863121-C124-4585-B3BB-7706F03ECC64}.Release|Mixed Platforms.ActiveCfg = Release|x86
		{87863121-C124-4585-B3BB-7706F03ECC64}.Release|Mixed Platforms.Build.0 = Release|x86
		{87863121-C124-4585-B3BB-7706F03ECC64}.Release|x64.ActiveCfg = Release|x86
		{87863121-C124-4585-B3BB-7706F03ECC64}.Release|x86.ActiveCfg = Release|x86
		{87863121-C124-4585-B3BB-7706F03ECC64}.Release|x86.Build.0 = Release|x86
		{FD8BEFD2-BDB2-4CB9-A552-DB955A5E28FD}.Debug|Any CPU.ActiveCfg = Debug|Any CPU
		{FD8BEFD2-BDB2-4CB9-A552-DB955A5E28FD}.Debug|Any CPU.Build.0 = Debug|Any CPU
		{FD8BEFD2-BDB2-4CB9-A552-DB955A5E28FD}.Debug|Mixed Platforms.ActiveCfg = Debug|Any CPU
		{FD8BEFD2-BDB2-4CB9-A552-DB955A5E28FD}.Debug|Mixed Platforms.Build.0 = Debug|Any CPU
		{FD8BEFD2-BDB2-4CB9-A552-DB955A5E28FD}.Debug|x64.ActiveCfg = Debug|Any CPU
		{FD8BEFD2-BDB2-4CB9-A552-DB955A5E28FD}.Debug|x86.ActiveCfg = Debug|Any CPU
		{FD8BEFD2-BDB2-4CB9-A552-DB955A5E28FD}.Release|Any CPU.ActiveCfg = Release|Any CPU
		{FD8BEFD2-BDB2-4CB9-A552-DB955A5E28FD}.Release|Any CPU.Build.0 = Release|Any CPU
		{FD8BEFD2-BDB2-4CB9-A552-DB955A5E28FD}.Release|Mixed Platforms.ActiveCfg = Release|Any CPU
		{FD8BEFD2-BDB2-4CB9-A552-DB955A5E28FD}.Release|Mixed Platforms.Build.0 = Release|Any CPU
		{FD8BEFD2-BDB2-4CB9-A552-DB955A5E28FD}.Release|x64.ActiveCfg = Release|Any CPU
		{FD8BEFD2-BDB2-4CB9-A552-DB955A5E28FD}.Release|x86.ActiveCfg = Release|Any CPU
	EndGlobalSection
	GlobalSection(SolutionProperties) = preSolution
		HideSolutionNode = FALSE
	EndGlobalSection
	GlobalSection(NestedProjects) = preSolution
		{BE8F0188-A22A-4ED6-B94D-963F37F114AD} = {B895AD84-08DC-42D2-9EDA-484C647B7CDD}
		{83F95A54-2686-49CB-A00A-0B5E066F79D8} = {B895AD84-08DC-42D2-9EDA-484C647B7CDD}
		{304E1C6A-585F-4748-8E3B-33558E35B0D4} = {83F95A54-2686-49CB-A00A-0B5E066F79D8}
		{98936436-EA28-437E-A2A4-CC7CAA532658} = {83F95A54-2686-49CB-A00A-0B5E066F79D8}
		{F787A220-CFB5-4685-B25F-B0BC4714DED6} = {668A6F74-4472-4E3A-A796-FB52F91D9D3A}
		{BE440BF7-E13C-4F07-93A2-E14489F5721E} = {668A6F74-4472-4E3A-A796-FB52F91D9D3A}
		{837C740A-485C-424C-8C38-086ED3DC73CB} = {B4DA0F36-25F9-4674-B259-C8CBD516BC80}
		{C3773330-81FA-4253-823E-1BDE1529AA99} = {B4DA0F36-25F9-4674-B259-C8CBD516BC80}
	EndGlobalSection
	GlobalSection(MonoDevelopProperties) = preSolution
		StartupItem = Lang\Runtime\Runtime-11.csproj
	EndGlobalSection
EndGlobal
