
Microsoft Visual Studio Solution File, Format Version 10.00
# Visual Studio 2008
# SharpDevelop 3.2.0.5505
Project("{2150E333-8FDC-42A3-9474-1A3956D46DE8}") = "Core", "Core", "{98E60950-CC7A-4626-BFFB-0F2FFB404C46}"
	ProjectSection(SolutionItems) = postProject
	EndProjectSection
EndProject
Project("{FAE04EC0-301F-11D3-BF4B-00C04F79EFBC}") = "Core", "..\..\..\vvvv50\src\Core\Core.csproj", "{6AD35106-187B-4A3A-A801-E665CD12E020}"
EndProject
Project("{FAE04EC0-301F-11D3-BF4B-00C04F79EFBC}") = "Utils", "..\..\..\vvvv40_DynamicNodes\src.net\_Utils\Utils.csproj", "{C3773330-81FA-4253-823E-1BDE1529AA99}"
EndProject
Project("{2150E333-8FDC-42A3-9474-1A3956D46DE8}") = "HDE", "HDE", "{CED3BBC0-D4DE-4824-94B3-1BCED14D0678}"
	ProjectSection(SolutionItems) = postProject
	EndProjectSection
EndProject
Project("{2150E333-8FDC-42A3-9474-1A3956D46DE8}") = "Viewer", "Viewer", "{A8F9955C-7738-4DDF-938F-3FFF7417543A}"
	ProjectSection(SolutionItems) = postProject
	EndProjectSection
EndProject
Project("{FAE04EC0-301F-11D3-BF4B-00C04F79EFBC}") = "WinFormsViewer", "..\..\..\vvvv50\src\HDE\Viewer\WinFormsViewer\WinFormsViewer.csproj", "{98936436-EA28-437E-A2A4-CC7CAA532658}"
EndProject
Project("{FAE04EC0-301F-11D3-BF4B-00C04F79EFBC}") = "CodeEditor", "CodeEditor.csproj", "{A63D2EA4-D87C-459B-B57F-19A76A7ADAF0}"
EndProject
Project("{FAE04EC0-301F-11D3-BF4B-00C04F79EFBC}") = "ICSharpCode.SharpDevelop.Dom", "..\..\..\SharpDevelop30\src\Main\ICSharpCode.SharpDevelop.Dom\Project\ICSharpCode.SharpDevelop.Dom.csproj", "{924EE450-603D-49C1-A8E5-4AFAA31CE6F3}"
EndProject
Project("{FAE04EC0-301F-11D3-BF4B-00C04F79EFBC}") = "NRefactory", "..\..\..\SharpDevelop30\src\Libraries\NRefactory\Project\NRefactory.csproj", "{3A9AE6AA-BC07-4A2F-972C-581E3AE2F195}"
EndProject
Project("{FAE04EC0-301F-11D3-BF4B-00C04F79EFBC}") = "WinFormsViewer", "..\..\..\vvvv50\src\HDE\Viewer\WinFormsViewer\WinFormsViewer.csproj", "251C2D1F-BCC4-429B-AD8D-465DFF9E7F85"
EndProject
Project("{FAE04EC0-301F-11D3-BF4B-00C04F79EFBC}") = "ICSharpCode.TextEditor", "..\..\..\..\SharpDevelop30\src\Libraries\ICSharpCode.TextEditor\Project\ICSharpCode.TextEditor.csproj", "{2D18BE89-D210-49EB-A9DD-2246FBB3DF6D}"
EndProject
Global
	GlobalSection(SolutionConfigurationPlatforms) = preSolution
		Debug|Any CPU = Debug|Any CPU
		Release|Any CPU = Release|Any CPU
		Debug|x86 = Debug|x86
		Release|x86 = Release|x86
	EndGlobalSection
	GlobalSection(ProjectConfigurationPlatforms) = postSolution
		{A63D2EA4-D87C-459B-B57F-19A76A7ADAF0}.Debug|Any CPU.Build.0 = Debug|Any CPU
		{A63D2EA4-D87C-459B-B57F-19A76A7ADAF0}.Debug|Any CPU.ActiveCfg = Debug|Any CPU
		{A63D2EA4-D87C-459B-B57F-19A76A7ADAF0}.Release|Any CPU.Build.0 = Release|Any CPU
		{A63D2EA4-D87C-459B-B57F-19A76A7ADAF0}.Release|Any CPU.ActiveCfg = Release|Any CPU
		{A63D2EA4-D87C-459B-B57F-19A76A7ADAF0}.Debug|x86.Build.0 = Debug|x86
		{A63D2EA4-D87C-459B-B57F-19A76A7ADAF0}.Debug|x86.ActiveCfg = Debug|x86
		{A63D2EA4-D87C-459B-B57F-19A76A7ADAF0}.Release|x86.Build.0 = Release|x86
		{A63D2EA4-D87C-459B-B57F-19A76A7ADAF0}.Release|x86.ActiveCfg = Release|x86
		{6AD35106-187B-4A3A-A801-E665CD12E020}.Debug|Any CPU.Build.0 = Debug|x86
		{6AD35106-187B-4A3A-A801-E665CD12E020}.Debug|Any CPU.ActiveCfg = Debug|x86
		{6AD35106-187B-4A3A-A801-E665CD12E020}.Debug|x86.Build.0 = Debug|x86
		{6AD35106-187B-4A3A-A801-E665CD12E020}.Debug|x86.ActiveCfg = Debug|x86
		{6AD35106-187B-4A3A-A801-E665CD12E020}.Release|Any CPU.Build.0 = Release|x86
		{6AD35106-187B-4A3A-A801-E665CD12E020}.Release|Any CPU.ActiveCfg = Release|x86
		{6AD35106-187B-4A3A-A801-E665CD12E020}.Release|x86.Build.0 = Release|x86
		{6AD35106-187B-4A3A-A801-E665CD12E020}.Release|x86.ActiveCfg = Release|x86
		{C3773330-81FA-4253-823E-1BDE1529AA99}.Debug|Any CPU.Build.0 = Debug|Any CPU
		{C3773330-81FA-4253-823E-1BDE1529AA99}.Debug|Any CPU.ActiveCfg = Debug|Any CPU
		{C3773330-81FA-4253-823E-1BDE1529AA99}.Debug|x86.Build.0 = Debug|Any CPU
		{C3773330-81FA-4253-823E-1BDE1529AA99}.Debug|x86.ActiveCfg = Debug|Any CPU
		{C3773330-81FA-4253-823E-1BDE1529AA99}.Release|Any CPU.Build.0 = Release|Any CPU
		{C3773330-81FA-4253-823E-1BDE1529AA99}.Release|Any CPU.ActiveCfg = Release|Any CPU
		{C3773330-81FA-4253-823E-1BDE1529AA99}.Release|x86.Build.0 = Release|Any CPU
		{C3773330-81FA-4253-823E-1BDE1529AA99}.Release|x86.ActiveCfg = Release|Any CPU
		{98936436-EA28-437E-A2A4-CC7CAA532658}.Debug|Any CPU.Build.0 = Debug|x86
		{98936436-EA28-437E-A2A4-CC7CAA532658}.Debug|Any CPU.ActiveCfg = Debug|x86
		{98936436-EA28-437E-A2A4-CC7CAA532658}.Debug|x86.Build.0 = Debug|x86
		{98936436-EA28-437E-A2A4-CC7CAA532658}.Debug|x86.ActiveCfg = Debug|x86
		{98936436-EA28-437E-A2A4-CC7CAA532658}.Release|Any CPU.Build.0 = Release|x64
		{98936436-EA28-437E-A2A4-CC7CAA532658}.Release|Any CPU.ActiveCfg = Release|x64
		{98936436-EA28-437E-A2A4-CC7CAA532658}.Release|x86.Build.0 = Release|x86
		{98936436-EA28-437E-A2A4-CC7CAA532658}.Release|x86.ActiveCfg = Release|x86
		{924EE450-603D-49C1-A8E5-4AFAA31CE6F3}.Debug|Any CPU.Build.0 = Debug|Any CPU
		{924EE450-603D-49C1-A8E5-4AFAA31CE6F3}.Debug|Any CPU.ActiveCfg = Debug|Any CPU
		{924EE450-603D-49C1-A8E5-4AFAA31CE6F3}.Debug|x86.Build.0 = Debug|Any CPU
		{924EE450-603D-49C1-A8E5-4AFAA31CE6F3}.Debug|x86.ActiveCfg = Debug|Any CPU
		{924EE450-603D-49C1-A8E5-4AFAA31CE6F3}.Release|Any CPU.Build.0 = Release|Any CPU
		{924EE450-603D-49C1-A8E5-4AFAA31CE6F3}.Release|Any CPU.ActiveCfg = Release|Any CPU
		{924EE450-603D-49C1-A8E5-4AFAA31CE6F3}.Release|x86.Build.0 = Release|Any CPU
		{924EE450-603D-49C1-A8E5-4AFAA31CE6F3}.Release|x86.ActiveCfg = Release|Any CPU
		{3A9AE6AA-BC07-4A2F-972C-581E3AE2F195}.Debug|Any CPU.Build.0 = Debug|Any CPU
		{3A9AE6AA-BC07-4A2F-972C-581E3AE2F195}.Debug|Any CPU.ActiveCfg = Debug|Any CPU
		{3A9AE6AA-BC07-4A2F-972C-581E3AE2F195}.Debug|x86.Build.0 = Debug|Any CPU
		{3A9AE6AA-BC07-4A2F-972C-581E3AE2F195}.Debug|x86.ActiveCfg = Debug|Any CPU
		{3A9AE6AA-BC07-4A2F-972C-581E3AE2F195}.Release|Any CPU.Build.0 = Release|Any CPU
		{3A9AE6AA-BC07-4A2F-972C-581E3AE2F195}.Release|Any CPU.ActiveCfg = Release|Any CPU
		{3A9AE6AA-BC07-4A2F-972C-581E3AE2F195}.Release|x86.Build.0 = Release|Any CPU
		{3A9AE6AA-BC07-4A2F-972C-581E3AE2F195}.Release|x86.ActiveCfg = Release|Any CPU
		251C2D1F-BCC4-429B-AD8D-465DFF9E7F85.Debug|Any CPU.Build.0 = Debug|x64
		251C2D1F-BCC4-429B-AD8D-465DFF9E7F85.Debug|Any CPU.ActiveCfg = Debug|x64
		251C2D1F-BCC4-429B-AD8D-465DFF9E7F85.Debug|x86.Build.0 = Debug|x86
		251C2D1F-BCC4-429B-AD8D-465DFF9E7F85.Debug|x86.ActiveCfg = Debug|x86
		251C2D1F-BCC4-429B-AD8D-465DFF9E7F85.Release|Any CPU.Build.0 = Release|x64
		251C2D1F-BCC4-429B-AD8D-465DFF9E7F85.Release|Any CPU.ActiveCfg = Release|x64
		251C2D1F-BCC4-429B-AD8D-465DFF9E7F85.Release|x86.Build.0 = Release|x86
		251C2D1F-BCC4-429B-AD8D-465DFF9E7F85.Release|x86.ActiveCfg = Release|x86
		{2D18BE89-D210-49EB-A9DD-2246FBB3DF6D}.Debug|Any CPU.Build.0 = Debug|Any CPU
		{2D18BE89-D210-49EB-A9DD-2246FBB3DF6D}.Debug|Any CPU.ActiveCfg = Debug|Any CPU
		{2D18BE89-D210-49EB-A9DD-2246FBB3DF6D}.Debug|x86.Build.0 = Debug|Any CPU
		{2D18BE89-D210-49EB-A9DD-2246FBB3DF6D}.Debug|x86.ActiveCfg = Debug|Any CPU
		{2D18BE89-D210-49EB-A9DD-2246FBB3DF6D}.Release|Any CPU.Build.0 = Release|Any CPU
		{2D18BE89-D210-49EB-A9DD-2246FBB3DF6D}.Release|Any CPU.ActiveCfg = Release|Any CPU
		{2D18BE89-D210-49EB-A9DD-2246FBB3DF6D}.Release|x86.Build.0 = Release|Any CPU
		{2D18BE89-D210-49EB-A9DD-2246FBB3DF6D}.Release|x86.ActiveCfg = Release|Any CPU
	EndGlobalSection
	GlobalSection(NestedProjects) = preSolution
		{C3773330-81FA-4253-823E-1BDE1529AA99} = {98E60950-CC7A-4626-BFFB-0F2FFB404C46}
		{6AD35106-187B-4A3A-A801-E665CD12E020} = {98E60950-CC7A-4626-BFFB-0F2FFB404C46}
		{A8F9955C-7738-4DDF-938F-3FFF7417543A} = {CED3BBC0-D4DE-4824-94B3-1BCED14D0678}
		{98936436-EA28-437E-A2A4-CC7CAA532658} = {A8F9955C-7738-4DDF-938F-3FFF7417543A}
	EndGlobalSection
EndGlobal
