
Microsoft Visual Studio Solution File, Format Version 11.00
# Visual Studio 2010
# SharpDevelop 4.1.0.8000
Project("{FAE04EC0-301F-11D3-BF4B-00C04F79EFBC}") = "AdvExpr", "AdvExpr.csproj", "{26F25509-8B78-45F0-BE49-1046883B50AC}"
EndProject
Project("{FAE04EC0-301F-11D3-BF4B-00C04F79EFBC}") = "PluginInterfaces", "..\..\..\..\core\PluginInterfaces\PluginInterfaces.csproj", "{837C740A-485C-424C-8C38-086ED3DC73CB}"
EndProject
Project("{FAE04EC0-301F-11D3-BF4B-00C04F79EFBC}") = "Utils", "..\..\..\..\core\Utils\Utils.csproj", "{C3773330-81FA-4253-823E-1BDE1529AA99}"
EndProject
Global
	GlobalSection(SolutionConfigurationPlatforms) = preSolution
		Debug|Any CPU = Debug|Any CPU
		Release|Any CPU = Release|Any CPU
	EndGlobalSection
	GlobalSection(ProjectConfigurationPlatforms) = postSolution
		{26F25509-8B78-45F0-BE49-1046883B50AC}.Debug|Any CPU.ActiveCfg = Debug|Any CPU
		{26F25509-8B78-45F0-BE49-1046883B50AC}.Debug|Any CPU.Build.0 = Debug|Any CPU
		{26F25509-8B78-45F0-BE49-1046883B50AC}.Release|Any CPU.ActiveCfg = Release|Any CPU
		{26F25509-8B78-45F0-BE49-1046883B50AC}.Release|Any CPU.Build.0 = Release|Any CPU
		{837C740A-485C-424C-8C38-086ED3DC73CB}.Debug|Any CPU.Build.0 = Debug|Any CPU
		{837C740A-485C-424C-8C38-086ED3DC73CB}.Debug|Any CPU.ActiveCfg = Debug|Any CPU
		{837C740A-485C-424C-8C38-086ED3DC73CB}.Release|Any CPU.Build.0 = Release|Any CPU
		{837C740A-485C-424C-8C38-086ED3DC73CB}.Release|Any CPU.ActiveCfg = Release|Any CPU
		{C3773330-81FA-4253-823E-1BDE1529AA99}.Debug|Any CPU.Build.0 = Debug|Any CPU
		{C3773330-81FA-4253-823E-1BDE1529AA99}.Debug|Any CPU.ActiveCfg = Debug|Any CPU
		{C3773330-81FA-4253-823E-1BDE1529AA99}.Release|Any CPU.Build.0 = Release|Any CPU
		{C3773330-81FA-4253-823E-1BDE1529AA99}.Release|Any CPU.ActiveCfg = Release|Any CPU
	EndGlobalSection
	GlobalSection(SolutionProperties) = preSolution
		HideSolutionNode = FALSE
	EndGlobalSection
EndGlobal
