
Microsoft Visual Studio Solution File, Format Version 9.00
# Visual Studio 2005
Project("{8BC9CEB8-8B4A-11D0-8D11-00A0C91BC942}") = "CVStructuralAnalysis", "CVStructuralAnalysis.vcproj", "{4BB33B2E-0F93-44B7-AE57-E01781E4746F}"
EndProject
Project("{FAE04EC0-301F-11D3-BF4B-00C04F79EFBC}") = "Utils", "..\..\_Utils\Utils.csproj", "{C3773330-81FA-4253-823E-1BDE1529AA99}"
EndProject
Project("{FAE04EC0-301F-11D3-BF4B-00C04F79EFBC}") = "PluginInterfaces", "..\..\_PluginInterfaces\PluginInterfaces.csproj", "{837C740A-485C-424C-8C38-086ED3DC73CB}"
EndProject
Global
	GlobalSection(SolutionConfigurationPlatforms) = preSolution
		Debug|Any CPU = Debug|Any CPU
		Debug|Mixed Platforms = Debug|Mixed Platforms
		Debug|Win32 = Debug|Win32
		Release|Any CPU = Release|Any CPU
		Release|Mixed Platforms = Release|Mixed Platforms
		Release|Win32 = Release|Win32
		Testing|Any CPU = Testing|Any CPU
		Testing|Mixed Platforms = Testing|Mixed Platforms
		Testing|Win32 = Testing|Win32
		vvvv_debug|Any CPU = vvvv_debug|Any CPU
		vvvv_debug|Mixed Platforms = vvvv_debug|Mixed Platforms
		vvvv_debug|Win32 = vvvv_debug|Win32
	EndGlobalSection
	GlobalSection(ProjectConfigurationPlatforms) = postSolution
		{4BB33B2E-0F93-44B7-AE57-E01781E4746F}.Debug|Any CPU.ActiveCfg = Debug|Win32
		{4BB33B2E-0F93-44B7-AE57-E01781E4746F}.Debug|Mixed Platforms.ActiveCfg = Debug|Win32
		{4BB33B2E-0F93-44B7-AE57-E01781E4746F}.Debug|Mixed Platforms.Build.0 = Debug|Win32
		{4BB33B2E-0F93-44B7-AE57-E01781E4746F}.Debug|Win32.ActiveCfg = Debug|Win32
		{4BB33B2E-0F93-44B7-AE57-E01781E4746F}.Debug|Win32.Build.0 = Debug|Win32
		{4BB33B2E-0F93-44B7-AE57-E01781E4746F}.Release|Any CPU.ActiveCfg = Release|Win32
		{4BB33B2E-0F93-44B7-AE57-E01781E4746F}.Release|Mixed Platforms.ActiveCfg = Release|Win32
		{4BB33B2E-0F93-44B7-AE57-E01781E4746F}.Release|Mixed Platforms.Build.0 = Release|Win32
		{4BB33B2E-0F93-44B7-AE57-E01781E4746F}.Release|Win32.ActiveCfg = Release|Win32
		{4BB33B2E-0F93-44B7-AE57-E01781E4746F}.Release|Win32.Build.0 = Release|Win32
		{4BB33B2E-0F93-44B7-AE57-E01781E4746F}.Testing|Any CPU.ActiveCfg = Release|Win32
		{4BB33B2E-0F93-44B7-AE57-E01781E4746F}.Testing|Mixed Platforms.ActiveCfg = Release|Win32
		{4BB33B2E-0F93-44B7-AE57-E01781E4746F}.Testing|Mixed Platforms.Build.0 = Release|Win32
		{4BB33B2E-0F93-44B7-AE57-E01781E4746F}.Testing|Win32.ActiveCfg = Release|Win32
		{4BB33B2E-0F93-44B7-AE57-E01781E4746F}.Testing|Win32.Build.0 = Release|Win32
		{4BB33B2E-0F93-44B7-AE57-E01781E4746F}.vvvv_debug|Any CPU.ActiveCfg = Release|Win32
		{4BB33B2E-0F93-44B7-AE57-E01781E4746F}.vvvv_debug|Mixed Platforms.ActiveCfg = Release|Win32
		{4BB33B2E-0F93-44B7-AE57-E01781E4746F}.vvvv_debug|Mixed Platforms.Build.0 = Release|Win32
		{4BB33B2E-0F93-44B7-AE57-E01781E4746F}.vvvv_debug|Win32.ActiveCfg = Release|Win32
		{4BB33B2E-0F93-44B7-AE57-E01781E4746F}.vvvv_debug|Win32.Build.0 = Release|Win32
		{C3773330-81FA-4253-823E-1BDE1529AA99}.Debug|Any CPU.ActiveCfg = Debug|Any CPU
		{C3773330-81FA-4253-823E-1BDE1529AA99}.Debug|Any CPU.Build.0 = Debug|Any CPU
		{C3773330-81FA-4253-823E-1BDE1529AA99}.Debug|Mixed Platforms.ActiveCfg = Debug|Any CPU
		{C3773330-81FA-4253-823E-1BDE1529AA99}.Debug|Mixed Platforms.Build.0 = Debug|Any CPU
		{C3773330-81FA-4253-823E-1BDE1529AA99}.Debug|Win32.ActiveCfg = Debug|Any CPU
		{C3773330-81FA-4253-823E-1BDE1529AA99}.Release|Any CPU.ActiveCfg = Release|Any CPU
		{C3773330-81FA-4253-823E-1BDE1529AA99}.Release|Any CPU.Build.0 = Release|Any CPU
		{C3773330-81FA-4253-823E-1BDE1529AA99}.Release|Mixed Platforms.ActiveCfg = Release|Any CPU
		{C3773330-81FA-4253-823E-1BDE1529AA99}.Release|Mixed Platforms.Build.0 = Release|Any CPU
		{C3773330-81FA-4253-823E-1BDE1529AA99}.Release|Win32.ActiveCfg = Release|Any CPU
		{C3773330-81FA-4253-823E-1BDE1529AA99}.Testing|Any CPU.ActiveCfg = Release|Any CPU
		{C3773330-81FA-4253-823E-1BDE1529AA99}.Testing|Any CPU.Build.0 = Release|Any CPU
		{C3773330-81FA-4253-823E-1BDE1529AA99}.Testing|Mixed Platforms.ActiveCfg = Release|Any CPU
		{C3773330-81FA-4253-823E-1BDE1529AA99}.Testing|Mixed Platforms.Build.0 = Release|Any CPU
		{C3773330-81FA-4253-823E-1BDE1529AA99}.Testing|Win32.ActiveCfg = Release|Any CPU
		{C3773330-81FA-4253-823E-1BDE1529AA99}.vvvv_debug|Any CPU.ActiveCfg = Release|Any CPU
		{C3773330-81FA-4253-823E-1BDE1529AA99}.vvvv_debug|Any CPU.Build.0 = Release|Any CPU
		{C3773330-81FA-4253-823E-1BDE1529AA99}.vvvv_debug|Mixed Platforms.ActiveCfg = Release|Any CPU
		{C3773330-81FA-4253-823E-1BDE1529AA99}.vvvv_debug|Mixed Platforms.Build.0 = Release|Any CPU
		{C3773330-81FA-4253-823E-1BDE1529AA99}.vvvv_debug|Win32.ActiveCfg = Release|Any CPU
		{837C740A-485C-424C-8C38-086ED3DC73CB}.Debug|Any CPU.ActiveCfg = Debug|Any CPU
		{837C740A-485C-424C-8C38-086ED3DC73CB}.Debug|Any CPU.Build.0 = Debug|Any CPU
		{837C740A-485C-424C-8C38-086ED3DC73CB}.Debug|Mixed Platforms.ActiveCfg = Debug|Any CPU
		{837C740A-485C-424C-8C38-086ED3DC73CB}.Debug|Mixed Platforms.Build.0 = Debug|Any CPU
		{837C740A-485C-424C-8C38-086ED3DC73CB}.Debug|Win32.ActiveCfg = Debug|Any CPU
		{837C740A-485C-424C-8C38-086ED3DC73CB}.Release|Any CPU.ActiveCfg = Release|Any CPU
		{837C740A-485C-424C-8C38-086ED3DC73CB}.Release|Any CPU.Build.0 = Release|Any CPU
		{837C740A-485C-424C-8C38-086ED3DC73CB}.Release|Mixed Platforms.ActiveCfg = Release|Any CPU
		{837C740A-485C-424C-8C38-086ED3DC73CB}.Release|Mixed Platforms.Build.0 = Release|Any CPU
		{837C740A-485C-424C-8C38-086ED3DC73CB}.Release|Win32.ActiveCfg = Release|Any CPU
		{837C740A-485C-424C-8C38-086ED3DC73CB}.Testing|Any CPU.ActiveCfg = Testing|Any CPU
		{837C740A-485C-424C-8C38-086ED3DC73CB}.Testing|Any CPU.Build.0 = Testing|Any CPU
		{837C740A-485C-424C-8C38-086ED3DC73CB}.Testing|Mixed Platforms.ActiveCfg = Testing|Any CPU
		{837C740A-485C-424C-8C38-086ED3DC73CB}.Testing|Mixed Platforms.Build.0 = Testing|Any CPU
		{837C740A-485C-424C-8C38-086ED3DC73CB}.Testing|Win32.ActiveCfg = Testing|Any CPU
		{837C740A-485C-424C-8C38-086ED3DC73CB}.vvvv_debug|Any CPU.ActiveCfg = vvvv_debug|Any CPU
		{837C740A-485C-424C-8C38-086ED3DC73CB}.vvvv_debug|Any CPU.Build.0 = vvvv_debug|Any CPU
		{837C740A-485C-424C-8C38-086ED3DC73CB}.vvvv_debug|Mixed Platforms.ActiveCfg = vvvv_debug|Any CPU
		{837C740A-485C-424C-8C38-086ED3DC73CB}.vvvv_debug|Mixed Platforms.Build.0 = vvvv_debug|Any CPU
		{837C740A-485C-424C-8C38-086ED3DC73CB}.vvvv_debug|Win32.ActiveCfg = vvvv_debug|Any CPU
	EndGlobalSection
	GlobalSection(SolutionProperties) = preSolution
		HideSolutionNode = FALSE
	EndGlobalSection
EndGlobal
