<?xml version="1.0" encoding="UTF-8" standalone="yes" ?>
<CodeBlocks_project_file>
	<FileVersion major="1" minor="6" />
	<Project>
		<Option title="CamShiftTracker" />
		<Option pch_mode="2" />
		<Option compiler="gcc" />
		<Build>
			<Target title="Release">
				<Option output="..\..\..\..\lib\nodes\freeframes\CamShiftTracker" prefix_auto="1" extension_auto="1" />
				<Option type="3" />
				<Option compiler="gcc" />
				<Option host_application="C:\Users\joreg\dev\github\vvvv\public\vvvv45\vvvv.exe" />
				<Option createStaticLib="1" />
				<Compiler>
					<Add option="-fexpensive-optimizations" />
					<Add option="-Os" />
					<Add option="-O3" />
					<Add option="-O2" />
					<Add option="-O1" />
					<Add option="-O" />
				</Compiler>
				<Linker>
					<Add option="-s" />
				</Linker>
			</Target>
			<Target title="Debug">
				<Option output="..\..\..\..\lib\nodes\freeframes\CamShiftTracker" prefix_auto="1" extension_auto="1" />
				<Option type="3" />
				<Option compiler="gcc" />
				<Option host_application="C:\Users\joreg\dev\github\vvvv\public\vvvv45\vvvv.exe" />
				<Option createStaticLib="1" />
				<Compiler>
					<Add option="-Wall" />
					<Add option="-g" />
					<Add option="-DWIN32 -DNDEBUG -D_WINDOWS -D_MBCS -D_USRDLL" />
				</Compiler>
			</Target>
		</Build>
		<Compiler>
			<Add option="-D__GNUWIN32__" />
			<Add directory="$(OpenCV)\include" />
		</Compiler>
		<Linker>
			<Add option="--input-def FreeFrame.def" />
			<Add library="$(OpenCV)\lib\libopencv_core241.dll.a" />
			<Add library="$(OpenCV)\lib\libopencv_imgproc241.dll.a" />
			<Add library="$(OpenCV)\lib\libopencv_highgui241.dll.a" />
			<Add library="$(OpenCV)\lib\libopencv_video241.dll.a" />
		</Linker>
		<Unit filename="AdditionalFuncs.cpp" />
		<Unit filename="CamShiftTracker.cpp" />
		<Unit filename="CamShiftTracker.h" />
		<Unit filename="FreeFrame.cpp" />
		<Unit filename="FreeFrame.h" />
		<Unit filename="cvcamshift_mod.cpp" />
		<Unit filename="cvcamshift_mod.h" />
		<Extensions>
			<code_completion />
			<debugger />
		</Extensions>
	</Project>
</CodeBlocks_project_file>
