
Microsoft Visual Studio Solution File, Format Version 9.00
# Visual Studio 2005
# SharpDevelop 2.2.1.2648
Project("{FAE04EC0-301F-11D3-BF4B-00C04F79EFBC}") = "WarpPoints", "WarpPoints.csproj", "{E111E4FD-04B2-40C9-9918-73DA5A19D06B}"
EndProject
Project("{FAE04EC0-301F-11D3-BF4B-00C04F79EFBC}") = "Utils", "..\..\_Utils\Utils.csproj", "{C3773330-81FA-4253-823E-1BDE1529AA99}"
EndProject
Project("{FAE04EC0-301F-11D3-BF4B-00C04F79EFBC}") = "PluginInterfaces", "..\..\_PluginInterfaces\PluginInterfaces.csproj", "{837C740A-485C-424C-8C38-086ED3DC73CB}"
EndProject
Global
	GlobalSection(SolutionConfigurationPlatforms) = preSolution
		Debug|Any CPU = Debug|Any CPU
		Release|Any CPU = Release|Any CPU
	EndGlobalSection
	GlobalSection(ProjectConfigurationPlatforms) = postSolution
		{E111E4FD-04B2-40C9-9918-73DA5A19D06B}.Debug|Any CPU.Build.0 = Debug|Any CPU
		{E111E4FD-04B2-40C9-9918-73DA5A19D06B}.Debug|Any CPU.ActiveCfg = Debug|Any CPU
		{E111E4FD-04B2-40C9-9918-73DA5A19D06B}.Release|Any CPU.Build.0 = Release|Any CPU
		{E111E4FD-04B2-40C9-9918-73DA5A19D06B}.Release|Any CPU.ActiveCfg = Release|Any CPU
		{2D89E443-7726-4E47-9309-F640FB593E2A}.Debug|Any CPU.Build.0 = Debug|Any CPU
		{2D89E443-7726-4E47-9309-F640FB593E2A}.Debug|Any CPU.ActiveCfg = Debug|Any CPU
		{2D89E443-7726-4E47-9309-F640FB593E2A}.Release|Any CPU.Build.0 = Release|Any CPU
		{2D89E443-7726-4E47-9309-F640FB593E2A}.Release|Any CPU.ActiveCfg = Release|Any CPU
		{4047AAAA-52C8-482C-BF51-8B04E9AFEEA5}.Debug|Any CPU.Build.0 = Debug|Any CPU
		{4047AAAA-52C8-482C-BF51-8B04E9AFEEA5}.Debug|Any CPU.ActiveCfg = Debug|Any CPU
		{4047AAAA-52C8-482C-BF51-8B04E9AFEEA5}.Release|Any CPU.Build.0 = Release|Any CPU
		{4047AAAA-52C8-482C-BF51-8B04E9AFEEA5}.Release|Any CPU.ActiveCfg = Release|Any CPU
		D07A5298-338F-40DE-8E33-AF8019A8B943.Debug|Any CPU.Build.0 = Debug|Any CPU
		D07A5298-338F-40DE-8E33-AF8019A8B943.Debug|Any CPU.ActiveCfg = Debug|Any CPU
		D07A5298-338F-40DE-8E33-AF8019A8B943.Release|Any CPU.Build.0 = Release|Any CPU
		D07A5298-338F-40DE-8E33-AF8019A8B943.Release|Any CPU.ActiveCfg = Release|Any CPU
		{C3773330-81FA-4253-823E-1BDE1529AA99}.Debug|Any CPU.Build.0 = Debug|Any CPU
		{C3773330-81FA-4253-823E-1BDE1529AA99}.Debug|Any CPU.ActiveCfg = Debug|Any CPU
		{C3773330-81FA-4253-823E-1BDE1529AA99}.Release|Any CPU.Build.0 = Release|Any CPU
		{C3773330-81FA-4253-823E-1BDE1529AA99}.Release|Any CPU.ActiveCfg = Release|Any CPU
		{837C740A-485C-424C-8C38-086ED3DC73CB}.Debug|Any CPU.Build.0 = Debug|Any CPU
		{837C740A-485C-424C-8C38-086ED3DC73CB}.Debug|Any CPU.ActiveCfg = Debug|Any CPU
		{837C740A-485C-424C-8C38-086ED3DC73CB}.Release|Any CPU.Build.0 = Release|Any CPU
		{837C740A-485C-424C-8C38-086ED3DC73CB}.Release|Any CPU.ActiveCfg = Release|Any CPU
	EndGlobalSection
EndGlobal
