
Microsoft Visual Studio Solution File, Format Version 10.00
# Visual Studio 2008
# SharpDevelop 3.2.0.6425
Project("{FAE04EC0-301F-11D3-BF4B-00C04F79EFBC}") = "LD2000", "LD2000.csproj", "{9DD0DF24-D149-44C1-A051-642F3608328C}"
EndProject
Global
	GlobalSection(SolutionConfigurationPlatforms) = preSolution
		Debug|Any CPU = Debug|Any CPU
		Release|Any CPU = Release|Any CPU
	EndGlobalSection
	GlobalSection(ProjectConfigurationPlatforms) = postSolution
		{9DD0DF24-D149-44C1-A051-642F3608328C}.Debug|Any CPU.Build.0 = Debug|Any CPU
		{9DD0DF24-D149-44C1-A051-642F3608328C}.Debug|Any CPU.ActiveCfg = Debug|Any CPU
		{9DD0DF24-D149-44C1-A051-642F3608328C}.Release|Any CPU.Build.0 = Release|Any CPU
		{9DD0DF24-D149-44C1-A051-642F3608328C}.Release|Any CPU.ActiveCfg = Release|Any CPU
	EndGlobalSection
EndGlobal
