
Microsoft Visual Studio Solution File, Format Version 9.00
# Visual Studio 2005
# SharpDevelop 3.0.0.3800
Project("{FAE04EC0-301F-11D3-BF4B-00C04F79EFBC}") = "PluginInterfaces", "..\..\_PluginInterfaces\PluginInterfaces.csproj", "{837C740A-485C-424C-8C38-086ED3DC73CB}"
EndProject
Project("{FAE04EC0-301F-11D3-BF4B-00C04F79EFBC}") = "Utils", "..\..\_Utils\Utils.csproj", "{C3773330-81FA-4253-823E-1BDE1529AA99}"
EndProject
Project("{FAE04EC0-301F-11D3-BF4B-00C04F79EFBC}") = "Remoter", "Remoter.csproj", "{BE8F0188-A22A-4ED6-B94D-963F37F114AD}"
EndProject
Global
	GlobalSection(SolutionConfigurationPlatforms) = preSolution
		Debug|Any CPU = Debug|Any CPU
		Release|Any CPU = Release|Any CPU
	EndGlobalSection
	GlobalSection(ProjectConfigurationPlatforms) = postSolution
		{837C740A-485C-424C-8C38-086ED3DC73CB}.Debug|Any CPU.Build.0 = Debug|Any CPU
		{837C740A-485C-424C-8C38-086ED3DC73CB}.Debug|Any CPU.ActiveCfg = Debug|Any CPU
		{837C740A-485C-424C-8C38-086ED3DC73CB}.Release|Any CPU.Build.0 = Release|Any CPU
		{837C740A-485C-424C-8C38-086ED3DC73CB}.Release|Any CPU.ActiveCfg = Release|Any CPU
		{C3773330-81FA-4253-823E-1BDE1529AA99}.Debug|Any CPU.Build.0 = Debug|Any CPU
		{C3773330-81FA-4253-823E-1BDE1529AA99}.Debug|Any CPU.ActiveCfg = Debug|Any CPU
		{C3773330-81FA-4253-823E-1BDE1529AA99}.Release|Any CPU.Build.0 = Release|Any CPU
		{C3773330-81FA-4253-823E-1BDE1529AA99}.Release|Any CPU.ActiveCfg = Release|Any CPU
		{BE8F0188-A22A-4ED6-B94D-963F37F114AD}.Debug|Any CPU.Build.0 = Debug|Any CPU
		{BE8F0188-A22A-4ED6-B94D-963F37F114AD}.Debug|Any CPU.ActiveCfg = Debug|Any CPU
		{BE8F0188-A22A-4ED6-B94D-963F37F114AD}.Release|Any CPU.Build.0 = Release|Any CPU
		{BE8F0188-A22A-4ED6-B94D-963F37F114AD}.Release|Any CPU.ActiveCfg = Release|Any CPU
	EndGlobalSection
EndGlobal
