
Microsoft Visual Studio Solution File, Format Version 12.00
# Visual Studio 2013
VisualStudioVersion = 12.0.31101.0
MinimumVisualStudioVersion = 10.0.40219.1
Project("{FAE04EC0-301F-11D3-BF4B-00C04F79EFBC}") = "Factory", "Factory\Factory.csproj", "{388C5153-6408-424D-BC97-A7A15FCA54CE}"
EndProject
Project("{FAE04EC0-301F-11D3-BF4B-00C04F79EFBC}") = "Hosting", "..\..\..\src\core\Hosting\Hosting.csproj", "{F9A754A6-EEA5-4761-9446-C2AAF9CF8B31}"
EndProject
Project("{FAE04EC0-301F-11D3-BF4B-00C04F79EFBC}") = "PluginInterfaces", "..\..\..\src\core\PluginInterfaces\PluginInterfaces.csproj", "{837C740A-485C-424C-8C38-086ED3DC73CB}"
EndProject
Project("{FAE04EC0-301F-11D3-BF4B-00C04F79EFBC}") = "Core", "..\..\..\..\common\src\core\Core\Core.csproj", "{6AD35106-187B-4A3A-A801-E665CD12E020}"
EndProject
Project("{2150E333-8FDC-42A3-9474-1A3956D46DE8}") = "VVVV", "VVVV", "{E014EDA7-2F22-4B90-9C64-E3E10453DDA0}"
EndProject
Project("{2150E333-8FDC-42A3-9474-1A3956D46DE8}") = "VL", "VL", "{4E0A4EF6-97A1-4E3D-B035-20A3A78C5B82}"
EndProject
Project("{FAE04EC0-301F-11D3-BF4B-00C04F79EFBC}") = "Utils", "..\..\..\..\common\src\core\Utils\Utils.csproj", "{C3773330-81FA-4253-823E-1BDE1529AA99}"
EndProject
Project("{FAE04EC0-301F-11D3-BF4B-00C04F79EFBC}") = "Core", "..\..\..\..\..\vvvv50\src\core\Core\Core.csproj", "{A5BDF57B-3AEE-4A2F-977F-079CB5A34B09}"
EndProject
Project("{FAE04EC0-301F-11D3-BF4B-00C04F79EFBC}") = "Lang", "..\..\..\..\..\vvvv50\src\core\Lang\Lang.csproj", "{D223F8DD-81E3-4C67-9930-53411E343F1A}"
EndProject
Project("{FAE04EC0-301F-11D3-BF4B-00C04F79EFBC}") = "Utils", "..\..\..\..\..\vvvv50\src\core\Utils\Utils.csproj", "{F5EF0E52-DA86-4DFC-A003-E7C16315B4ED}"
EndProject
Project("{FAE04EC0-301F-11D3-BF4B-00C04F79EFBC}") = "ReflectionEmitter", "..\..\..\..\..\vvvv50\src\thirdparty\Microsoft.Cci.ReflectionEmitter\ReflectionEmitter.csproj", "{4343021F-2848-4770-A0F5-8C9768F9DA98}"
EndProject
Project("{FAE04EC0-301F-11D3-BF4B-00C04F79EFBC}") = "UtilsIL", "..\..\..\..\common\src\core\UtilsIL\UtilsIL.csproj", "{93CDB07F-0BB6-4891-B793-9C02114A88AE}"
EndProject
Project("{FAE04EC0-301F-11D3-BF4B-00C04F79EFBC}") = "Utils3rdParty", "..\..\..\src\core\Utils3rdParty\Utils3rdParty.csproj", "{87863121-C124-4585-B3BB-7706F03ECC64}"
EndProject
Project("{FAE04EC0-301F-11D3-BF4B-00C04F79EFBC}") = "VL Develop", "..\..\..\..\..\vvvv50\src\applications\HDE\VL Develop.csproj", "{F02F83FB-9D72-4DB4-984D-B717C9D22C5A}"
EndProject
Project("{FAE04EC0-301F-11D3-BF4B-00C04F79EFBC}") = "PiccoloGraphicalEditor", "..\..\..\..\..\vvvv50\src\gui\PiccoloGraphicalEditor\PiccoloGraphicalEditor.csproj", "{304E1C6A-585F-4748-8E3B-33558E35B0D4}"
EndProject
Project("{FAE04EC0-301F-11D3-BF4B-00C04F79EFBC}") = "WinFormsViewer", "..\..\..\..\..\vvvv50\src\gui\WinFormsViewer\WinFormsViewer.csproj", "{98936436-EA28-437E-A2A4-CC7CAA532658}"
EndProject
Project("{2150E333-8FDC-42A3-9474-1A3956D46DE8}") = "core", "core", "{F7E8A7C0-5A5A-4C3B-830D-E115537B2D11}"
EndProject
Project("{2150E333-8FDC-42A3-9474-1A3956D46DE8}") = "ui", "ui", "{022C33A9-E3A1-481A-B43A-DD6441A95CD6}"
EndProject
Project("{2150E333-8FDC-42A3-9474-1A3956D46DE8}") = "thirdparty", "thirdparty", "{32BECC1A-AFDD-489A-A6B5-F5831202AFD6}"
EndProject
Project("{FAE04EC0-301F-11D3-BF4B-00C04F79EFBC}") = "Build", "Build\Build.csproj", "{45E705AA-F1EB-4573-A035-ED86D682C905}"
EndProject
Global
	GlobalSection(SolutionConfigurationPlatforms) = preSolution
		Debug|Any CPU = Debug|Any CPU
		Debug|x64 = Debug|x64
		Debug|x86 = Debug|x86
		Nuget|Any CPU = Nuget|Any CPU
		Nuget|x64 = Nuget|x64
		Nuget|x86 = Nuget|x86
		Release|Any CPU = Release|Any CPU
		Release|x64 = Release|x64
		Release|x86 = Release|x86
	EndGlobalSection
	GlobalSection(ProjectConfigurationPlatforms) = postSolution
		{388C5153-6408-424D-BC97-A7A15FCA54CE}.Debug|Any CPU.ActiveCfg = Debug|Any CPU
		{388C5153-6408-424D-BC97-A7A15FCA54CE}.Debug|Any CPU.Build.0 = Debug|Any CPU
		{388C5153-6408-424D-BC97-A7A15FCA54CE}.Debug|x64.ActiveCfg = Debug|Any CPU
		{388C5153-6408-424D-BC97-A7A15FCA54CE}.Debug|x86.ActiveCfg = Debug|Any CPU
		{388C5153-6408-424D-BC97-A7A15FCA54CE}.Nuget|Any CPU.ActiveCfg = Release|Any CPU
		{388C5153-6408-424D-BC97-A7A15FCA54CE}.Nuget|Any CPU.Build.0 = Release|Any CPU
		{388C5153-6408-424D-BC97-A7A15FCA54CE}.Nuget|x64.ActiveCfg = Release|Any CPU
		{388C5153-6408-424D-BC97-A7A15FCA54CE}.Nuget|x86.ActiveCfg = Release|Any CPU
		{388C5153-6408-424D-BC97-A7A15FCA54CE}.Release|Any CPU.ActiveCfg = Release|Any CPU
		{388C5153-6408-424D-BC97-A7A15FCA54CE}.Release|Any CPU.Build.0 = Release|Any CPU
		{388C5153-6408-424D-BC97-A7A15FCA54CE}.Release|x64.ActiveCfg = Release|Any CPU
		{388C5153-6408-424D-BC97-A7A15FCA54CE}.Release|x86.ActiveCfg = Release|Any CPU
		{F9A754A6-EEA5-4761-9446-C2AAF9CF8B31}.Debug|Any CPU.ActiveCfg = Debug|Any CPU
		{F9A754A6-EEA5-4761-9446-C2AAF9CF8B31}.Debug|Any CPU.Build.0 = Debug|Any CPU
		{F9A754A6-EEA5-4761-9446-C2AAF9CF8B31}.Debug|x64.ActiveCfg = Debug|x64
		{F9A754A6-EEA5-4761-9446-C2AAF9CF8B31}.Debug|x64.Build.0 = Debug|x64
		{F9A754A6-EEA5-4761-9446-C2AAF9CF8B31}.Debug|x86.ActiveCfg = Debug|x86
		{F9A754A6-EEA5-4761-9446-C2AAF9CF8B31}.Debug|x86.Build.0 = Debug|x86
		{F9A754A6-EEA5-4761-9446-C2AAF9CF8B31}.Nuget|Any CPU.ActiveCfg = Nuget|Any CPU
		{F9A754A6-EEA5-4761-9446-C2AAF9CF8B31}.Nuget|Any CPU.Build.0 = Nuget|Any CPU
		{F9A754A6-EEA5-4761-9446-C2AAF9CF8B31}.Nuget|x64.ActiveCfg = Nuget|x64
		{F9A754A6-EEA5-4761-9446-C2AAF9CF8B31}.Nuget|x64.Build.0 = Nuget|x64
		{F9A754A6-EEA5-4761-9446-C2AAF9CF8B31}.Nuget|x86.ActiveCfg = Nuget|x86
		{F9A754A6-EEA5-4761-9446-C2AAF9CF8B31}.Nuget|x86.Build.0 = Nuget|x86
		{F9A754A6-EEA5-4761-9446-C2AAF9CF8B31}.Release|Any CPU.ActiveCfg = Release|Any CPU
		{F9A754A6-EEA5-4761-9446-C2AAF9CF8B31}.Release|Any CPU.Build.0 = Release|Any CPU
		{F9A754A6-EEA5-4761-9446-C2AAF9CF8B31}.Release|x64.ActiveCfg = Release|x64
		{F9A754A6-EEA5-4761-9446-C2AAF9CF8B31}.Release|x64.Build.0 = Release|x64
		{F9A754A6-EEA5-4761-9446-C2AAF9CF8B31}.Release|x86.ActiveCfg = Release|x86
		{F9A754A6-EEA5-4761-9446-C2AAF9CF8B31}.Release|x86.Build.0 = Release|x86
		{837C740A-485C-424C-8C38-086ED3DC73CB}.Debug|Any CPU.ActiveCfg = Debug|Any CPU
		{837C740A-485C-424C-8C38-086ED3DC73CB}.Debug|Any CPU.Build.0 = Debug|Any CPU
		{837C740A-485C-424C-8C38-086ED3DC73CB}.Debug|x64.ActiveCfg = Debug|x64
		{837C740A-485C-424C-8C38-086ED3DC73CB}.Debug|x64.Build.0 = Debug|x64
		{837C740A-485C-424C-8C38-086ED3DC73CB}.Debug|x86.ActiveCfg = Debug|x86
		{837C740A-485C-424C-8C38-086ED3DC73CB}.Debug|x86.Build.0 = Debug|x86
		{837C740A-485C-424C-8C38-086ED3DC73CB}.Nuget|Any CPU.ActiveCfg = Nuget|Any CPU
		{837C740A-485C-424C-8C38-086ED3DC73CB}.Nuget|Any CPU.Build.0 = Nuget|Any CPU
		{837C740A-485C-424C-8C38-086ED3DC73CB}.Nuget|x64.ActiveCfg = Nuget|x64
		{837C740A-485C-424C-8C38-086ED3DC73CB}.Nuget|x64.Build.0 = Nuget|x64
		{837C740A-485C-424C-8C38-086ED3DC73CB}.Nuget|x86.ActiveCfg = Nuget|x86
		{837C740A-485C-424C-8C38-086ED3DC73CB}.Nuget|x86.Build.0 = Nuget|x86
		{837C740A-485C-424C-8C38-086ED3DC73CB}.Release|Any CPU.ActiveCfg = Release|Any CPU
		{837C740A-485C-424C-8C38-086ED3DC73CB}.Release|Any CPU.Build.0 = Release|Any CPU
		{837C740A-485C-424C-8C38-086ED3DC73CB}.Release|x64.ActiveCfg = Release|x64
		{837C740A-485C-424C-8C38-086ED3DC73CB}.Release|x64.Build.0 = Release|x64
		{837C740A-485C-424C-8C38-086ED3DC73CB}.Release|x86.ActiveCfg = Release|x86
		{837C740A-485C-424C-8C38-086ED3DC73CB}.Release|x86.Build.0 = Release|x86
		{6AD35106-187B-4A3A-A801-E665CD12E020}.Debug|Any CPU.ActiveCfg = Debug|Any CPU
		{6AD35106-187B-4A3A-A801-E665CD12E020}.Debug|Any CPU.Build.0 = Debug|Any CPU
		{6AD35106-187B-4A3A-A801-E665CD12E020}.Debug|x64.ActiveCfg = Debug|x64
		{6AD35106-187B-4A3A-A801-E665CD12E020}.Debug|x64.Build.0 = Debug|x64
		{6AD35106-187B-4A3A-A801-E665CD12E020}.Debug|x86.ActiveCfg = Debug|x86
		{6AD35106-187B-4A3A-A801-E665CD12E020}.Debug|x86.Build.0 = Debug|x86
		{6AD35106-187B-4A3A-A801-E665CD12E020}.Nuget|Any CPU.ActiveCfg = Nuget|Any CPU
		{6AD35106-187B-4A3A-A801-E665CD12E020}.Nuget|Any CPU.Build.0 = Nuget|Any CPU
		{6AD35106-187B-4A3A-A801-E665CD12E020}.Nuget|x64.ActiveCfg = Nuget|x64
		{6AD35106-187B-4A3A-A801-E665CD12E020}.Nuget|x64.Build.0 = Nuget|x64
		{6AD35106-187B-4A3A-A801-E665CD12E020}.Nuget|x86.ActiveCfg = Nuget|x86
		{6AD35106-187B-4A3A-A801-E665CD12E020}.Nuget|x86.Build.0 = Nuget|x86
		{6AD35106-187B-4A3A-A801-E665CD12E020}.Release|Any CPU.ActiveCfg = Release|Any CPU
		{6AD35106-187B-4A3A-A801-E665CD12E020}.Release|Any CPU.Build.0 = Release|Any CPU
		{6AD35106-187B-4A3A-A801-E665CD12E020}.Release|x64.ActiveCfg = Release|x64
		{6AD35106-187B-4A3A-A801-E665CD12E020}.Release|x64.Build.0 = Release|x64
		{6AD35106-187B-4A3A-A801-E665CD12E020}.Release|x86.ActiveCfg = Release|x86
		{6AD35106-187B-4A3A-A801-E665CD12E020}.Release|x86.Build.0 = Release|x86
		{C3773330-81FA-4253-823E-1BDE1529AA99}.Debug|Any CPU.ActiveCfg = Debug|Any CPU
		{C3773330-81FA-4253-823E-1BDE1529AA99}.Debug|Any CPU.Build.0 = Debug|Any CPU
		{C3773330-81FA-4253-823E-1BDE1529AA99}.Debug|x64.ActiveCfg = Debug|x64
		{C3773330-81FA-4253-823E-1BDE1529AA99}.Debug|x64.Build.0 = Debug|x64
		{C3773330-81FA-4253-823E-1BDE1529AA99}.Debug|x86.ActiveCfg = Debug|x86
		{C3773330-81FA-4253-823E-1BDE1529AA99}.Debug|x86.Build.0 = Debug|x86
		{C3773330-81FA-4253-823E-1BDE1529AA99}.Nuget|Any CPU.ActiveCfg = Nuget|Any CPU
		{C3773330-81FA-4253-823E-1BDE1529AA99}.Nuget|Any CPU.Build.0 = Nuget|Any CPU
		{C3773330-81FA-4253-823E-1BDE1529AA99}.Nuget|x64.ActiveCfg = Nuget|x64
		{C3773330-81FA-4253-823E-1BDE1529AA99}.Nuget|x64.Build.0 = Nuget|x64
		{C3773330-81FA-4253-823E-1BDE1529AA99}.Nuget|x86.ActiveCfg = Nuget|x86
		{C3773330-81FA-4253-823E-1BDE1529AA99}.Nuget|x86.Build.0 = Nuget|x86
		{C3773330-81FA-4253-823E-1BDE1529AA99}.Release|Any CPU.ActiveCfg = Release|Any CPU
		{C3773330-81FA-4253-823E-1BDE1529AA99}.Release|Any CPU.Build.0 = Release|Any CPU
		{C3773330-81FA-4253-823E-1BDE1529AA99}.Release|x64.ActiveCfg = Release|x64
		{C3773330-81FA-4253-823E-1BDE1529AA99}.Release|x64.Build.0 = Release|x64
		{C3773330-81FA-4253-823E-1BDE1529AA99}.Release|x86.ActiveCfg = Release|x86
		{C3773330-81FA-4253-823E-1BDE1529AA99}.Release|x86.Build.0 = Release|x86
		{A5BDF57B-3AEE-4A2F-977F-079CB5A34B09}.Debug|Any CPU.ActiveCfg = Debug|Any CPU
		{A5BDF57B-3AEE-4A2F-977F-079CB5A34B09}.Debug|Any CPU.Build.0 = Debug|Any CPU
		{A5BDF57B-3AEE-4A2F-977F-079CB5A34B09}.Debug|x64.ActiveCfg = Debug|Any CPU
		{A5BDF57B-3AEE-4A2F-977F-079CB5A34B09}.Debug|x86.ActiveCfg = Debug|Any CPU
		{A5BDF57B-3AEE-4A2F-977F-079CB5A34B09}.Nuget|Any CPU.ActiveCfg = Release|Any CPU
		{A5BDF57B-3AEE-4A2F-977F-079CB5A34B09}.Nuget|Any CPU.Build.0 = Release|Any CPU
		{A5BDF57B-3AEE-4A2F-977F-079CB5A34B09}.Nuget|x64.ActiveCfg = Release|Any CPU
		{A5BDF57B-3AEE-4A2F-977F-079CB5A34B09}.Nuget|x86.ActiveCfg = Release|Any CPU
		{A5BDF57B-3AEE-4A2F-977F-079CB5A34B09}.Release|Any CPU.ActiveCfg = Release|Any CPU
		{A5BDF57B-3AEE-4A2F-977F-079CB5A34B09}.Release|Any CPU.Build.0 = Release|Any CPU
		{A5BDF57B-3AEE-4A2F-977F-079CB5A34B09}.Release|x64.ActiveCfg = Release|Any CPU
		{A5BDF57B-3AEE-4A2F-977F-079CB5A34B09}.Release|x86.ActiveCfg = Release|Any CPU
		{D223F8DD-81E3-4C67-9930-53411E343F1A}.Debug|Any CPU.ActiveCfg = Debug|Any CPU
		{D223F8DD-81E3-4C67-9930-53411E343F1A}.Debug|Any CPU.Build.0 = Debug|Any CPU
		{D223F8DD-81E3-4C67-9930-53411E343F1A}.Debug|x64.ActiveCfg = Debug|Any CPU
		{D223F8DD-81E3-4C67-9930-53411E343F1A}.Debug|x86.ActiveCfg = Debug|Any CPU
		{D223F8DD-81E3-4C67-9930-53411E343F1A}.Nuget|Any CPU.ActiveCfg = Release|Any CPU
		{D223F8DD-81E3-4C67-9930-53411E343F1A}.Nuget|Any CPU.Build.0 = Release|Any CPU
		{D223F8DD-81E3-4C67-9930-53411E343F1A}.Nuget|x64.ActiveCfg = Release|Any CPU
		{D223F8DD-81E3-4C67-9930-53411E343F1A}.Nuget|x86.ActiveCfg = Release|Any CPU
		{D223F8DD-81E3-4C67-9930-53411E343F1A}.Release|Any CPU.ActiveCfg = Release|Any CPU
		{D223F8DD-81E3-4C67-9930-53411E343F1A}.Release|Any CPU.Build.0 = Release|Any CPU
		{D223F8DD-81E3-4C67-9930-53411E343F1A}.Release|x64.ActiveCfg = Release|Any CPU
		{D223F8DD-81E3-4C67-9930-53411E343F1A}.Release|x86.ActiveCfg = Release|Any CPU
		{F5EF0E52-DA86-4DFC-A003-E7C16315B4ED}.Debug|Any CPU.ActiveCfg = Debug|Any CPU
		{F5EF0E52-DA86-4DFC-A003-E7C16315B4ED}.Debug|Any CPU.Build.0 = Debug|Any CPU
		{F5EF0E52-DA86-4DFC-A003-E7C16315B4ED}.Debug|x64.ActiveCfg = Debug|Any CPU
		{F5EF0E52-DA86-4DFC-A003-E7C16315B4ED}.Debug|x86.ActiveCfg = Debug|Any CPU
		{F5EF0E52-DA86-4DFC-A003-E7C16315B4ED}.Nuget|Any CPU.ActiveCfg = Release|Any CPU
		{F5EF0E52-DA86-4DFC-A003-E7C16315B4ED}.Nuget|Any CPU.Build.0 = Release|Any CPU
		{F5EF0E52-DA86-4DFC-A003-E7C16315B4ED}.Nuget|x64.ActiveCfg = Release|Any CPU
		{F5EF0E52-DA86-4DFC-A003-E7C16315B4ED}.Nuget|x86.ActiveCfg = Release|Any CPU
		{F5EF0E52-DA86-4DFC-A003-E7C16315B4ED}.Release|Any CPU.ActiveCfg = Release|Any CPU
		{F5EF0E52-DA86-4DFC-A003-E7C16315B4ED}.Release|Any CPU.Build.0 = Release|Any CPU
		{F5EF0E52-DA86-4DFC-A003-E7C16315B4ED}.Release|x64.ActiveCfg = Release|Any CPU
		{F5EF0E52-DA86-4DFC-A003-E7C16315B4ED}.Release|x86.ActiveCfg = Release|Any CPU
		{4343021F-2848-4770-A0F5-8C9768F9DA98}.Debug|Any CPU.ActiveCfg = Debug|Any CPU
		{4343021F-2848-4770-A0F5-8C9768F9DA98}.Debug|Any CPU.Build.0 = Debug|Any CPU
		{4343021F-2848-4770-A0F5-8C9768F9DA98}.Debug|x64.ActiveCfg = Debug|Any CPU
		{4343021F-2848-4770-A0F5-8C9768F9DA98}.Debug|x86.ActiveCfg = Debug|Any CPU
		{4343021F-2848-4770-A0F5-8C9768F9DA98}.Nuget|Any CPU.ActiveCfg = Release|Any CPU
		{4343021F-2848-4770-A0F5-8C9768F9DA98}.Nuget|Any CPU.Build.0 = Release|Any CPU
		{4343021F-2848-4770-A0F5-8C9768F9DA98}.Nuget|x64.ActiveCfg = Release|Any CPU
		{4343021F-2848-4770-A0F5-8C9768F9DA98}.Nuget|x86.ActiveCfg = Release|Any CPU
		{4343021F-2848-4770-A0F5-8C9768F9DA98}.Release|Any CPU.ActiveCfg = Release|Any CPU
		{4343021F-2848-4770-A0F5-8C9768F9DA98}.Release|Any CPU.Build.0 = Release|Any CPU
		{4343021F-2848-4770-A0F5-8C9768F9DA98}.Release|x64.ActiveCfg = Release|Any CPU
		{4343021F-2848-4770-A0F5-8C9768F9DA98}.Release|x86.ActiveCfg = Release|Any CPU
		{93CDB07F-0BB6-4891-B793-9C02114A88AE}.Debug|Any CPU.ActiveCfg = Debug|Any CPU
		{93CDB07F-0BB6-4891-B793-9C02114A88AE}.Debug|Any CPU.Build.0 = Debug|Any CPU
		{93CDB07F-0BB6-4891-B793-9C02114A88AE}.Debug|x64.ActiveCfg = Debug|x64
		{93CDB07F-0BB6-4891-B793-9C02114A88AE}.Debug|x64.Build.0 = Debug|x64
		{93CDB07F-0BB6-4891-B793-9C02114A88AE}.Debug|x86.ActiveCfg = Debug|x86
		{93CDB07F-0BB6-4891-B793-9C02114A88AE}.Debug|x86.Build.0 = Debug|x86
		{93CDB07F-0BB6-4891-B793-9C02114A88AE}.Nuget|Any CPU.ActiveCfg = Nuget|Any CPU
		{93CDB07F-0BB6-4891-B793-9C02114A88AE}.Nuget|Any CPU.Build.0 = Nuget|Any CPU
		{93CDB07F-0BB6-4891-B793-9C02114A88AE}.Nuget|x64.ActiveCfg = Nuget|x64
		{93CDB07F-0BB6-4891-B793-9C02114A88AE}.Nuget|x64.Build.0 = Nuget|x64
		{93CDB07F-0BB6-4891-B793-9C02114A88AE}.Nuget|x86.ActiveCfg = Nuget|x86
		{93CDB07F-0BB6-4891-B793-9C02114A88AE}.Nuget|x86.Build.0 = Nuget|x86
		{93CDB07F-0BB6-4891-B793-9C02114A88AE}.Release|Any CPU.ActiveCfg = Release|Any CPU
		{93CDB07F-0BB6-4891-B793-9C02114A88AE}.Release|Any CPU.Build.0 = Release|Any CPU
		{93CDB07F-0BB6-4891-B793-9C02114A88AE}.Release|x64.ActiveCfg = Release|x64
		{93CDB07F-0BB6-4891-B793-9C02114A88AE}.Release|x64.Build.0 = Release|x64
		{93CDB07F-0BB6-4891-B793-9C02114A88AE}.Release|x86.ActiveCfg = Release|x86
		{93CDB07F-0BB6-4891-B793-9C02114A88AE}.Release|x86.Build.0 = Release|x86
		{87863121-C124-4585-B3BB-7706F03ECC64}.Debug|Any CPU.ActiveCfg = Debug|Any CPU
		{87863121-C124-4585-B3BB-7706F03ECC64}.Debug|Any CPU.Build.0 = Debug|Any CPU
		{87863121-C124-4585-B3BB-7706F03ECC64}.Debug|x64.ActiveCfg = Debug|x64
		{87863121-C124-4585-B3BB-7706F03ECC64}.Debug|x64.Build.0 = Debug|x64
		{87863121-C124-4585-B3BB-7706F03ECC64}.Debug|x86.ActiveCfg = Debug|x86
		{87863121-C124-4585-B3BB-7706F03ECC64}.Debug|x86.Build.0 = Debug|x86
		{87863121-C124-4585-B3BB-7706F03ECC64}.Nuget|Any CPU.ActiveCfg = Nuget|Any CPU
		{87863121-C124-4585-B3BB-7706F03ECC64}.Nuget|Any CPU.Build.0 = Nuget|Any CPU
		{87863121-C124-4585-B3BB-7706F03ECC64}.Nuget|x64.ActiveCfg = Nuget|x64
		{87863121-C124-4585-B3BB-7706F03ECC64}.Nuget|x64.Build.0 = Nuget|x64
		{87863121-C124-4585-B3BB-7706F03ECC64}.Nuget|x86.ActiveCfg = Nuget|x86
		{87863121-C124-4585-B3BB-7706F03ECC64}.Nuget|x86.Build.0 = Nuget|x86
		{87863121-C124-4585-B3BB-7706F03ECC64}.Release|Any CPU.ActiveCfg = Release|Any CPU
		{87863121-C124-4585-B3BB-7706F03ECC64}.Release|Any CPU.Build.0 = Release|Any CPU
		{87863121-C124-4585-B3BB-7706F03ECC64}.Release|x64.ActiveCfg = Release|x64
		{87863121-C124-4585-B3BB-7706F03ECC64}.Release|x64.Build.0 = Release|x64
		{87863121-C124-4585-B3BB-7706F03ECC64}.Release|x86.ActiveCfg = Release|x86
		{87863121-C124-4585-B3BB-7706F03ECC64}.Release|x86.Build.0 = Release|x86
		{F02F83FB-9D72-4DB4-984D-B717C9D22C5A}.Debug|Any CPU.ActiveCfg = Debug|Any CPU
		{F02F83FB-9D72-4DB4-984D-B717C9D22C5A}.Debug|Any CPU.Build.0 = Debug|Any CPU
		{F02F83FB-9D72-4DB4-984D-B717C9D22C5A}.Debug|x64.ActiveCfg = Debug|x64
		{F02F83FB-9D72-4DB4-984D-B717C9D22C5A}.Debug|x64.Build.0 = Debug|x64
		{F02F83FB-9D72-4DB4-984D-B717C9D22C5A}.Debug|x86.ActiveCfg = Debug|x86
		{F02F83FB-9D72-4DB4-984D-B717C9D22C5A}.Debug|x86.Build.0 = Debug|x86
		{F02F83FB-9D72-4DB4-984D-B717C9D22C5A}.Nuget|Any CPU.ActiveCfg = Release|Any CPU
		{F02F83FB-9D72-4DB4-984D-B717C9D22C5A}.Nuget|Any CPU.Build.0 = Release|Any CPU
		{F02F83FB-9D72-4DB4-984D-B717C9D22C5A}.Nuget|x64.ActiveCfg = Release|x64
		{F02F83FB-9D72-4DB4-984D-B717C9D22C5A}.Nuget|x64.Build.0 = Release|x64
		{F02F83FB-9D72-4DB4-984D-B717C9D22C5A}.Nuget|x86.ActiveCfg = Release|x86
		{F02F83FB-9D72-4DB4-984D-B717C9D22C5A}.Nuget|x86.Build.0 = Release|x86
		{F02F83FB-9D72-4DB4-984D-B717C9D22C5A}.Release|Any CPU.ActiveCfg = Release|Any CPU
		{F02F83FB-9D72-4DB4-984D-B717C9D22C5A}.Release|Any CPU.Build.0 = Release|Any CPU
		{F02F83FB-9D72-4DB4-984D-B717C9D22C5A}.Release|x64.ActiveCfg = Release|x64
		{F02F83FB-9D72-4DB4-984D-B717C9D22C5A}.Release|x64.Build.0 = Release|x64
		{F02F83FB-9D72-4DB4-984D-B717C9D22C5A}.Release|x86.ActiveCfg = Release|x86
		{F02F83FB-9D72-4DB4-984D-B717C9D22C5A}.Release|x86.Build.0 = Release|x86
		{304E1C6A-585F-4748-8E3B-33558E35B0D4}.Debug|Any CPU.ActiveCfg = Debug|Any CPU
		{304E1C6A-585F-4748-8E3B-33558E35B0D4}.Debug|Any CPU.Build.0 = Debug|Any CPU
		{304E1C6A-585F-4748-8E3B-33558E35B0D4}.Debug|x64.ActiveCfg = Debug|Any CPU
		{304E1C6A-585F-4748-8E3B-33558E35B0D4}.Debug|x86.ActiveCfg = Debug|Any CPU
		{304E1C6A-585F-4748-8E3B-33558E35B0D4}.Nuget|Any CPU.ActiveCfg = Release|Any CPU
		{304E1C6A-585F-4748-8E3B-33558E35B0D4}.Nuget|Any CPU.Build.0 = Release|Any CPU
		{304E1C6A-585F-4748-8E3B-33558E35B0D4}.Nuget|x64.ActiveCfg = Release|Any CPU
		{304E1C6A-585F-4748-8E3B-33558E35B0D4}.Nuget|x86.ActiveCfg = Release|Any CPU
		{304E1C6A-585F-4748-8E3B-33558E35B0D4}.Release|Any CPU.ActiveCfg = Release|Any CPU
		{304E1C6A-585F-4748-8E3B-33558E35B0D4}.Release|Any CPU.Build.0 = Release|Any CPU
		{304E1C6A-585F-4748-8E3B-33558E35B0D4}.Release|x64.ActiveCfg = Release|Any CPU
		{304E1C6A-585F-4748-8E3B-33558E35B0D4}.Release|x86.ActiveCfg = Release|Any CPU
		{98936436-EA28-437E-A2A4-CC7CAA532658}.Debug|Any CPU.ActiveCfg = Debug|Any CPU
		{98936436-EA28-437E-A2A4-CC7CAA532658}.Debug|Any CPU.Build.0 = Debug|Any CPU
		{98936436-EA28-437E-A2A4-CC7CAA532658}.Debug|x64.ActiveCfg = Debug|Any CPU
		{98936436-EA28-437E-A2A4-CC7CAA532658}.Debug|x86.ActiveCfg = Debug|Any CPU
		{98936436-EA28-437E-A2A4-CC7CAA532658}.Nuget|Any CPU.ActiveCfg = Release|Any CPU
		{98936436-EA28-437E-A2A4-CC7CAA532658}.Nuget|Any CPU.Build.0 = Release|Any CPU
		{98936436-EA28-437E-A2A4-CC7CAA532658}.Nuget|x64.ActiveCfg = Release|Any CPU
		{98936436-EA28-437E-A2A4-CC7CAA532658}.Nuget|x86.ActiveCfg = Release|Any CPU
		{98936436-EA28-437E-A2A4-CC7CAA532658}.Release|Any CPU.ActiveCfg = Release|Any CPU
		{98936436-EA28-437E-A2A4-CC7CAA532658}.Release|Any CPU.Build.0 = Release|Any CPU
		{98936436-EA28-437E-A2A4-CC7CAA532658}.Release|x64.ActiveCfg = Release|Any CPU
		{98936436-EA28-437E-A2A4-CC7CAA532658}.Release|x86.ActiveCfg = Release|Any CPU
		{45E705AA-F1EB-4573-A035-ED86D682C905}.Debug|Any CPU.ActiveCfg = Debug|Any CPU
		{45E705AA-F1EB-4573-A035-ED86D682C905}.Debug|Any CPU.Build.0 = Debug|Any CPU
		{45E705AA-F1EB-4573-A035-ED86D682C905}.Debug|x64.ActiveCfg = Debug|Any CPU
		{45E705AA-F1EB-4573-A035-ED86D682C905}.Debug|x86.ActiveCfg = Debug|Any CPU
		{45E705AA-F1EB-4573-A035-ED86D682C905}.Nuget|Any CPU.ActiveCfg = Release|Any CPU
		{45E705AA-F1EB-4573-A035-ED86D682C905}.Nuget|Any CPU.Build.0 = Release|Any CPU
		{45E705AA-F1EB-4573-A035-ED86D682C905}.Nuget|x64.ActiveCfg = Release|Any CPU
		{45E705AA-F1EB-4573-A035-ED86D682C905}.Nuget|x86.ActiveCfg = Release|Any CPU
		{45E705AA-F1EB-4573-A035-ED86D682C905}.Release|Any CPU.ActiveCfg = Release|Any CPU
		{45E705AA-F1EB-4573-A035-ED86D682C905}.Release|Any CPU.Build.0 = Release|Any CPU
		{45E705AA-F1EB-4573-A035-ED86D682C905}.Release|x64.ActiveCfg = Release|Any CPU
		{45E705AA-F1EB-4573-A035-ED86D682C905}.Release|x86.ActiveCfg = Release|Any CPU
	EndGlobalSection
	GlobalSection(SolutionProperties) = preSolution
		HideSolutionNode = FALSE
	EndGlobalSection
	GlobalSection(NestedProjects) = preSolution
		{F9A754A6-EEA5-4761-9446-C2AAF9CF8B31} = {E014EDA7-2F22-4B90-9C64-E3E10453DDA0}
		{837C740A-485C-424C-8C38-086ED3DC73CB} = {E014EDA7-2F22-4B90-9C64-E3E10453DDA0}
		{6AD35106-187B-4A3A-A801-E665CD12E020} = {E014EDA7-2F22-4B90-9C64-E3E10453DDA0}
		{C3773330-81FA-4253-823E-1BDE1529AA99} = {E014EDA7-2F22-4B90-9C64-E3E10453DDA0}
		{A5BDF57B-3AEE-4A2F-977F-079CB5A34B09} = {F7E8A7C0-5A5A-4C3B-830D-E115537B2D11}
		{D223F8DD-81E3-4C67-9930-53411E343F1A} = {F7E8A7C0-5A5A-4C3B-830D-E115537B2D11}
		{F5EF0E52-DA86-4DFC-A003-E7C16315B4ED} = {F7E8A7C0-5A5A-4C3B-830D-E115537B2D11}
		{4343021F-2848-4770-A0F5-8C9768F9DA98} = {32BECC1A-AFDD-489A-A6B5-F5831202AFD6}
		{93CDB07F-0BB6-4891-B793-9C02114A88AE} = {E014EDA7-2F22-4B90-9C64-E3E10453DDA0}
		{87863121-C124-4585-B3BB-7706F03ECC64} = {E014EDA7-2F22-4B90-9C64-E3E10453DDA0}
		{F02F83FB-9D72-4DB4-984D-B717C9D22C5A} = {022C33A9-E3A1-481A-B43A-DD6441A95CD6}
		{304E1C6A-585F-4748-8E3B-33558E35B0D4} = {022C33A9-E3A1-481A-B43A-DD6441A95CD6}
		{98936436-EA28-437E-A2A4-CC7CAA532658} = {022C33A9-E3A1-481A-B43A-DD6441A95CD6}
		{F7E8A7C0-5A5A-4C3B-830D-E115537B2D11} = {4E0A4EF6-97A1-4E3D-B035-20A3A78C5B82}
		{022C33A9-E3A1-481A-B43A-DD6441A95CD6} = {4E0A4EF6-97A1-4E3D-B035-20A3A78C5B82}
		{32BECC1A-AFDD-489A-A6B5-F5831202AFD6} = {4E0A4EF6-97A1-4E3D-B035-20A3A78C5B82}
	EndGlobalSection
EndGlobal
