
Microsoft Visual Studio Solution File, Format Version 10.00
# Visual Studio 2008
Project("{FAE04EC0-301F-11D3-BF4B-00C04F79EFBC}") = "Dir", "Dir\Dir.csproj", "{0ACEEC46-0CB3-476F-83DD-968BE2EF4A37}"
EndProject
Global
	GlobalSection(SolutionConfigurationPlatforms) = preSolution
		Debug|Any CPU = Debug|Any CPU
		Release|Any CPU = Release|Any CPU
		vvvv|Any CPU = vvvv|Any CPU
	EndGlobalSection
	GlobalSection(ProjectConfigurationPlatforms) = postSolution
		{0ACEEC46-0CB3-476F-83DD-968BE2EF4A37}.Debug|Any CPU.ActiveCfg = Debug|Any CPU
		{0ACEEC46-0CB3-476F-83DD-968BE2EF4A37}.Debug|Any CPU.Build.0 = Debug|Any CPU
		{0ACEEC46-0CB3-476F-83DD-968BE2EF4A37}.Release|Any CPU.ActiveCfg = Release|Any CPU
		{0ACEEC46-0CB3-476F-83DD-968BE2EF4A37}.Release|Any CPU.Build.0 = Release|Any CPU
		{0ACEEC46-0CB3-476F-83DD-968BE2EF4A37}.vvvv|Any CPU.ActiveCfg = vvvv|Any CPU
		{0ACEEC46-0CB3-476F-83DD-968BE2EF4A37}.vvvv|Any CPU.Build.0 = vvvv|Any CPU
	EndGlobalSection
	GlobalSection(SolutionProperties) = preSolution
		HideSolutionNode = FALSE
	EndGlobalSection
EndGlobal
