
Microsoft Visual Studio Solution File, Format Version 10.00
# Visual Studio 2008
# SharpDevelop 3.2.0.5777
Project("{FAE04EC0-301F-11D3-BF4B-00C04F79EFBC}") = "SkeletonInterfaces", "SkeletonInterfaces.csproj", "{0813E570-CB1C-49F3-BB7E-7048C115ED05}"
EndProject
Global
	GlobalSection(SolutionConfigurationPlatforms) = preSolution
		Debug|x86 = Debug|x86
		Release|x86 = Release|x86
		Debug|x86 = Debug|x86
		Release|x86 = Release|x86
	EndGlobalSection
	GlobalSection(ProjectConfigurationPlatforms) = postSolution
		{0813E570-CB1C-49F3-BB7E-7048C115ED05}.Debug|x86.Build.0 = Debug|x86
		{0813E570-CB1C-49F3-BB7E-7048C115ED05}.Debug|x86.ActiveCfg = Debug|x86
		{0813E570-CB1C-49F3-BB7E-7048C115ED05}.Release|x86.Build.0 = Release|x86
		{0813E570-CB1C-49F3-BB7E-7048C115ED05}.Release|x86.ActiveCfg = Release|x86
	EndGlobalSection
EndGlobal
