
Microsoft Visual Studio Solution File, Format Version 10.00
# Visual Studio 2008
Project("{FAE04EC0-301F-11D3-BF4B-00C04F79EFBC}") = "CU_MDX_D3DInit", "CU_MDX_D3DInit\CU_MDX_D3DInit.csproj", "{73BE3E7A-07F6-4095-8DC4-46669550CDFF}"
EndProject
Global
	GlobalSection(SolutionConfigurationPlatforms) = preSolution
		Debug|Any CPU = Debug|Any CPU
		Release|Any CPU = Release|Any CPU
	EndGlobalSection
	GlobalSection(ProjectConfigurationPlatforms) = postSolution
		{73BE3E7A-07F6-4095-8DC4-46669550CDFF}.Debug|Any CPU.ActiveCfg = Debug|Any CPU
		{73BE3E7A-07F6-4095-8DC4-46669550CDFF}.Debug|Any CPU.Build.0 = Debug|Any CPU
		{73BE3E7A-07F6-4095-8DC4-46669550CDFF}.Release|Any CPU.ActiveCfg = Release|Any CPU
		{73BE3E7A-07F6-4095-8DC4-46669550CDFF}.Release|Any CPU.Build.0 = Release|Any CPU
	EndGlobalSection
	GlobalSection(SolutionProperties) = preSolution
		HideSolutionNode = FALSE
	EndGlobalSection
EndGlobal
