
Microsoft Visual Studio Solution File, Format Version 11.00
# Visual Studio 2010
# SharpDevelop 4.1.0.8000
Project("{FAE04EC0-301F-11D3-BF4B-00C04F79EFBC}") = "SpeechSynthesis", "SpeechSynthesis.csproj", "{D4F3BD2E-6A35-4E56-81A2-E90F47925460}"
EndProject
Global
	GlobalSection(SolutionConfigurationPlatforms) = preSolution
		Debug|Any CPU = Debug|Any CPU
		Release|Any CPU = Release|Any CPU
		vvvv_debug|Any CPU = vvvv_debug|Any CPU
		Debug|Any CPU = Debug|Any CPU
		Release|Any CPU = Release|Any CPU
		vvvv_debug|Any CPU = vvvv_debug|Any CPU
	EndGlobalSection
	GlobalSection(ProjectConfigurationPlatforms) = postSolution
		{D4F3BD2E-6A35-4E56-81A2-E90F47925460}.Debug|Any CPU.Build.0 = Debug|Any CPU
		{D4F3BD2E-6A35-4E56-81A2-E90F47925460}.Debug|Any CPU.ActiveCfg = Debug|Any CPU
		{D4F3BD2E-6A35-4E56-81A2-E90F47925460}.Release|Any CPU.Build.0 = Release|Any CPU
		{D4F3BD2E-6A35-4E56-81A2-E90F47925460}.Release|Any CPU.ActiveCfg = Release|Any CPU
		{D4F3BD2E-6A35-4E56-81A2-E90F47925460}.vvvv_debug|Any CPU.Build.0 = vvvv_debug|Any CPU
		{D4F3BD2E-6A35-4E56-81A2-E90F47925460}.vvvv_debug|Any CPU.ActiveCfg = vvvv_debug|Any CPU
	EndGlobalSection
EndGlobal
