
Microsoft Visual Studio Solution File, Format Version 11.00
# Visual Studio 2010
# SharpDevelop 4.1.0.8000
Project("{FAE04EC0-301F-11D3-BF4B-00C04F79EFBC}") = "FaceBookAPI", "FaceBookAPI.csproj", "{FD2774F9-D52A-4718-A134-22C17900D591}"
EndProject
Global
	GlobalSection(SolutionConfigurationPlatforms) = preSolution
		Debug|Any CPU = Debug|Any CPU
		Release|Any CPU = Release|Any CPU
		vvvv_debug|Any CPU = vvvv_debug|Any CPU
	EndGlobalSection
	GlobalSection(ProjectConfigurationPlatforms) = postSolution
		{FD2774F9-D52A-4718-A134-22C17900D591}.Debug|Any CPU.Build.0 = Debug|Any CPU
		{FD2774F9-D52A-4718-A134-22C17900D591}.Debug|Any CPU.ActiveCfg = Debug|Any CPU
		{FD2774F9-D52A-4718-A134-22C17900D591}.Release|Any CPU.Build.0 = Release|Any CPU
		{FD2774F9-D52A-4718-A134-22C17900D591}.Release|Any CPU.ActiveCfg = Release|Any CPU
		{FD2774F9-D52A-4718-A134-22C17900D591}.vvvv_debug|Any CPU.Build.0 = vvvv_debug|Any CPU
		{FD2774F9-D52A-4718-A134-22C17900D591}.vvvv_debug|Any CPU.ActiveCfg = vvvv_debug|Any CPU
	EndGlobalSection
	GlobalSection(SolutionProperties) = preSolution
		HideSolutionNode = FALSE
	EndGlobalSection
EndGlobal
