
Microsoft Visual Studio Solution File, Format Version 9.00
# Visual Studio 2005
Project("{FAE04EC0-301F-11D3-BF4B-00C04F79EFBC}") = "FileIONodes", "FileIONodes.csproj", "{A526C42E-0522-4B61-AD97-F8694A6AA71E}"
EndProject
Global
	GlobalSection(SolutionConfigurationPlatforms) = preSolution
		Debug|Any CPU = Debug|Any CPU
		Release|Any CPU = Release|Any CPU
	EndGlobalSection
	GlobalSection(ProjectConfigurationPlatforms) = postSolution
		{A526C42E-0522-4B61-AD97-F8694A6AA71E}.Debug|Any CPU.ActiveCfg = Debug|Any CPU
		{A526C42E-0522-4B61-AD97-F8694A6AA71E}.Debug|Any CPU.Build.0 = Debug|Any CPU
		{A526C42E-0522-4B61-AD97-F8694A6AA71E}.Release|Any CPU.ActiveCfg = Release|Any CPU
		{A526C42E-0522-4B61-AD97-F8694A6AA71E}.Release|Any CPU.Build.0 = Release|Any CPU
	EndGlobalSection
	GlobalSection(SolutionProperties) = preSolution
		HideSolutionNode = FALSE
	EndGlobalSection
EndGlobal
