
Microsoft Visual Studio Solution File, Format Version 9.00
# Visual C++ Express 2005
Project("{8BC9CEB8-8B4A-11D0-8D11-00A0C91BC942}") = "VST-Host", "Filter_02.vcproj", "{C547A3BB-9033-4828-AEB5-858536E2F653}"
EndProject
Global
	GlobalSection(SolutionConfigurationPlatforms) = preSolution
		Debug|Win32 = Debug|Win32
		Release|Win32 = Release|Win32
	EndGlobalSection
	GlobalSection(ProjectConfigurationPlatforms) = postSolution
		{C547A3BB-9033-4828-AEB5-858536E2F653}.Debug|Win32.ActiveCfg = Debug|Win32
		{C547A3BB-9033-4828-AEB5-858536E2F653}.Debug|Win32.Build.0 = Debug|Win32
		{C547A3BB-9033-4828-AEB5-858536E2F653}.Release|Win32.ActiveCfg = Release|Win32
		{C547A3BB-9033-4828-AEB5-858536E2F653}.Release|Win32.Build.0 = Release|Win32
	EndGlobalSection
	GlobalSection(SolutionProperties) = preSolution
		HideSolutionNode = FALSE
	EndGlobalSection
EndGlobal
