
Microsoft Visual Studio Solution File, Format Version 12.00
# Visual Studio 14
VisualStudioVersion = 14.0.25420.1
MinimumVisualStudioVersion = 10.0.40219.1
Project("{2150E333-8FDC-42A3-9474-1A3956D46DE8}") = "core", "core", "{704B6D46-8445-4315-8128-F331143A113E}"
EndProject
Project("{FAE04EC0-301F-11D3-BF4B-00C04F79EFBC}") = "Utils3rdParty", "core\Utils3rdParty\Utils3rdParty.csproj", "{87863121-C124-4585-B3BB-7706F03ECC64}"
EndProject
Project("{FAE04EC0-301F-11D3-BF4B-00C04F79EFBC}") = "Utils", "..\..\common\src\core\Utils\Utils.csproj", "{C3773330-81FA-4253-823E-1BDE1529AA99}"
EndProject
Project("{FAE04EC0-301F-11D3-BF4B-00C04F79EFBC}") = "PluginInterfaces", "core\PluginInterfaces\PluginInterfaces.csproj", "{837C740A-485C-424C-8C38-086ED3DC73CB}"
EndProject
Project("{FAE04EC0-301F-11D3-BF4B-00C04F79EFBC}") = "Hosting", "core\Hosting\Hosting.csproj", "{F9A754A6-EEA5-4761-9446-C2AAF9CF8B31}"
EndProject
Project("{FAE04EC0-301F-11D3-BF4B-00C04F79EFBC}") = "Core", "..\..\common\src\core\Core\Core.csproj", "{6AD35106-187B-4A3A-A801-E665CD12E020}"
EndProject
Project("{FAE04EC0-301F-11D3-BF4B-00C04F79EFBC}") = "UtilsIL", "..\..\common\src\core\UtilsIL\UtilsIL.csproj", "{93CDB07F-0BB6-4891-B793-9C02114A88AE}"
EndProject
Project("{FAE04EC0-301F-11D3-BF4B-00C04F79EFBC}") = "GenericNodes", "core\GenericNodes\GenericNodes.csproj", "{9A20948B-DF40-4D71-B1CD-39DA080C044C}"
EndProject
Project("{2150E333-8FDC-42A3-9474-1A3956D46DE8}") = "gui", "gui", "{7FE983D0-4392-451C-9BAE-2CA9036FAB04}"
EndProject
Project("{FAE04EC0-301F-11D3-BF4B-00C04F79EFBC}") = "WinFormsViewer", "..\..\common\src\gui\WinFormsViewer\WinFormsViewer.csproj", "{98936436-EA28-437E-A2A4-CC7CAA532658}"
EndProject
Project("{FAE04EC0-301F-11D3-BF4B-00C04F79EFBC}") = "PiccoloGraphicalEditor", "..\..\common\src\gui\PiccoloGraphicalEditor\PiccoloGraphicalEditor.csproj", "{304E1C6A-585F-4748-8E3B-33558E35B0D4}"
EndProject
Project("{2150E333-8FDC-42A3-9474-1A3956D46DE8}") = "nodes", "nodes", "{C11D1E7D-56CC-4DE9-A43A-308B39408D50}"
EndProject
Project("{2150E333-8FDC-42A3-9474-1A3956D46DE8}") = "plugins", "plugins", "{90D41549-2657-4E4A-AF4E-3214A007C991}"
EndProject
Project("{2150E333-8FDC-42A3-9474-1A3956D46DE8}") = "Mesh", "Mesh", "{A2B1BF86-17C2-4122-AB0A-1789B19793E5}"
EndProject
Project("{FAE04EC0-301F-11D3-BF4B-00C04F79EFBC}") = "PluginColladaLoader", "nodes\plugins\Mesh\ColladaLoader\PluginColladaLoader.csproj", "{8B9D2C28-4394-4C86-A14C-B0021EC29089}"
EndProject
Project("{FAE04EC0-301F-11D3-BF4B-00C04F79EFBC}") = "NativePlugins", "nodes\plugins\NativePlugins.csproj", "{716F4773-5590-4DD6-A9BC-3FE905D22DA5}"
EndProject
Project("{2150E333-8FDC-42A3-9474-1A3956D46DE8}") = "Animation", "Animation", "{763EEECF-9A9C-4FF8-AB6D-2854E7A510D9}"
EndProject
Project("{FAE04EC0-301F-11D3-BF4B-00C04F79EFBC}") = "Timeliner", "nodes\plugins\Animation\Timeliner\Timeliner.csproj", "{639A1C44-DA07-4F08-8A90-8B8845515BF4}"
EndProject
Project("{2150E333-8FDC-42A3-9474-1A3956D46DE8}") = "Devices", "Devices", "{7C320C90-D64B-4B27-9234-A988141E6775}"
EndProject
Project("{FAE04EC0-301F-11D3-BF4B-00C04F79EFBC}") = "Leap", "nodes\plugins\Devices\Leap\Leap.csproj", "{E0C5B55A-37EA-48D6-95B9-5EEF07C4AD8E}"
EndProject
Project("{2150E333-8FDC-42A3-9474-1A3956D46DE8}") = "File", "File", "{E7B99BB8-5720-45FA-A395-0F9FC8212117}"
EndProject
Project("{FAE04EC0-301F-11D3-BF4B-00C04F79EFBC}") = "FileNodes", "nodes\plugins\File\FileNodes\FileNodes.csproj", "{E051BB88-5211-4EF7-962B-59657D171297}"
EndProject
Project("{2150E333-8FDC-42A3-9474-1A3956D46DE8}") = "editors", "editors", "{992F311E-FA5D-4732-88EA-7296524FA1F4}"
EndProject
Project("{FAE04EC0-301F-11D3-BF4B-00C04F79EFBC}") = "CodeEditor", "nodes\editors\CodeEditor\CodeEditor.csproj", "{A63D2EA4-D87C-459B-B57F-19A76A7ADAF0}"
EndProject
Project("{FAE04EC0-301F-11D3-BF4B-00C04F79EFBC}") = "vvvv45", "vvvv45.csproj", "{FA8072CA-3343-4199-AC22-62B9E352BAE8}"
EndProject
Project("{FAE04EC0-301F-11D3-BF4B-00C04F79EFBC}") = "NuGetAssemblyLoader", "..\..\external\NuGetAssemblyLoader\src\NuGetAssemblyLoader.csproj", "{C39E8F1A-D00B-4068-B558-856B8B8BDBAC}"
EndProject
Global
	GlobalSection(SolutionConfigurationPlatforms) = preSolution
		Debug|Any CPU = Debug|Any CPU
		Debug|x64 = Debug|x64
		Debug|x86 = Debug|x86
		Deploy|Any CPU = Deploy|Any CPU
		Deploy|x64 = Deploy|x64
		Deploy|x86 = Deploy|x86
		Nuget|Any CPU = Nuget|Any CPU
		Nuget|x64 = Nuget|x64
		Nuget|x86 = Nuget|x86
		Release|Any CPU = Release|Any CPU
		Release|x64 = Release|x64
		Release|x86 = Release|x86
	EndGlobalSection
	GlobalSection(ProjectConfigurationPlatforms) = postSolution
		{87863121-C124-4585-B3BB-7706F03ECC64}.Debug|Any CPU.ActiveCfg = Debug|x64
		{87863121-C124-4585-B3BB-7706F03ECC64}.Debug|Any CPU.Build.0 = Debug|x64
		{87863121-C124-4585-B3BB-7706F03ECC64}.Debug|x64.ActiveCfg = Debug|x64
		{87863121-C124-4585-B3BB-7706F03ECC64}.Debug|x64.Build.0 = Debug|x64
		{87863121-C124-4585-B3BB-7706F03ECC64}.Debug|x86.ActiveCfg = Debug|x86
		{87863121-C124-4585-B3BB-7706F03ECC64}.Debug|x86.Build.0 = Debug|x86
		{87863121-C124-4585-B3BB-7706F03ECC64}.Deploy|Any CPU.ActiveCfg = Release|x64
		{87863121-C124-4585-B3BB-7706F03ECC64}.Deploy|Any CPU.Build.0 = Release|x64
		{87863121-C124-4585-B3BB-7706F03ECC64}.Deploy|x64.ActiveCfg = Release|x64
		{87863121-C124-4585-B3BB-7706F03ECC64}.Deploy|x64.Build.0 = Release|x64
		{87863121-C124-4585-B3BB-7706F03ECC64}.Deploy|x86.ActiveCfg = Release|x86
		{87863121-C124-4585-B3BB-7706F03ECC64}.Deploy|x86.Build.0 = Release|x86
		{87863121-C124-4585-B3BB-7706F03ECC64}.Nuget|Any CPU.ActiveCfg = Nuget|Any CPU
		{87863121-C124-4585-B3BB-7706F03ECC64}.Nuget|Any CPU.Build.0 = Nuget|Any CPU
		{87863121-C124-4585-B3BB-7706F03ECC64}.Nuget|x64.ActiveCfg = Nuget|x64
		{87863121-C124-4585-B3BB-7706F03ECC64}.Nuget|x86.ActiveCfg = Nuget|x86
		{87863121-C124-4585-B3BB-7706F03ECC64}.Release|Any CPU.ActiveCfg = Release|x64
		{87863121-C124-4585-B3BB-7706F03ECC64}.Release|Any CPU.Build.0 = Release|x64
		{87863121-C124-4585-B3BB-7706F03ECC64}.Release|x64.ActiveCfg = Release|x64
		{87863121-C124-4585-B3BB-7706F03ECC64}.Release|x64.Build.0 = Release|x64
		{87863121-C124-4585-B3BB-7706F03ECC64}.Release|x86.ActiveCfg = Release|x86
		{87863121-C124-4585-B3BB-7706F03ECC64}.Release|x86.Build.0 = Release|x86
		{C3773330-81FA-4253-823E-1BDE1529AA99}.Debug|Any CPU.ActiveCfg = Debug|Any CPU
		{C3773330-81FA-4253-823E-1BDE1529AA99}.Debug|Any CPU.Build.0 = Debug|Any CPU
		{C3773330-81FA-4253-823E-1BDE1529AA99}.Debug|x64.ActiveCfg = Debug|Any CPU
		{C3773330-81FA-4253-823E-1BDE1529AA99}.Debug|x64.Build.0 = Debug|Any CPU
		{C3773330-81FA-4253-823E-1BDE1529AA99}.Debug|x86.ActiveCfg = Debug|Any CPU
		{C3773330-81FA-4253-823E-1BDE1529AA99}.Debug|x86.Build.0 = Debug|Any CPU
		{C3773330-81FA-4253-823E-1BDE1529AA99}.Deploy|Any CPU.ActiveCfg = Release|Any CPU
		{C3773330-81FA-4253-823E-1BDE1529AA99}.Deploy|Any CPU.Build.0 = Release|Any CPU
		{C3773330-81FA-4253-823E-1BDE1529AA99}.Deploy|x64.ActiveCfg = Release|Any CPU
		{C3773330-81FA-4253-823E-1BDE1529AA99}.Deploy|x64.Build.0 = Release|Any CPU
		{C3773330-81FA-4253-823E-1BDE1529AA99}.Deploy|x86.ActiveCfg = Release|Any CPU
		{C3773330-81FA-4253-823E-1BDE1529AA99}.Deploy|x86.Build.0 = Release|Any CPU
		{C3773330-81FA-4253-823E-1BDE1529AA99}.Nuget|Any CPU.ActiveCfg = Nuget|Any CPU
		{C3773330-81FA-4253-823E-1BDE1529AA99}.Nuget|Any CPU.Build.0 = Nuget|Any CPU
		{C3773330-81FA-4253-823E-1BDE1529AA99}.Nuget|x64.ActiveCfg = Nuget|x64
		{C3773330-81FA-4253-823E-1BDE1529AA99}.Nuget|x86.ActiveCfg = Nuget|x86
		{C3773330-81FA-4253-823E-1BDE1529AA99}.Release|Any CPU.ActiveCfg = Release|Any CPU
		{C3773330-81FA-4253-823E-1BDE1529AA99}.Release|Any CPU.Build.0 = Release|Any CPU
		{C3773330-81FA-4253-823E-1BDE1529AA99}.Release|x64.ActiveCfg = Release|Any CPU
		{C3773330-81FA-4253-823E-1BDE1529AA99}.Release|x64.Build.0 = Release|Any CPU
		{C3773330-81FA-4253-823E-1BDE1529AA99}.Release|x86.ActiveCfg = Release|Any CPU
		{C3773330-81FA-4253-823E-1BDE1529AA99}.Release|x86.Build.0 = Release|Any CPU
		{837C740A-485C-424C-8C38-086ED3DC73CB}.Debug|Any CPU.ActiveCfg = Debug|x64
		{837C740A-485C-424C-8C38-086ED3DC73CB}.Debug|Any CPU.Build.0 = Debug|x64
		{837C740A-485C-424C-8C38-086ED3DC73CB}.Debug|x64.ActiveCfg = Debug|x64
		{837C740A-485C-424C-8C38-086ED3DC73CB}.Debug|x64.Build.0 = Debug|x64
		{837C740A-485C-424C-8C38-086ED3DC73CB}.Debug|x86.ActiveCfg = Debug|x86
		{837C740A-485C-424C-8C38-086ED3DC73CB}.Debug|x86.Build.0 = Debug|x86
		{837C740A-485C-424C-8C38-086ED3DC73CB}.Deploy|Any CPU.ActiveCfg = Release|x64
		{837C740A-485C-424C-8C38-086ED3DC73CB}.Deploy|Any CPU.Build.0 = Release|x64
		{837C740A-485C-424C-8C38-086ED3DC73CB}.Deploy|x64.ActiveCfg = Release|x64
		{837C740A-485C-424C-8C38-086ED3DC73CB}.Deploy|x64.Build.0 = Release|x64
		{837C740A-485C-424C-8C38-086ED3DC73CB}.Deploy|x86.ActiveCfg = Release|x86
		{837C740A-485C-424C-8C38-086ED3DC73CB}.Deploy|x86.Build.0 = Release|x86
		{837C740A-485C-424C-8C38-086ED3DC73CB}.Nuget|Any CPU.ActiveCfg = Nuget|Any CPU
		{837C740A-485C-424C-8C38-086ED3DC73CB}.Nuget|Any CPU.Build.0 = Nuget|Any CPU
		{837C740A-485C-424C-8C38-086ED3DC73CB}.Nuget|x64.ActiveCfg = Nuget|x64
		{837C740A-485C-424C-8C38-086ED3DC73CB}.Nuget|x86.ActiveCfg = Nuget|x86
		{837C740A-485C-424C-8C38-086ED3DC73CB}.Release|Any CPU.ActiveCfg = Release|x64
		{837C740A-485C-424C-8C38-086ED3DC73CB}.Release|Any CPU.Build.0 = Release|x64
		{837C740A-485C-424C-8C38-086ED3DC73CB}.Release|x64.ActiveCfg = Release|x64
		{837C740A-485C-424C-8C38-086ED3DC73CB}.Release|x64.Build.0 = Release|x64
		{837C740A-485C-424C-8C38-086ED3DC73CB}.Release|x86.ActiveCfg = Release|x86
		{837C740A-485C-424C-8C38-086ED3DC73CB}.Release|x86.Build.0 = Release|x86
		{F9A754A6-EEA5-4761-9446-C2AAF9CF8B31}.Debug|Any CPU.ActiveCfg = Debug|x64
		{F9A754A6-EEA5-4761-9446-C2AAF9CF8B31}.Debug|Any CPU.Build.0 = Debug|x64
		{F9A754A6-EEA5-4761-9446-C2AAF9CF8B31}.Debug|x64.ActiveCfg = Debug|x64
		{F9A754A6-EEA5-4761-9446-C2AAF9CF8B31}.Debug|x64.Build.0 = Debug|x64
		{F9A754A6-EEA5-4761-9446-C2AAF9CF8B31}.Debug|x86.ActiveCfg = Debug|x86
		{F9A754A6-EEA5-4761-9446-C2AAF9CF8B31}.Debug|x86.Build.0 = Debug|x86
		{F9A754A6-EEA5-4761-9446-C2AAF9CF8B31}.Deploy|Any CPU.ActiveCfg = Release|x64
		{F9A754A6-EEA5-4761-9446-C2AAF9CF8B31}.Deploy|Any CPU.Build.0 = Release|x64
		{F9A754A6-EEA5-4761-9446-C2AAF9CF8B31}.Deploy|x64.ActiveCfg = Release|x64
		{F9A754A6-EEA5-4761-9446-C2AAF9CF8B31}.Deploy|x64.Build.0 = Release|x64
		{F9A754A6-EEA5-4761-9446-C2AAF9CF8B31}.Deploy|x86.ActiveCfg = Release|x86
		{F9A754A6-EEA5-4761-9446-C2AAF9CF8B31}.Deploy|x86.Build.0 = Release|x86
		{F9A754A6-EEA5-4761-9446-C2AAF9CF8B31}.Nuget|Any CPU.ActiveCfg = Nuget|Any CPU
		{F9A754A6-EEA5-4761-9446-C2AAF9CF8B31}.Nuget|Any CPU.Build.0 = Nuget|Any CPU
		{F9A754A6-EEA5-4761-9446-C2AAF9CF8B31}.Nuget|x64.ActiveCfg = Nuget|x64
		{F9A754A6-EEA5-4761-9446-C2AAF9CF8B31}.Nuget|x86.ActiveCfg = Nuget|x86
		{F9A754A6-EEA5-4761-9446-C2AAF9CF8B31}.Release|Any CPU.ActiveCfg = Release|x64
		{F9A754A6-EEA5-4761-9446-C2AAF9CF8B31}.Release|Any CPU.Build.0 = Release|x64
		{F9A754A6-EEA5-4761-9446-C2AAF9CF8B31}.Release|x64.ActiveCfg = Release|x64
		{F9A754A6-EEA5-4761-9446-C2AAF9CF8B31}.Release|x64.Build.0 = Release|x64
		{F9A754A6-EEA5-4761-9446-C2AAF9CF8B31}.Release|x86.ActiveCfg = Release|x86
		{F9A754A6-EEA5-4761-9446-C2AAF9CF8B31}.Release|x86.Build.0 = Release|x86
		{6AD35106-187B-4A3A-A801-E665CD12E020}.Debug|Any CPU.ActiveCfg = Debug|Any CPU
		{6AD35106-187B-4A3A-A801-E665CD12E020}.Debug|Any CPU.Build.0 = Debug|Any CPU
		{6AD35106-187B-4A3A-A801-E665CD12E020}.Debug|x64.ActiveCfg = Debug|Any CPU
		{6AD35106-187B-4A3A-A801-E665CD12E020}.Debug|x64.Build.0 = Debug|Any CPU
		{6AD35106-187B-4A3A-A801-E665CD12E020}.Debug|x86.ActiveCfg = Debug|Any CPU
		{6AD35106-187B-4A3A-A801-E665CD12E020}.Debug|x86.Build.0 = Debug|Any CPU
		{6AD35106-187B-4A3A-A801-E665CD12E020}.Deploy|Any CPU.ActiveCfg = Release|Any CPU
		{6AD35106-187B-4A3A-A801-E665CD12E020}.Deploy|Any CPU.Build.0 = Release|Any CPU
		{6AD35106-187B-4A3A-A801-E665CD12E020}.Deploy|x64.ActiveCfg = Release|Any CPU
		{6AD35106-187B-4A3A-A801-E665CD12E020}.Deploy|x64.Build.0 = Release|Any CPU
		{6AD35106-187B-4A3A-A801-E665CD12E020}.Deploy|x86.ActiveCfg = Release|Any CPU
		{6AD35106-187B-4A3A-A801-E665CD12E020}.Deploy|x86.Build.0 = Release|Any CPU
		{6AD35106-187B-4A3A-A801-E665CD12E020}.Nuget|Any CPU.ActiveCfg = Nuget|Any CPU
		{6AD35106-187B-4A3A-A801-E665CD12E020}.Nuget|Any CPU.Build.0 = Nuget|Any CPU
		{6AD35106-187B-4A3A-A801-E665CD12E020}.Nuget|x64.ActiveCfg = Nuget|x64
		{6AD35106-187B-4A3A-A801-E665CD12E020}.Nuget|x86.ActiveCfg = Nuget|x86
		{6AD35106-187B-4A3A-A801-E665CD12E020}.Release|Any CPU.ActiveCfg = Release|Any CPU
		{6AD35106-187B-4A3A-A801-E665CD12E020}.Release|Any CPU.Build.0 = Release|Any CPU
		{6AD35106-187B-4A3A-A801-E665CD12E020}.Release|x64.ActiveCfg = Release|Any CPU
		{6AD35106-187B-4A3A-A801-E665CD12E020}.Release|x64.Build.0 = Release|Any CPU
		{6AD35106-187B-4A3A-A801-E665CD12E020}.Release|x86.ActiveCfg = Release|Any CPU
		{6AD35106-187B-4A3A-A801-E665CD12E020}.Release|x86.Build.0 = Release|Any CPU
		{93CDB07F-0BB6-4891-B793-9C02114A88AE}.Debug|Any CPU.ActiveCfg = Debug|Any CPU
		{93CDB07F-0BB6-4891-B793-9C02114A88AE}.Debug|Any CPU.Build.0 = Debug|Any CPU
		{93CDB07F-0BB6-4891-B793-9C02114A88AE}.Debug|x64.ActiveCfg = Debug|Any CPU
		{93CDB07F-0BB6-4891-B793-9C02114A88AE}.Debug|x64.Build.0 = Debug|Any CPU
		{93CDB07F-0BB6-4891-B793-9C02114A88AE}.Debug|x86.ActiveCfg = Debug|Any CPU
		{93CDB07F-0BB6-4891-B793-9C02114A88AE}.Debug|x86.Build.0 = Debug|Any CPU
		{93CDB07F-0BB6-4891-B793-9C02114A88AE}.Deploy|Any CPU.ActiveCfg = Release|Any CPU
		{93CDB07F-0BB6-4891-B793-9C02114A88AE}.Deploy|Any CPU.Build.0 = Release|Any CPU
		{93CDB07F-0BB6-4891-B793-9C02114A88AE}.Deploy|x64.ActiveCfg = Release|Any CPU
		{93CDB07F-0BB6-4891-B793-9C02114A88AE}.Deploy|x64.Build.0 = Release|Any CPU
		{93CDB07F-0BB6-4891-B793-9C02114A88AE}.Deploy|x86.ActiveCfg = Release|Any CPU
		{93CDB07F-0BB6-4891-B793-9C02114A88AE}.Deploy|x86.Build.0 = Release|Any CPU
		{93CDB07F-0BB6-4891-B793-9C02114A88AE}.Nuget|Any CPU.ActiveCfg = Nuget|Any CPU
		{93CDB07F-0BB6-4891-B793-9C02114A88AE}.Nuget|Any CPU.Build.0 = Nuget|Any CPU
		{93CDB07F-0BB6-4891-B793-9C02114A88AE}.Nuget|x64.ActiveCfg = Nuget|x64
		{93CDB07F-0BB6-4891-B793-9C02114A88AE}.Nuget|x86.ActiveCfg = Nuget|x86
		{93CDB07F-0BB6-4891-B793-9C02114A88AE}.Release|Any CPU.ActiveCfg = Release|Any CPU
		{93CDB07F-0BB6-4891-B793-9C02114A88AE}.Release|Any CPU.Build.0 = Release|Any CPU
		{93CDB07F-0BB6-4891-B793-9C02114A88AE}.Release|x64.ActiveCfg = Release|Any CPU
		{93CDB07F-0BB6-4891-B793-9C02114A88AE}.Release|x64.Build.0 = Release|Any CPU
		{93CDB07F-0BB6-4891-B793-9C02114A88AE}.Release|x86.ActiveCfg = Release|Any CPU
		{93CDB07F-0BB6-4891-B793-9C02114A88AE}.Release|x86.Build.0 = Release|Any CPU
		{9A20948B-DF40-4D71-B1CD-39DA080C044C}.Debug|Any CPU.ActiveCfg = Debug|x64
		{9A20948B-DF40-4D71-B1CD-39DA080C044C}.Debug|Any CPU.Build.0 = Debug|x64
		{9A20948B-DF40-4D71-B1CD-39DA080C044C}.Debug|x64.ActiveCfg = Debug|x64
		{9A20948B-DF40-4D71-B1CD-39DA080C044C}.Debug|x64.Build.0 = Debug|x64
		{9A20948B-DF40-4D71-B1CD-39DA080C044C}.Debug|x86.ActiveCfg = Debug|x86
		{9A20948B-DF40-4D71-B1CD-39DA080C044C}.Debug|x86.Build.0 = Debug|x86
		{9A20948B-DF40-4D71-B1CD-39DA080C044C}.Deploy|Any CPU.ActiveCfg = Release|x64
		{9A20948B-DF40-4D71-B1CD-39DA080C044C}.Deploy|Any CPU.Build.0 = Release|x64
		{9A20948B-DF40-4D71-B1CD-39DA080C044C}.Deploy|x64.ActiveCfg = Release|x64
		{9A20948B-DF40-4D71-B1CD-39DA080C044C}.Deploy|x64.Build.0 = Release|x64
		{9A20948B-DF40-4D71-B1CD-39DA080C044C}.Deploy|x86.ActiveCfg = Release|x86
		{9A20948B-DF40-4D71-B1CD-39DA080C044C}.Deploy|x86.Build.0 = Release|x86
		{9A20948B-DF40-4D71-B1CD-39DA080C044C}.Nuget|Any CPU.ActiveCfg = Nuget|Any CPU
		{9A20948B-DF40-4D71-B1CD-39DA080C044C}.Nuget|Any CPU.Build.0 = Nuget|Any CPU
		{9A20948B-DF40-4D71-B1CD-39DA080C044C}.Nuget|x64.ActiveCfg = Nuget|x64
		{9A20948B-DF40-4D71-B1CD-39DA080C044C}.Nuget|x86.ActiveCfg = Nuget|x86
		{9A20948B-DF40-4D71-B1CD-39DA080C044C}.Release|Any CPU.ActiveCfg = Release|x64
		{9A20948B-DF40-4D71-B1CD-39DA080C044C}.Release|Any CPU.Build.0 = Release|x64
		{9A20948B-DF40-4D71-B1CD-39DA080C044C}.Release|x64.ActiveCfg = Release|x64
		{9A20948B-DF40-4D71-B1CD-39DA080C044C}.Release|x64.Build.0 = Release|x64
		{9A20948B-DF40-4D71-B1CD-39DA080C044C}.Release|x86.ActiveCfg = Release|x86
		{9A20948B-DF40-4D71-B1CD-39DA080C044C}.Release|x86.Build.0 = Release|x86
		{98936436-EA28-437E-A2A4-CC7CAA532658}.Debug|Any CPU.ActiveCfg = Debug|x64
		{98936436-EA28-437E-A2A4-CC7CAA532658}.Debug|Any CPU.Build.0 = Debug|x64
		{98936436-EA28-437E-A2A4-CC7CAA532658}.Debug|x64.ActiveCfg = Debug|x64
		{98936436-EA28-437E-A2A4-CC7CAA532658}.Debug|x64.Build.0 = Debug|x64
		{98936436-EA28-437E-A2A4-CC7CAA532658}.Debug|x86.ActiveCfg = Debug|x86
		{98936436-EA28-437E-A2A4-CC7CAA532658}.Debug|x86.Build.0 = Debug|x86
		{98936436-EA28-437E-A2A4-CC7CAA532658}.Deploy|Any CPU.ActiveCfg = Release|x64
		{98936436-EA28-437E-A2A4-CC7CAA532658}.Deploy|Any CPU.Build.0 = Release|x64
		{98936436-EA28-437E-A2A4-CC7CAA532658}.Deploy|x64.ActiveCfg = Release|x64
		{98936436-EA28-437E-A2A4-CC7CAA532658}.Deploy|x64.Build.0 = Release|x64
		{98936436-EA28-437E-A2A4-CC7CAA532658}.Deploy|x86.ActiveCfg = Release|x86
		{98936436-EA28-437E-A2A4-CC7CAA532658}.Deploy|x86.Build.0 = Release|x86
		{98936436-EA28-437E-A2A4-CC7CAA532658}.Nuget|Any CPU.ActiveCfg = Nuget|Any CPU
		{98936436-EA28-437E-A2A4-CC7CAA532658}.Nuget|x64.ActiveCfg = Nuget|x64
		{98936436-EA28-437E-A2A4-CC7CAA532658}.Nuget|x86.ActiveCfg = Nuget|x86
		{98936436-EA28-437E-A2A4-CC7CAA532658}.Release|Any CPU.ActiveCfg = Release|x64
		{98936436-EA28-437E-A2A4-CC7CAA532658}.Release|Any CPU.Build.0 = Release|x64
		{98936436-EA28-437E-A2A4-CC7CAA532658}.Release|x64.ActiveCfg = Release|x64
		{98936436-EA28-437E-A2A4-CC7CAA532658}.Release|x64.Build.0 = Release|x64
		{98936436-EA28-437E-A2A4-CC7CAA532658}.Release|x86.ActiveCfg = Release|x86
		{98936436-EA28-437E-A2A4-CC7CAA532658}.Release|x86.Build.0 = Release|x86
		{304E1C6A-585F-4748-8E3B-33558E35B0D4}.Debug|Any CPU.ActiveCfg = Debug|x64
		{304E1C6A-585F-4748-8E3B-33558E35B0D4}.Debug|Any CPU.Build.0 = Debug|x64
		{304E1C6A-585F-4748-8E3B-33558E35B0D4}.Debug|x64.ActiveCfg = Debug|x64
		{304E1C6A-585F-4748-8E3B-33558E35B0D4}.Debug|x64.Build.0 = Debug|x64
		{304E1C6A-585F-4748-8E3B-33558E35B0D4}.Debug|x86.ActiveCfg = Debug|x86
		{304E1C6A-585F-4748-8E3B-33558E35B0D4}.Debug|x86.Build.0 = Debug|x86
		{304E1C6A-585F-4748-8E3B-33558E35B0D4}.Deploy|Any CPU.ActiveCfg = Release|x64
		{304E1C6A-585F-4748-8E3B-33558E35B0D4}.Deploy|Any CPU.Build.0 = Release|x64
		{304E1C6A-585F-4748-8E3B-33558E35B0D4}.Deploy|x64.ActiveCfg = Release|x64
		{304E1C6A-585F-4748-8E3B-33558E35B0D4}.Deploy|x64.Build.0 = Release|x64
		{304E1C6A-585F-4748-8E3B-33558E35B0D4}.Deploy|x86.ActiveCfg = Release|x86
		{304E1C6A-585F-4748-8E3B-33558E35B0D4}.Deploy|x86.Build.0 = Release|x86
		{304E1C6A-585F-4748-8E3B-33558E35B0D4}.Nuget|Any CPU.ActiveCfg = Nuget|Any CPU
		{304E1C6A-585F-4748-8E3B-33558E35B0D4}.Nuget|x64.ActiveCfg = Nuget|x64
		{304E1C6A-585F-4748-8E3B-33558E35B0D4}.Nuget|x86.ActiveCfg = Nuget|x86
		{304E1C6A-585F-4748-8E3B-33558E35B0D4}.Release|Any CPU.ActiveCfg = Release|x64
		{304E1C6A-585F-4748-8E3B-33558E35B0D4}.Release|Any CPU.Build.0 = Release|x64
		{304E1C6A-585F-4748-8E3B-33558E35B0D4}.Release|x64.ActiveCfg = Release|x64
		{304E1C6A-585F-4748-8E3B-33558E35B0D4}.Release|x64.Build.0 = Release|x64
		{304E1C6A-585F-4748-8E3B-33558E35B0D4}.Release|x86.ActiveCfg = Release|x86
		{304E1C6A-585F-4748-8E3B-33558E35B0D4}.Release|x86.Build.0 = Release|x86
		{8B9D2C28-4394-4C86-A14C-B0021EC29089}.Debug|Any CPU.ActiveCfg = Debug|x64
		{8B9D2C28-4394-4C86-A14C-B0021EC29089}.Debug|Any CPU.Build.0 = Debug|x64
		{8B9D2C28-4394-4C86-A14C-B0021EC29089}.Debug|x64.ActiveCfg = Debug|x64
		{8B9D2C28-4394-4C86-A14C-B0021EC29089}.Debug|x64.Build.0 = Debug|x64
		{8B9D2C28-4394-4C86-A14C-B0021EC29089}.Debug|x86.ActiveCfg = Debug|x86
		{8B9D2C28-4394-4C86-A14C-B0021EC29089}.Debug|x86.Build.0 = Debug|x86
		{8B9D2C28-4394-4C86-A14C-B0021EC29089}.Deploy|Any CPU.ActiveCfg = Release|x64
		{8B9D2C28-4394-4C86-A14C-B0021EC29089}.Deploy|Any CPU.Build.0 = Release|x64
		{8B9D2C28-4394-4C86-A14C-B0021EC29089}.Deploy|x64.ActiveCfg = Release|x64
		{8B9D2C28-4394-4C86-A14C-B0021EC29089}.Deploy|x64.Build.0 = Release|x64
		{8B9D2C28-4394-4C86-A14C-B0021EC29089}.Deploy|x86.ActiveCfg = Release|x86
		{8B9D2C28-4394-4C86-A14C-B0021EC29089}.Deploy|x86.Build.0 = Release|x86
		{8B9D2C28-4394-4C86-A14C-B0021EC29089}.Nuget|Any CPU.ActiveCfg = Nuget|Any CPU
		{8B9D2C28-4394-4C86-A14C-B0021EC29089}.Nuget|x64.ActiveCfg = Nuget|x64
		{8B9D2C28-4394-4C86-A14C-B0021EC29089}.Nuget|x86.ActiveCfg = Nuget|x86
		{8B9D2C28-4394-4C86-A14C-B0021EC29089}.Release|Any CPU.ActiveCfg = Release|x64
		{8B9D2C28-4394-4C86-A14C-B0021EC29089}.Release|Any CPU.Build.0 = Release|x64
		{8B9D2C28-4394-4C86-A14C-B0021EC29089}.Release|x64.ActiveCfg = Release|x64
		{8B9D2C28-4394-4C86-A14C-B0021EC29089}.Release|x64.Build.0 = Release|x64
		{8B9D2C28-4394-4C86-A14C-B0021EC29089}.Release|x86.ActiveCfg = Release|x86
		{8B9D2C28-4394-4C86-A14C-B0021EC29089}.Release|x86.Build.0 = Release|x86
		{716F4773-5590-4DD6-A9BC-3FE905D22DA5}.Debug|Any CPU.ActiveCfg = Debug|x64
		{716F4773-5590-4DD6-A9BC-3FE905D22DA5}.Debug|Any CPU.Build.0 = Debug|x64
		{716F4773-5590-4DD6-A9BC-3FE905D22DA5}.Debug|x64.ActiveCfg = Debug|x64
		{716F4773-5590-4DD6-A9BC-3FE905D22DA5}.Debug|x64.Build.0 = Debug|x64
		{716F4773-5590-4DD6-A9BC-3FE905D22DA5}.Debug|x86.ActiveCfg = Debug|x86
		{716F4773-5590-4DD6-A9BC-3FE905D22DA5}.Debug|x86.Build.0 = Debug|x86
		{716F4773-5590-4DD6-A9BC-3FE905D22DA5}.Deploy|Any CPU.ActiveCfg = Release|x64
		{716F4773-5590-4DD6-A9BC-3FE905D22DA5}.Deploy|Any CPU.Build.0 = Release|x64
		{716F4773-5590-4DD6-A9BC-3FE905D22DA5}.Deploy|x64.ActiveCfg = Release|x64
		{716F4773-5590-4DD6-A9BC-3FE905D22DA5}.Deploy|x64.Build.0 = Release|x64
		{716F4773-5590-4DD6-A9BC-3FE905D22DA5}.Deploy|x86.ActiveCfg = Release|x86
		{716F4773-5590-4DD6-A9BC-3FE905D22DA5}.Deploy|x86.Build.0 = Release|x86
		{716F4773-5590-4DD6-A9BC-3FE905D22DA5}.Nuget|Any CPU.ActiveCfg = Nuget|Any CPU
		{716F4773-5590-4DD6-A9BC-3FE905D22DA5}.Nuget|x64.ActiveCfg = Nuget|x64
		{716F4773-5590-4DD6-A9BC-3FE905D22DA5}.Nuget|x86.ActiveCfg = Nuget|x86
		{716F4773-5590-4DD6-A9BC-3FE905D22DA5}.Release|Any CPU.ActiveCfg = Release|x64
		{716F4773-5590-4DD6-A9BC-3FE905D22DA5}.Release|Any CPU.Build.0 = Release|x64
		{716F4773-5590-4DD6-A9BC-3FE905D22DA5}.Release|x64.ActiveCfg = Release|x64
		{716F4773-5590-4DD6-A9BC-3FE905D22DA5}.Release|x64.Build.0 = Release|x64
		{716F4773-5590-4DD6-A9BC-3FE905D22DA5}.Release|x86.ActiveCfg = Release|x86
		{716F4773-5590-4DD6-A9BC-3FE905D22DA5}.Release|x86.Build.0 = Release|x86
		{639A1C44-DA07-4F08-8A90-8B8845515BF4}.Debug|Any CPU.ActiveCfg = Debug|x64
		{639A1C44-DA07-4F08-8A90-8B8845515BF4}.Debug|Any CPU.Build.0 = Debug|x64
		{639A1C44-DA07-4F08-8A90-8B8845515BF4}.Debug|x64.ActiveCfg = Debug|x64
		{639A1C44-DA07-4F08-8A90-8B8845515BF4}.Debug|x64.Build.0 = Debug|x64
		{639A1C44-DA07-4F08-8A90-8B8845515BF4}.Debug|x86.ActiveCfg = Debug|x86
		{639A1C44-DA07-4F08-8A90-8B8845515BF4}.Debug|x86.Build.0 = Debug|x86
		{639A1C44-DA07-4F08-8A90-8B8845515BF4}.Deploy|Any CPU.ActiveCfg = Release|x64
		{639A1C44-DA07-4F08-8A90-8B8845515BF4}.Deploy|Any CPU.Build.0 = Release|x64
		{639A1C44-DA07-4F08-8A90-8B8845515BF4}.Deploy|x64.ActiveCfg = Release|x64
		{639A1C44-DA07-4F08-8A90-8B8845515BF4}.Deploy|x64.Build.0 = Release|x64
		{639A1C44-DA07-4F08-8A90-8B8845515BF4}.Deploy|x86.ActiveCfg = Release|x86
		{639A1C44-DA07-4F08-8A90-8B8845515BF4}.Deploy|x86.Build.0 = Release|x86
		{639A1C44-DA07-4F08-8A90-8B8845515BF4}.Nuget|Any CPU.ActiveCfg = Nuget|Any CPU
		{639A1C44-DA07-4F08-8A90-8B8845515BF4}.Nuget|x64.ActiveCfg = Nuget|x64
		{639A1C44-DA07-4F08-8A90-8B8845515BF4}.Nuget|x86.ActiveCfg = Nuget|x86
		{639A1C44-DA07-4F08-8A90-8B8845515BF4}.Release|Any CPU.ActiveCfg = Release|x64
		{639A1C44-DA07-4F08-8A90-8B8845515BF4}.Release|Any CPU.Build.0 = Release|x64
		{639A1C44-DA07-4F08-8A90-8B8845515BF4}.Release|x64.ActiveCfg = Release|x64
		{639A1C44-DA07-4F08-8A90-8B8845515BF4}.Release|x64.Build.0 = Release|x64
		{639A1C44-DA07-4F08-8A90-8B8845515BF4}.Release|x86.ActiveCfg = Release|x86
		{639A1C44-DA07-4F08-8A90-8B8845515BF4}.Release|x86.Build.0 = Release|x86
		{E0C5B55A-37EA-48D6-95B9-5EEF07C4AD8E}.Debug|Any CPU.ActiveCfg = Debug|x64
		{E0C5B55A-37EA-48D6-95B9-5EEF07C4AD8E}.Debug|Any CPU.Build.0 = Debug|x64
		{E0C5B55A-37EA-48D6-95B9-5EEF07C4AD8E}.Debug|x64.ActiveCfg = Debug|x64
		{E0C5B55A-37EA-48D6-95B9-5EEF07C4AD8E}.Debug|x64.Build.0 = Debug|x64
		{E0C5B55A-37EA-48D6-95B9-5EEF07C4AD8E}.Debug|x86.ActiveCfg = Debug|x86
		{E0C5B55A-37EA-48D6-95B9-5EEF07C4AD8E}.Debug|x86.Build.0 = Debug|x86
		{E0C5B55A-37EA-48D6-95B9-5EEF07C4AD8E}.Deploy|Any CPU.ActiveCfg = Release|x64
		{E0C5B55A-37EA-48D6-95B9-5EEF07C4AD8E}.Deploy|Any CPU.Build.0 = Release|x64
		{E0C5B55A-37EA-48D6-95B9-5EEF07C4AD8E}.Deploy|x64.ActiveCfg = Release|x64
		{E0C5B55A-37EA-48D6-95B9-5EEF07C4AD8E}.Deploy|x64.Build.0 = Release|x64
		{E0C5B55A-37EA-48D6-95B9-5EEF07C4AD8E}.Deploy|x86.ActiveCfg = Release|x86
		{E0C5B55A-37EA-48D6-95B9-5EEF07C4AD8E}.Deploy|x86.Build.0 = Release|x86
		{E0C5B55A-37EA-48D6-95B9-5EEF07C4AD8E}.Nuget|Any CPU.ActiveCfg = Nuget|Any CPU
		{E0C5B55A-37EA-48D6-95B9-5EEF07C4AD8E}.Nuget|x64.ActiveCfg = Nuget|x64
		{E0C5B55A-37EA-48D6-95B9-5EEF07C4AD8E}.Nuget|x86.ActiveCfg = Nuget|x86
		{E0C5B55A-37EA-48D6-95B9-5EEF07C4AD8E}.Release|Any CPU.ActiveCfg = Release|x64
		{E0C5B55A-37EA-48D6-95B9-5EEF07C4AD8E}.Release|Any CPU.Build.0 = Release|x64
		{E0C5B55A-37EA-48D6-95B9-5EEF07C4AD8E}.Release|x64.ActiveCfg = Release|x64
		{E0C5B55A-37EA-48D6-95B9-5EEF07C4AD8E}.Release|x64.Build.0 = Release|x64
		{E0C5B55A-37EA-48D6-95B9-5EEF07C4AD8E}.Release|x86.ActiveCfg = Release|x86
		{E0C5B55A-37EA-48D6-95B9-5EEF07C4AD8E}.Release|x86.Build.0 = Release|x86
		{E051BB88-5211-4EF7-962B-59657D171297}.Debug|Any CPU.ActiveCfg = Debug|x64
		{E051BB88-5211-4EF7-962B-59657D171297}.Debug|Any CPU.Build.0 = Debug|x64
		{E051BB88-5211-4EF7-962B-59657D171297}.Debug|x64.ActiveCfg = Debug|x64
		{E051BB88-5211-4EF7-962B-59657D171297}.Debug|x64.Build.0 = Debug|x64
		{E051BB88-5211-4EF7-962B-59657D171297}.Debug|x86.ActiveCfg = Debug|x86
		{E051BB88-5211-4EF7-962B-59657D171297}.Debug|x86.Build.0 = Debug|x86
		{E051BB88-5211-4EF7-962B-59657D171297}.Deploy|Any CPU.ActiveCfg = Release|x64
		{E051BB88-5211-4EF7-962B-59657D171297}.Deploy|Any CPU.Build.0 = Release|x64
		{E051BB88-5211-4EF7-962B-59657D171297}.Deploy|x64.ActiveCfg = Release|x64
		{E051BB88-5211-4EF7-962B-59657D171297}.Deploy|x64.Build.0 = Release|x64
		{E051BB88-5211-4EF7-962B-59657D171297}.Deploy|x86.ActiveCfg = Release|x86
		{E051BB88-5211-4EF7-962B-59657D171297}.Deploy|x86.Build.0 = Release|x86
		{E051BB88-5211-4EF7-962B-59657D171297}.Nuget|Any CPU.ActiveCfg = Nuget|Any CPU
		{E051BB88-5211-4EF7-962B-59657D171297}.Nuget|x64.ActiveCfg = Nuget|x64
		{E051BB88-5211-4EF7-962B-59657D171297}.Nuget|x86.ActiveCfg = Nuget|x86
		{E051BB88-5211-4EF7-962B-59657D171297}.Release|Any CPU.ActiveCfg = Release|x64
		{E051BB88-5211-4EF7-962B-59657D171297}.Release|Any CPU.Build.0 = Release|x64
		{E051BB88-5211-4EF7-962B-59657D171297}.Release|x64.ActiveCfg = Release|x64
		{E051BB88-5211-4EF7-962B-59657D171297}.Release|x64.Build.0 = Release|x64
		{E051BB88-5211-4EF7-962B-59657D171297}.Release|x86.ActiveCfg = Release|x86
		{E051BB88-5211-4EF7-962B-59657D171297}.Release|x86.Build.0 = Release|x86
		{A63D2EA4-D87C-459B-B57F-19A76A7ADAF0}.Debug|Any CPU.ActiveCfg = Debug|x64
		{A63D2EA4-D87C-459B-B57F-19A76A7ADAF0}.Debug|Any CPU.Build.0 = Debug|x64
		{A63D2EA4-D87C-459B-B57F-19A76A7ADAF0}.Debug|x64.ActiveCfg = Debug|x64
		{A63D2EA4-D87C-459B-B57F-19A76A7ADAF0}.Debug|x64.Build.0 = Debug|x64
		{A63D2EA4-D87C-459B-B57F-19A76A7ADAF0}.Debug|x86.ActiveCfg = Debug|x86
		{A63D2EA4-D87C-459B-B57F-19A76A7ADAF0}.Debug|x86.Build.0 = Debug|x86
		{A63D2EA4-D87C-459B-B57F-19A76A7ADAF0}.Deploy|Any CPU.ActiveCfg = Release|x64
		{A63D2EA4-D87C-459B-B57F-19A76A7ADAF0}.Deploy|Any CPU.Build.0 = Release|x64
		{A63D2EA4-D87C-459B-B57F-19A76A7ADAF0}.Deploy|x64.ActiveCfg = Release|x64
		{A63D2EA4-D87C-459B-B57F-19A76A7ADAF0}.Deploy|x64.Build.0 = Release|x64
		{A63D2EA4-D87C-459B-B57F-19A76A7ADAF0}.Deploy|x86.ActiveCfg = Release|x86
		{A63D2EA4-D87C-459B-B57F-19A76A7ADAF0}.Deploy|x86.Build.0 = Release|x86
		{A63D2EA4-D87C-459B-B57F-19A76A7ADAF0}.Nuget|Any CPU.ActiveCfg = Nuget|Any CPU
		{A63D2EA4-D87C-459B-B57F-19A76A7ADAF0}.Nuget|x64.ActiveCfg = Nuget|x64
		{A63D2EA4-D87C-459B-B57F-19A76A7ADAF0}.Nuget|x86.ActiveCfg = Nuget|x86
		{A63D2EA4-D87C-459B-B57F-19A76A7ADAF0}.Release|Any CPU.ActiveCfg = Release|x64
		{A63D2EA4-D87C-459B-B57F-19A76A7ADAF0}.Release|Any CPU.Build.0 = Release|x64
		{A63D2EA4-D87C-459B-B57F-19A76A7ADAF0}.Release|x64.ActiveCfg = Release|x64
		{A63D2EA4-D87C-459B-B57F-19A76A7ADAF0}.Release|x64.Build.0 = Release|x64
		{A63D2EA4-D87C-459B-B57F-19A76A7ADAF0}.Release|x86.ActiveCfg = Release|x86
		{A63D2EA4-D87C-459B-B57F-19A76A7ADAF0}.Release|x86.Build.0 = Release|x86
		{FA8072CA-3343-4199-AC22-62B9E352BAE8}.Debug|Any CPU.ActiveCfg = Debug|x64
		{FA8072CA-3343-4199-AC22-62B9E352BAE8}.Debug|Any CPU.Build.0 = Debug|x64
		{FA8072CA-3343-4199-AC22-62B9E352BAE8}.Debug|x64.ActiveCfg = Debug|x64
		{FA8072CA-3343-4199-AC22-62B9E352BAE8}.Debug|x64.Build.0 = Debug|x64
		{FA8072CA-3343-4199-AC22-62B9E352BAE8}.Debug|x86.ActiveCfg = Debug|x86
		{FA8072CA-3343-4199-AC22-62B9E352BAE8}.Debug|x86.Build.0 = Debug|x86
		{FA8072CA-3343-4199-AC22-62B9E352BAE8}.Deploy|Any CPU.ActiveCfg = Deploy|x64
		{FA8072CA-3343-4199-AC22-62B9E352BAE8}.Deploy|Any CPU.Build.0 = Deploy|x64
		{FA8072CA-3343-4199-AC22-62B9E352BAE8}.Deploy|x64.ActiveCfg = Deploy|x64
		{FA8072CA-3343-4199-AC22-62B9E352BAE8}.Deploy|x64.Build.0 = Deploy|x64
		{FA8072CA-3343-4199-AC22-62B9E352BAE8}.Deploy|x86.ActiveCfg = Deploy|x86
		{FA8072CA-3343-4199-AC22-62B9E352BAE8}.Deploy|x86.Build.0 = Deploy|x86
		{FA8072CA-3343-4199-AC22-62B9E352BAE8}.Nuget|Any CPU.ActiveCfg = Release|Any CPU
		{FA8072CA-3343-4199-AC22-62B9E352BAE8}.Nuget|x64.ActiveCfg = Release|x64
		{FA8072CA-3343-4199-AC22-62B9E352BAE8}.Nuget|x86.ActiveCfg = Release|x86
		{FA8072CA-3343-4199-AC22-62B9E352BAE8}.Release|Any CPU.ActiveCfg = Release|x64
		{FA8072CA-3343-4199-AC22-62B9E352BAE8}.Release|Any CPU.Build.0 = Release|x64
		{FA8072CA-3343-4199-AC22-62B9E352BAE8}.Release|x64.ActiveCfg = Release|x64
		{FA8072CA-3343-4199-AC22-62B9E352BAE8}.Release|x64.Build.0 = Release|x64
		{FA8072CA-3343-4199-AC22-62B9E352BAE8}.Release|x86.ActiveCfg = Release|x86
		{FA8072CA-3343-4199-AC22-62B9E352BAE8}.Release|x86.Build.0 = Release|x86
		{C39E8F1A-D00B-4068-B558-856B8B8BDBAC}.Debug|Any CPU.ActiveCfg = Debug|Any CPU
		{C39E8F1A-D00B-4068-B558-856B8B8BDBAC}.Debug|Any CPU.Build.0 = Debug|Any CPU
		{C39E8F1A-D00B-4068-B558-856B8B8BDBAC}.Debug|x64.ActiveCfg = Debug|Any CPU
		{C39E8F1A-D00B-4068-B558-856B8B8BDBAC}.Debug|x64.Build.0 = Debug|Any CPU
		{C39E8F1A-D00B-4068-B558-856B8B8BDBAC}.Debug|x86.ActiveCfg = Debug|Any CPU
		{C39E8F1A-D00B-4068-B558-856B8B8BDBAC}.Debug|x86.Build.0 = Debug|Any CPU
		{C39E8F1A-D00B-4068-B558-856B8B8BDBAC}.Deploy|Any CPU.ActiveCfg = Release|Any CPU
		{C39E8F1A-D00B-4068-B558-856B8B8BDBAC}.Deploy|Any CPU.Build.0 = Release|Any CPU
		{C39E8F1A-D00B-4068-B558-856B8B8BDBAC}.Deploy|x64.ActiveCfg = Release|Any CPU
		{C39E8F1A-D00B-4068-B558-856B8B8BDBAC}.Deploy|x64.Build.0 = Release|Any CPU
		{C39E8F1A-D00B-4068-B558-856B8B8BDBAC}.Deploy|x86.ActiveCfg = Release|Any CPU
		{C39E8F1A-D00B-4068-B558-856B8B8BDBAC}.Deploy|x86.Build.0 = Release|Any CPU
		{C39E8F1A-D00B-4068-B558-856B8B8BDBAC}.Nuget|Any CPU.ActiveCfg = Release|Any CPU
		{C39E8F1A-D00B-4068-B558-856B8B8BDBAC}.Nuget|Any CPU.Build.0 = Release|Any CPU
		{C39E8F1A-D00B-4068-B558-856B8B8BDBAC}.Nuget|x64.ActiveCfg = Release|Any CPU
		{C39E8F1A-D00B-4068-B558-856B8B8BDBAC}.Nuget|x64.Build.0 = Release|Any CPU
		{C39E8F1A-D00B-4068-B558-856B8B8BDBAC}.Nuget|x86.ActiveCfg = Release|Any CPU
		{C39E8F1A-D00B-4068-B558-856B8B8BDBAC}.Nuget|x86.Build.0 = Release|Any CPU
		{C39E8F1A-D00B-4068-B558-856B8B8BDBAC}.Release|Any CPU.ActiveCfg = Release|Any CPU
		{C39E8F1A-D00B-4068-B558-856B8B8BDBAC}.Release|Any CPU.Build.0 = Release|Any CPU
		{C39E8F1A-D00B-4068-B558-856B8B8BDBAC}.Release|x64.ActiveCfg = Release|Any CPU
		{C39E8F1A-D00B-4068-B558-856B8B8BDBAC}.Release|x64.Build.0 = Release|Any CPU
		{C39E8F1A-D00B-4068-B558-856B8B8BDBAC}.Release|x86.ActiveCfg = Release|Any CPU
		{C39E8F1A-D00B-4068-B558-856B8B8BDBAC}.Release|x86.Build.0 = Release|Any CPU
	EndGlobalSection
	GlobalSection(SolutionProperties) = preSolution
		HideSolutionNode = FALSE
	EndGlobalSection
	GlobalSection(NestedProjects) = preSolution
		{87863121-C124-4585-B3BB-7706F03ECC64} = {704B6D46-8445-4315-8128-F331143A113E}
		{C3773330-81FA-4253-823E-1BDE1529AA99} = {704B6D46-8445-4315-8128-F331143A113E}
		{837C740A-485C-424C-8C38-086ED3DC73CB} = {704B6D46-8445-4315-8128-F331143A113E}
		{F9A754A6-EEA5-4761-9446-C2AAF9CF8B31} = {704B6D46-8445-4315-8128-F331143A113E}
		{6AD35106-187B-4A3A-A801-E665CD12E020} = {704B6D46-8445-4315-8128-F331143A113E}
		{93CDB07F-0BB6-4891-B793-9C02114A88AE} = {704B6D46-8445-4315-8128-F331143A113E}
		{9A20948B-DF40-4D71-B1CD-39DA080C044C} = {704B6D46-8445-4315-8128-F331143A113E}
		{98936436-EA28-437E-A2A4-CC7CAA532658} = {7FE983D0-4392-451C-9BAE-2CA9036FAB04}
		{304E1C6A-585F-4748-8E3B-33558E35B0D4} = {7FE983D0-4392-451C-9BAE-2CA9036FAB04}
		{90D41549-2657-4E4A-AF4E-3214A007C991} = {C11D1E7D-56CC-4DE9-A43A-308B39408D50}
		{A2B1BF86-17C2-4122-AB0A-1789B19793E5} = {90D41549-2657-4E4A-AF4E-3214A007C991}
		{8B9D2C28-4394-4C86-A14C-B0021EC29089} = {A2B1BF86-17C2-4122-AB0A-1789B19793E5}
		{716F4773-5590-4DD6-A9BC-3FE905D22DA5} = {90D41549-2657-4E4A-AF4E-3214A007C991}
		{763EEECF-9A9C-4FF8-AB6D-2854E7A510D9} = {90D41549-2657-4E4A-AF4E-3214A007C991}
		{639A1C44-DA07-4F08-8A90-8B8845515BF4} = {763EEECF-9A9C-4FF8-AB6D-2854E7A510D9}
		{7C320C90-D64B-4B27-9234-A988141E6775} = {90D41549-2657-4E4A-AF4E-3214A007C991}
		{E0C5B55A-37EA-48D6-95B9-5EEF07C4AD8E} = {7C320C90-D64B-4B27-9234-A988141E6775}
		{E7B99BB8-5720-45FA-A395-0F9FC8212117} = {90D41549-2657-4E4A-AF4E-3214A007C991}
		{E051BB88-5211-4EF7-962B-59657D171297} = {E7B99BB8-5720-45FA-A395-0F9FC8212117}
		{992F311E-FA5D-4732-88EA-7296524FA1F4} = {C11D1E7D-56CC-4DE9-A43A-308B39408D50}
		{A63D2EA4-D87C-459B-B57F-19A76A7ADAF0} = {992F311E-FA5D-4732-88EA-7296524FA1F4}
		{C39E8F1A-D00B-4068-B558-856B8B8BDBAC} = {704B6D46-8445-4315-8128-F331143A113E}
	EndGlobalSection
EndGlobal
