
Microsoft Visual Studio Solution File, Format Version 11.00
# Visual Studio 2010
# SharpDevelop 4.1.0.8000
Project("{FAE04EC0-301F-11D3-BF4B-00C04F79EFBC}") = "PhidgetDevices", "PhidgetDevices.csproj", "{85FE76AA-FFE0-4F89-84F2-F63E5EB9E704}"
EndProject
Global
	GlobalSection(SolutionConfigurationPlatforms) = preSolution
		Debug|Any CPU = Debug|Any CPU
		Debug|x86 = Debug|x86
		Release|Any CPU = Release|Any CPU
		Release|x86 = Release|x86
		vvvv Debug|Any CPU = vvvv Debug|Any CPU
		vvvv Debug|x86 = vvvv Debug|x86
		Debug|Any CPU = Debug|Any CPU
		Debug|x86 = Debug|x86
		Release|Any CPU = Release|Any CPU
		Release|x86 = Release|x86
		vvvv Debug|Any CPU = vvvv Debug|Any CPU
		vvvv Debug|x86 = vvvv Debug|x86
	EndGlobalSection
	GlobalSection(ProjectConfigurationPlatforms) = postSolution
		{85FE76AA-FFE0-4F89-84F2-F63E5EB9E704}.Debug|Any CPU.Build.0 = Debug|Any CPU
		{85FE76AA-FFE0-4F89-84F2-F63E5EB9E704}.Debug|Any CPU.ActiveCfg = Debug|Any CPU
		{85FE76AA-FFE0-4F89-84F2-F63E5EB9E704}.Debug|x86.Build.0 = Debug|x86
		{85FE76AA-FFE0-4F89-84F2-F63E5EB9E704}.Debug|x86.ActiveCfg = Debug|x86
		{85FE76AA-FFE0-4F89-84F2-F63E5EB9E704}.Release|Any CPU.Build.0 = Release|Any CPU
		{85FE76AA-FFE0-4F89-84F2-F63E5EB9E704}.Release|Any CPU.ActiveCfg = Release|Any CPU
		{85FE76AA-FFE0-4F89-84F2-F63E5EB9E704}.Release|x86.Build.0 = Release|x86
		{85FE76AA-FFE0-4F89-84F2-F63E5EB9E704}.Release|x86.ActiveCfg = Release|x86
		{85FE76AA-FFE0-4F89-84F2-F63E5EB9E704}.vvvv Debug|Any CPU.Build.0 = vvvv Debug|Any CPU
		{85FE76AA-FFE0-4F89-84F2-F63E5EB9E704}.vvvv Debug|Any CPU.ActiveCfg = vvvv Debug|Any CPU
		{85FE76AA-FFE0-4F89-84F2-F63E5EB9E704}.vvvv Debug|x86.Build.0 = vvvv Debug|x86
		{85FE76AA-FFE0-4F89-84F2-F63E5EB9E704}.vvvv Debug|x86.ActiveCfg = vvvv Debug|x86
	EndGlobalSection
EndGlobal
