
Microsoft Visual Studio Solution File, Format Version 11.00
# Visual Studio 2010
# SharpDevelop 4.1.0.8000
Project("{FAE04EC0-301F-11D3-BF4B-00C04F79EFBC}") = "Select", "Select.csproj", "{A9A3814F-C6B9-4157-B1F4-7C5E9AB08636}"
EndProject
Global
	GlobalSection(SolutionConfigurationPlatforms) = preSolution
		Debug|x86 = Debug|x86
		Debug|x86 = Debug|x86
		Release|x86 = Release|x86
	EndGlobalSection
	GlobalSection(ProjectConfigurationPlatforms) = postSolution
		{A9A3814F-C6B9-4157-B1F4-7C5E9AB08636}.Debug|x86.Build.0 = Debug|x86
		{A9A3814F-C6B9-4157-B1F4-7C5E9AB08636}.Debug|x86.ActiveCfg = Debug|x86
		{A9A3814F-C6B9-4157-B1F4-7C5E9AB08636}.Release|x86.Build.0 = Release|x86
		{A9A3814F-C6B9-4157-B1F4-7C5E9AB08636}.Release|x86.ActiveCfg = Release|x86
	EndGlobalSection
EndGlobal
