
Microsoft Visual Studio Solution File, Format Version 11.00
# Visual Studio 2010
# SharpDevelop 4.1.0.8000
Project("{FAE04EC0-301F-11D3-BF4B-00C04F79EFBC}") = "NextWindow", "NextWindow.csproj", "{66568B67-6B25-4ECB-A928-8E40BA1226EC}"
EndProject
Global
	GlobalSection(SolutionConfigurationPlatforms) = preSolution
		Debug|Any CPU = Debug|Any CPU
		Release|Any CPU = Release|Any CPU
	EndGlobalSection
	GlobalSection(ProjectConfigurationPlatforms) = postSolution
		{66568B67-6B25-4ECB-A928-8E40BA1226EC}.Debug|Any CPU.ActiveCfg = Debug|Any CPU
		{66568B67-6B25-4ECB-A928-8E40BA1226EC}.Debug|Any CPU.Build.0 = Debug|Any CPU
		{66568B67-6B25-4ECB-A928-8E40BA1226EC}.Release|Any CPU.ActiveCfg = Release|Any CPU
		{66568B67-6B25-4ECB-A928-8E40BA1226EC}.Release|Any CPU.Build.0 = Release|Any CPU
	EndGlobalSection
	GlobalSection(SolutionProperties) = preSolution
		HideSolutionNode = FALSE
	EndGlobalSection
EndGlobal
