
Microsoft Visual Studio Solution File, Format Version 10.00
# Visual Studio 2008
# SharpDevelop 3.2.0.5777
Project("{FAE04EC0-301F-11D3-BF4B-00C04F79EFBC}") = "CodeEditor", "CodeEditor.csproj", "{A63D2EA4-D87C-459B-B57F-19A76A7ADAF0}"
EndProject
Global
	GlobalSection(SolutionConfigurationPlatforms) = preSolution
		Debug|Any CPU = Debug|Any CPU
		Release|Any CPU = Release|Any CPU
		Debug|x86 = Debug|x86
		Release|x86 = Release|x86
	EndGlobalSection
	GlobalSection(ProjectConfigurationPlatforms) = postSolution
		{A63D2EA4-D87C-459B-B57F-19A76A7ADAF0}.Debug|Any CPU.Build.0 = Debug|Any CPU
		{A63D2EA4-D87C-459B-B57F-19A76A7ADAF0}.Debug|Any CPU.ActiveCfg = Debug|Any CPU
		{A63D2EA4-D87C-459B-B57F-19A76A7ADAF0}.Release|Any CPU.Build.0 = Release|Any CPU
		{A63D2EA4-D87C-459B-B57F-19A76A7ADAF0}.Release|Any CPU.ActiveCfg = Release|Any CPU
		{A63D2EA4-D87C-459B-B57F-19A76A7ADAF0}.Debug|x86.Build.0 = Debug|x86
		{A63D2EA4-D87C-459B-B57F-19A76A7ADAF0}.Debug|x86.ActiveCfg = Debug|x86
		{A63D2EA4-D87C-459B-B57F-19A76A7ADAF0}.Release|x86.Build.0 = Release|x86
		{A63D2EA4-D87C-459B-B57F-19A76A7ADAF0}.Release|x86.ActiveCfg = Release|x86
	EndGlobalSection
EndGlobal
