
Microsoft Visual Studio Solution File, Format Version 10.00
# Visual C++ Express 2008
Project("{8BC9CEB8-8B4A-11D0-8D11-00A0C91BC942}") = "CalibFilter", "CalibFilter.vcproj", "{1FBF6696-8C14-4F3C-81B5-E7EE26107B34}"
EndProject
Project("{8BC9CEB8-8B4A-11D0-8D11-00A0C91BC942}") = "baseclasses", "..\..\..\..\Documents and Settings\Joreg\My Documents\Visual Studio 2005\Projects\baseclasses\baseclasses\baseclasses.vcproj", "{AF7B737A-5BD7-43F0-A0D8-825E3E3E4B57}"
EndProject
Global
	GlobalSection(SolutionConfigurationPlatforms) = preSolution
		Debug|Win32 = Debug|Win32
		Release|Win32 = Release|Win32
	EndGlobalSection
	GlobalSection(ProjectConfigurationPlatforms) = postSolution
		{1FBF6696-8C14-4F3C-81B5-E7EE26107B34}.Debug|Win32.ActiveCfg = Debug|Win32
		{1FBF6696-8C14-4F3C-81B5-E7EE26107B34}.Debug|Win32.Build.0 = Debug|Win32
		{1FBF6696-8C14-4F3C-81B5-E7EE26107B34}.Release|Win32.ActiveCfg = Release|Win32
		{1FBF6696-8C14-4F3C-81B5-E7EE26107B34}.Release|Win32.Build.0 = Release|Win32
		{AF7B737A-5BD7-43F0-A0D8-825E3E3E4B57}.Debug|Win32.ActiveCfg = Debug|Win32
		{AF7B737A-5BD7-43F0-A0D8-825E3E3E4B57}.Debug|Win32.Build.0 = Debug|Win32
		{AF7B737A-5BD7-43F0-A0D8-825E3E3E4B57}.Release|Win32.ActiveCfg = Release|Win32
		{AF7B737A-5BD7-43F0-A0D8-825E3E3E4B57}.Release|Win32.Build.0 = Release|Win32
	EndGlobalSection
	GlobalSection(SolutionProperties) = preSolution
		HideSolutionNode = FALSE
	EndGlobalSection
EndGlobal
