
Microsoft Visual Studio Solution File, Format Version 11.00
# Visual Studio 2010
Project("{2150E333-8FDC-42A3-9474-1A3956D46DE8}") = "core", "core", "{704B6D46-8445-4315-8128-F331143A113E}"
EndProject
Project("{2150E333-8FDC-42A3-9474-1A3956D46DE8}") = "gui", "gui", "{7FE983D0-4392-451C-9BAE-2CA9036FAB04}"
EndProject
Project("{2150E333-8FDC-42A3-9474-1A3956D46DE8}") = "nodes", "nodes", "{95C0B922-0555-4DDC-B452-6FADAAB6B024}"
EndProject
Project("{2150E333-8FDC-42A3-9474-1A3956D46DE8}") = "Mesh", "Mesh", "{CB55C63D-8CB8-4B85-950C-CAA7F1264A28}"
EndProject
Project("{FAE04EC0-301F-11D3-BF4B-00C04F79EFBC}") = "Core", "..\..\..\common\src\core\Core\Core.csproj", "{6AD35106-187B-4A3A-A801-E665CD12E020}"
EndProject
Project("{FAE04EC0-301F-11D3-BF4B-00C04F79EFBC}") = "Hosting", "..\..\src\core\Hosting\Hosting.csproj", "{F9A754A6-EEA5-4761-9446-C2AAF9CF8B31}"
EndProject
Project("{FAE04EC0-301F-11D3-BF4B-00C04F79EFBC}") = "PluginInterfaces", "..\..\src\core\PluginInterfaces\PluginInterfaces.csproj", "{837C740A-485C-424C-8C38-086ED3DC73CB}"
EndProject
Project("{FAE04EC0-301F-11D3-BF4B-00C04F79EFBC}") = "Utils", "..\..\..\common\src\core\Utils\Utils.csproj", "{C3773330-81FA-4253-823E-1BDE1529AA99}"
EndProject
Project("{FAE04EC0-301F-11D3-BF4B-00C04F79EFBC}") = "UtilsIL", "..\..\..\common\src\core\UtilsIL\UtilsIL.csproj", "{93CDB07F-0BB6-4891-B793-9C02114A88AE}"
EndProject
Project("{FAE04EC0-301F-11D3-BF4B-00C04F79EFBC}") = "Utils3rdParty", "..\..\src\core\Utils3rdParty\Utils3rdParty.csproj", "{87863121-C124-4585-B3BB-7706F03ECC64}"
EndProject
Project("{FAE04EC0-301F-11D3-BF4B-00C04F79EFBC}") = "PiccoloGraphicalEditor", "..\..\..\common\src\gui\PiccoloGraphicalEditor\PiccoloGraphicalEditor.csproj", "{304E1C6A-585F-4748-8E3B-33558E35B0D4}"
EndProject
Project("{FAE04EC0-301F-11D3-BF4B-00C04F79EFBC}") = "WinFormsViewer", "..\..\..\common\src\gui\WinFormsViewer\WinFormsViewer.csproj", "{98936436-EA28-437E-A2A4-CC7CAA532658}"
EndProject
Project("{FAE04EC0-301F-11D3-BF4B-00C04F79EFBC}") = "VVVV.Assimp.Nodes", "nodes\plugins\Mesh\Assimp\Nodes\VVVV.Assimp.Nodes.csproj", "{7ACEF15A-C8F4-42F9-A6B4-2DB16CDE5EE3}"
EndProject
Project("{8BC9CEB8-8B4A-11D0-8D11-00A0C91BC942}") = "VVVV.Assimp.Lib", "nodes\plugins\Mesh\Assimp\Lib\VVVV.Assimp.Lib.vcxproj", "{653F0DBD-DF18-443F-A3C1-6FB763E2D631}"
EndProject
Project("{2150E333-8FDC-42A3-9474-1A3956D46DE8}") = "core-nodes", "core-nodes", "{AA48A0E4-20B0-4767-AF4E-65E280A3FA83}"
EndProject
Project("{FAE04EC0-301F-11D3-BF4B-00C04F79EFBC}") = "NativePlugins", "..\..\src\nodes\plugins\NativePlugins.csproj", "{716F4773-5590-4DD6-A9BC-3FE905D22DA5}"
EndProject
Project("{2150E333-8FDC-42A3-9474-1A3956D46DE8}") = "Animation", "Animation", "{A1353881-1970-44FC-987D-F9EEF34CA33A}"
EndProject
Project("{FAE04EC0-301F-11D3-BF4B-00C04F79EFBC}") = "Timeliner", "..\..\src\nodes\plugins\Animation\Timeliner\Timeliner.csproj", "{639A1C44-DA07-4F08-8A90-8B8845515BF4}"
EndProject
Project("{2150E333-8FDC-42A3-9474-1A3956D46DE8}") = "Mesh", "Mesh", "{093885CE-C5EE-48AD-8380-C277BBBF7D3C}"
EndProject
Project("{FAE04EC0-301F-11D3-BF4B-00C04F79EFBC}") = "PluginColladaLoader", "..\..\src\nodes\plugins\Mesh\ColladaLoader\PluginColladaLoader.csproj", "{8B9D2C28-4394-4C86-A14C-B0021EC29089}"
EndProject
Project("{2150E333-8FDC-42A3-9474-1A3956D46DE8}") = "Devices", "Devices", "{E64C1D78-2366-4257-9E5C-0D59EC100E0F}"
EndProject
Project("{FAE04EC0-301F-11D3-BF4B-00C04F79EFBC}") = "Leap", "..\..\src\nodes\plugins\Devices\Leap\Leap.csproj", "{E0C5B55A-37EA-48D6-95B9-5EEF07C4AD8E}"
EndProject
Project("{2150E333-8FDC-42A3-9474-1A3956D46DE8}") = "editors", "editors", "{B013DC45-261B-4215-96F4-B609988D97D2}"
EndProject
Project("{FAE04EC0-301F-11D3-BF4B-00C04F79EFBC}") = "CodeEditor", "..\..\src\nodes\editors\CodeEditor\CodeEditor.csproj", "{A63D2EA4-D87C-459B-B57F-19A76A7ADAF0}"
EndProject
Project("{2150E333-8FDC-42A3-9474-1A3956D46DE8}") = "File", "File", "{A79DB1A2-3989-488F-A953-B692984F8A39}"
EndProject
Project("{FAE04EC0-301F-11D3-BF4B-00C04F79EFBC}") = "FileNodes", "..\..\src\nodes\plugins\File\FileNodes\FileNodes.csproj", "{E051BB88-5211-4EF7-962B-59657D171297}"
EndProject
Project("{2150E333-8FDC-42A3-9474-1A3956D46DE8}") = ".nuget", ".nuget", "{A1F7F26F-D9CC-4D36-B27D-8059C2C51B0D}"
	ProjectSection(SolutionItems) = preProject
		.nuget\NuGet.Config = .nuget\NuGet.Config
		.nuget\NuGet.exe = .nuget\NuGet.exe
		.nuget\NuGet.targets = .nuget\NuGet.targets
	EndProjectSection
EndProject
Project("{FAE04EC0-301F-11D3-BF4B-00C04F79EFBC}") = "AddonpackCPP", "AddonpackCPP.csproj", "{AA8072CA-3343-4199-AC22-62B9E352BAE9}"
EndProject
Global
	GlobalSection(SolutionConfigurationPlatforms) = preSolution
		Debug|x64 = Debug|x64
		Debug|x86 = Debug|x86
		Release|x64 = Release|x64
		Release|x86 = Release|x86
	EndGlobalSection
	GlobalSection(ProjectConfigurationPlatforms) = postSolution
		{6AD35106-187B-4A3A-A801-E665CD12E020}.Debug|x64.ActiveCfg = Debug|x64
		{6AD35106-187B-4A3A-A801-E665CD12E020}.Debug|x64.Build.0 = Debug|x64
		{6AD35106-187B-4A3A-A801-E665CD12E020}.Debug|x86.ActiveCfg = Debug|x86
		{6AD35106-187B-4A3A-A801-E665CD12E020}.Debug|x86.Build.0 = Debug|x86
		{6AD35106-187B-4A3A-A801-E665CD12E020}.Release|x64.ActiveCfg = Release|x64
		{6AD35106-187B-4A3A-A801-E665CD12E020}.Release|x64.Build.0 = Release|x64
		{6AD35106-187B-4A3A-A801-E665CD12E020}.Release|x86.ActiveCfg = Release|x86
		{6AD35106-187B-4A3A-A801-E665CD12E020}.Release|x86.Build.0 = Release|x86
		{F9A754A6-EEA5-4761-9446-C2AAF9CF8B31}.Debug|x64.ActiveCfg = Debug|x64
		{F9A754A6-EEA5-4761-9446-C2AAF9CF8B31}.Debug|x64.Build.0 = Debug|x64
		{F9A754A6-EEA5-4761-9446-C2AAF9CF8B31}.Debug|x86.ActiveCfg = Debug|x86
		{F9A754A6-EEA5-4761-9446-C2AAF9CF8B31}.Debug|x86.Build.0 = Debug|x86
		{F9A754A6-EEA5-4761-9446-C2AAF9CF8B31}.Release|x64.ActiveCfg = Release|x64
		{F9A754A6-EEA5-4761-9446-C2AAF9CF8B31}.Release|x64.Build.0 = Release|x64
		{F9A754A6-EEA5-4761-9446-C2AAF9CF8B31}.Release|x86.ActiveCfg = Release|x86
		{F9A754A6-EEA5-4761-9446-C2AAF9CF8B31}.Release|x86.Build.0 = Release|x86
		{837C740A-485C-424C-8C38-086ED3DC73CB}.Debug|x64.ActiveCfg = Debug|x64
		{837C740A-485C-424C-8C38-086ED3DC73CB}.Debug|x64.Build.0 = Debug|x64
		{837C740A-485C-424C-8C38-086ED3DC73CB}.Debug|x86.ActiveCfg = Debug|x86
		{837C740A-485C-424C-8C38-086ED3DC73CB}.Debug|x86.Build.0 = Debug|x86
		{837C740A-485C-424C-8C38-086ED3DC73CB}.Release|x64.ActiveCfg = Release|x64
		{837C740A-485C-424C-8C38-086ED3DC73CB}.Release|x64.Build.0 = Release|x64
		{837C740A-485C-424C-8C38-086ED3DC73CB}.Release|x86.ActiveCfg = Release|x86
		{837C740A-485C-424C-8C38-086ED3DC73CB}.Release|x86.Build.0 = Release|x86
		{C3773330-81FA-4253-823E-1BDE1529AA99}.Debug|x64.ActiveCfg = Debug|x64
		{C3773330-81FA-4253-823E-1BDE1529AA99}.Debug|x64.Build.0 = Debug|x64
		{C3773330-81FA-4253-823E-1BDE1529AA99}.Debug|x86.ActiveCfg = Debug|x86
		{C3773330-81FA-4253-823E-1BDE1529AA99}.Debug|x86.Build.0 = Debug|x86
		{C3773330-81FA-4253-823E-1BDE1529AA99}.Release|x64.ActiveCfg = Release|x64
		{C3773330-81FA-4253-823E-1BDE1529AA99}.Release|x64.Build.0 = Release|x64
		{C3773330-81FA-4253-823E-1BDE1529AA99}.Release|x86.ActiveCfg = Release|x86
		{C3773330-81FA-4253-823E-1BDE1529AA99}.Release|x86.Build.0 = Release|x86
		{93CDB07F-0BB6-4891-B793-9C02114A88AE}.Debug|x64.ActiveCfg = Debug|x64
		{93CDB07F-0BB6-4891-B793-9C02114A88AE}.Debug|x64.Build.0 = Debug|x64
		{93CDB07F-0BB6-4891-B793-9C02114A88AE}.Debug|x86.ActiveCfg = Debug|x86
		{93CDB07F-0BB6-4891-B793-9C02114A88AE}.Debug|x86.Build.0 = Debug|x86
		{93CDB07F-0BB6-4891-B793-9C02114A88AE}.Release|x64.ActiveCfg = Release|x64
		{93CDB07F-0BB6-4891-B793-9C02114A88AE}.Release|x64.Build.0 = Release|x64
		{93CDB07F-0BB6-4891-B793-9C02114A88AE}.Release|x86.ActiveCfg = Release|x86
		{93CDB07F-0BB6-4891-B793-9C02114A88AE}.Release|x86.Build.0 = Release|x86
		{87863121-C124-4585-B3BB-7706F03ECC64}.Debug|x64.ActiveCfg = Debug|x64
		{87863121-C124-4585-B3BB-7706F03ECC64}.Debug|x64.Build.0 = Debug|x64
		{87863121-C124-4585-B3BB-7706F03ECC64}.Debug|x86.ActiveCfg = Debug|x86
		{87863121-C124-4585-B3BB-7706F03ECC64}.Debug|x86.Build.0 = Debug|x86
		{87863121-C124-4585-B3BB-7706F03ECC64}.Release|x64.ActiveCfg = Release|x64
		{87863121-C124-4585-B3BB-7706F03ECC64}.Release|x64.Build.0 = Release|x64
		{87863121-C124-4585-B3BB-7706F03ECC64}.Release|x86.ActiveCfg = Release|x86
		{87863121-C124-4585-B3BB-7706F03ECC64}.Release|x86.Build.0 = Release|x86
		{304E1C6A-585F-4748-8E3B-33558E35B0D4}.Debug|x64.ActiveCfg = Debug|x64
		{304E1C6A-585F-4748-8E3B-33558E35B0D4}.Debug|x64.Build.0 = Debug|x64
		{304E1C6A-585F-4748-8E3B-33558E35B0D4}.Debug|x86.ActiveCfg = Debug|x86
		{304E1C6A-585F-4748-8E3B-33558E35B0D4}.Debug|x86.Build.0 = Debug|x86
		{304E1C6A-585F-4748-8E3B-33558E35B0D4}.Release|x64.ActiveCfg = Release|x64
		{304E1C6A-585F-4748-8E3B-33558E35B0D4}.Release|x64.Build.0 = Release|x64
		{304E1C6A-585F-4748-8E3B-33558E35B0D4}.Release|x86.ActiveCfg = Release|x86
		{304E1C6A-585F-4748-8E3B-33558E35B0D4}.Release|x86.Build.0 = Release|x86
		{98936436-EA28-437E-A2A4-CC7CAA532658}.Debug|x64.ActiveCfg = Debug|x64
		{98936436-EA28-437E-A2A4-CC7CAA532658}.Debug|x64.Build.0 = Debug|x64
		{98936436-EA28-437E-A2A4-CC7CAA532658}.Debug|x86.ActiveCfg = Debug|x86
		{98936436-EA28-437E-A2A4-CC7CAA532658}.Debug|x86.Build.0 = Debug|x86
		{98936436-EA28-437E-A2A4-CC7CAA532658}.Release|x64.ActiveCfg = Release|x64
		{98936436-EA28-437E-A2A4-CC7CAA532658}.Release|x64.Build.0 = Release|x64
		{98936436-EA28-437E-A2A4-CC7CAA532658}.Release|x86.ActiveCfg = Release|x86
		{98936436-EA28-437E-A2A4-CC7CAA532658}.Release|x86.Build.0 = Release|x86
		{7ACEF15A-C8F4-42F9-A6B4-2DB16CDE5EE3}.Debug|x64.ActiveCfg = Debug|x64
		{7ACEF15A-C8F4-42F9-A6B4-2DB16CDE5EE3}.Debug|x86.ActiveCfg = Debug|x86
		{7ACEF15A-C8F4-42F9-A6B4-2DB16CDE5EE3}.Debug|x86.Build.0 = Debug|x86
		{7ACEF15A-C8F4-42F9-A6B4-2DB16CDE5EE3}.Release|x64.ActiveCfg = Release|x64
		{7ACEF15A-C8F4-42F9-A6B4-2DB16CDE5EE3}.Release|x86.ActiveCfg = Release|x86
		{7ACEF15A-C8F4-42F9-A6B4-2DB16CDE5EE3}.Release|x86.Build.0 = Release|x86
		{653F0DBD-DF18-443F-A3C1-6FB763E2D631}.Debug|x64.ActiveCfg = Debug|Win32
		{653F0DBD-DF18-443F-A3C1-6FB763E2D631}.Debug|x86.ActiveCfg = Debug|Win32
		{653F0DBD-DF18-443F-A3C1-6FB763E2D631}.Debug|x86.Build.0 = Debug|Win32
		{653F0DBD-DF18-443F-A3C1-6FB763E2D631}.Release|x64.ActiveCfg = Release|Win32
		{653F0DBD-DF18-443F-A3C1-6FB763E2D631}.Release|x86.ActiveCfg = Release|Win32
		{653F0DBD-DF18-443F-A3C1-6FB763E2D631}.Release|x86.Build.0 = Release|Win32
		{716F4773-5590-4DD6-A9BC-3FE905D22DA5}.Debug|x64.ActiveCfg = Debug|x64
		{716F4773-5590-4DD6-A9BC-3FE905D22DA5}.Debug|x64.Build.0 = Debug|x64
		{716F4773-5590-4DD6-A9BC-3FE905D22DA5}.Debug|x86.ActiveCfg = Debug|x86
		{716F4773-5590-4DD6-A9BC-3FE905D22DA5}.Debug|x86.Build.0 = Debug|x86
		{716F4773-5590-4DD6-A9BC-3FE905D22DA5}.Release|x64.ActiveCfg = Release|x64
		{716F4773-5590-4DD6-A9BC-3FE905D22DA5}.Release|x64.Build.0 = Release|x64
		{716F4773-5590-4DD6-A9BC-3FE905D22DA5}.Release|x86.ActiveCfg = Release|x86
		{716F4773-5590-4DD6-A9BC-3FE905D22DA5}.Release|x86.Build.0 = Release|x86
		{639A1C44-DA07-4F08-8A90-8B8845515BF4}.Debug|x64.ActiveCfg = Debug|x64
		{639A1C44-DA07-4F08-8A90-8B8845515BF4}.Debug|x64.Build.0 = Debug|x64
		{639A1C44-DA07-4F08-8A90-8B8845515BF4}.Debug|x86.ActiveCfg = Debug|x86
		{639A1C44-DA07-4F08-8A90-8B8845515BF4}.Debug|x86.Build.0 = Debug|x86
		{639A1C44-DA07-4F08-8A90-8B8845515BF4}.Release|x64.ActiveCfg = Release|x64
		{639A1C44-DA07-4F08-8A90-8B8845515BF4}.Release|x64.Build.0 = Release|x64
		{639A1C44-DA07-4F08-8A90-8B8845515BF4}.Release|x86.ActiveCfg = Release|x86
		{639A1C44-DA07-4F08-8A90-8B8845515BF4}.Release|x86.Build.0 = Release|x86
		{8B9D2C28-4394-4C86-A14C-B0021EC29089}.Debug|x64.ActiveCfg = Debug|x64
		{8B9D2C28-4394-4C86-A14C-B0021EC29089}.Debug|x64.Build.0 = Debug|x64
		{8B9D2C28-4394-4C86-A14C-B0021EC29089}.Debug|x86.ActiveCfg = Debug|x86
		{8B9D2C28-4394-4C86-A14C-B0021EC29089}.Debug|x86.Build.0 = Debug|x86
		{8B9D2C28-4394-4C86-A14C-B0021EC29089}.Release|x64.ActiveCfg = Release|x64
		{8B9D2C28-4394-4C86-A14C-B0021EC29089}.Release|x64.Build.0 = Release|x64
		{8B9D2C28-4394-4C86-A14C-B0021EC29089}.Release|x86.ActiveCfg = Release|x86
		{8B9D2C28-4394-4C86-A14C-B0021EC29089}.Release|x86.Build.0 = Release|x86
		{E0C5B55A-37EA-48D6-95B9-5EEF07C4AD8E}.Debug|x64.ActiveCfg = Debug|x64
		{E0C5B55A-37EA-48D6-95B9-5EEF07C4AD8E}.Debug|x64.Build.0 = Debug|x64
		{E0C5B55A-37EA-48D6-95B9-5EEF07C4AD8E}.Debug|x86.ActiveCfg = Debug|x86
		{E0C5B55A-37EA-48D6-95B9-5EEF07C4AD8E}.Debug|x86.Build.0 = Debug|x86
		{E0C5B55A-37EA-48D6-95B9-5EEF07C4AD8E}.Release|x64.ActiveCfg = Release|x64
		{E0C5B55A-37EA-48D6-95B9-5EEF07C4AD8E}.Release|x64.Build.0 = Release|x64
		{E0C5B55A-37EA-48D6-95B9-5EEF07C4AD8E}.Release|x86.ActiveCfg = Release|x86
		{E0C5B55A-37EA-48D6-95B9-5EEF07C4AD8E}.Release|x86.Build.0 = Release|x86
		{A63D2EA4-D87C-459B-B57F-19A76A7ADAF0}.Debug|x64.ActiveCfg = Debug|x64
		{A63D2EA4-D87C-459B-B57F-19A76A7ADAF0}.Debug|x64.Build.0 = Debug|x64
		{A63D2EA4-D87C-459B-B57F-19A76A7ADAF0}.Debug|x86.ActiveCfg = Debug|x86
		{A63D2EA4-D87C-459B-B57F-19A76A7ADAF0}.Debug|x86.Build.0 = Debug|x86
		{A63D2EA4-D87C-459B-B57F-19A76A7ADAF0}.Release|x64.ActiveCfg = Release|x64
		{A63D2EA4-D87C-459B-B57F-19A76A7ADAF0}.Release|x64.Build.0 = Release|x64
		{A63D2EA4-D87C-459B-B57F-19A76A7ADAF0}.Release|x86.ActiveCfg = Release|x86
		{A63D2EA4-D87C-459B-B57F-19A76A7ADAF0}.Release|x86.Build.0 = Release|x86
		{AA8072CA-3343-4199-AC22-62B9E352BAE9}.Debug|x64.ActiveCfg = Debug|x64
		{AA8072CA-3343-4199-AC22-62B9E352BAE9}.Debug|x64.Build.0 = Debug|x64
		{AA8072CA-3343-4199-AC22-62B9E352BAE9}.Debug|x86.ActiveCfg = Debug|x86
		{AA8072CA-3343-4199-AC22-62B9E352BAE9}.Debug|x86.Build.0 = Debug|x86
		{AA8072CA-3343-4199-AC22-62B9E352BAE9}.Release|x64.ActiveCfg = Release|x64
		{AA8072CA-3343-4199-AC22-62B9E352BAE9}.Release|x64.Build.0 = Release|x64
		{AA8072CA-3343-4199-AC22-62B9E352BAE9}.Release|x86.ActiveCfg = Release|x86
		{AA8072CA-3343-4199-AC22-62B9E352BAE9}.Release|x86.Build.0 = Release|x86
		{E051BB88-5211-4EF7-962B-59657D171297}.Debug|x64.ActiveCfg = Debug|x64
		{E051BB88-5211-4EF7-962B-59657D171297}.Debug|x64.Build.0 = Debug|x64
		{E051BB88-5211-4EF7-962B-59657D171297}.Debug|x86.ActiveCfg = Debug|x86
		{E051BB88-5211-4EF7-962B-59657D171297}.Debug|x86.Build.0 = Debug|x86
		{E051BB88-5211-4EF7-962B-59657D171297}.Release|x64.ActiveCfg = Release|x64
		{E051BB88-5211-4EF7-962B-59657D171297}.Release|x64.Build.0 = Release|x64
		{E051BB88-5211-4EF7-962B-59657D171297}.Release|x86.ActiveCfg = Release|x86
		{E051BB88-5211-4EF7-962B-59657D171297}.Release|x86.Build.0 = Release|x86
	EndGlobalSection
	GlobalSection(SolutionProperties) = preSolution
		HideSolutionNode = FALSE
	EndGlobalSection
	GlobalSection(NestedProjects) = preSolution
		{6AD35106-187B-4A3A-A801-E665CD12E020} = {704B6D46-8445-4315-8128-F331143A113E}
		{F9A754A6-EEA5-4761-9446-C2AAF9CF8B31} = {704B6D46-8445-4315-8128-F331143A113E}
		{837C740A-485C-424C-8C38-086ED3DC73CB} = {704B6D46-8445-4315-8128-F331143A113E}
		{C3773330-81FA-4253-823E-1BDE1529AA99} = {704B6D46-8445-4315-8128-F331143A113E}
		{93CDB07F-0BB6-4891-B793-9C02114A88AE} = {704B6D46-8445-4315-8128-F331143A113E}
		{87863121-C124-4585-B3BB-7706F03ECC64} = {704B6D46-8445-4315-8128-F331143A113E}
		{304E1C6A-585F-4748-8E3B-33558E35B0D4} = {7FE983D0-4392-451C-9BAE-2CA9036FAB04}
		{98936436-EA28-437E-A2A4-CC7CAA532658} = {7FE983D0-4392-451C-9BAE-2CA9036FAB04}
		{CB55C63D-8CB8-4B85-950C-CAA7F1264A28} = {95C0B922-0555-4DDC-B452-6FADAAB6B024}
		{7ACEF15A-C8F4-42F9-A6B4-2DB16CDE5EE3} = {CB55C63D-8CB8-4B85-950C-CAA7F1264A28}
		{653F0DBD-DF18-443F-A3C1-6FB763E2D631} = {CB55C63D-8CB8-4B85-950C-CAA7F1264A28}
		{716F4773-5590-4DD6-A9BC-3FE905D22DA5} = {AA48A0E4-20B0-4767-AF4E-65E280A3FA83}
		{A1353881-1970-44FC-987D-F9EEF34CA33A} = {AA48A0E4-20B0-4767-AF4E-65E280A3FA83}
		{093885CE-C5EE-48AD-8380-C277BBBF7D3C} = {AA48A0E4-20B0-4767-AF4E-65E280A3FA83}
		{E64C1D78-2366-4257-9E5C-0D59EC100E0F} = {AA48A0E4-20B0-4767-AF4E-65E280A3FA83}
		{A79DB1A2-3989-488F-A953-B692984F8A39} = {AA48A0E4-20B0-4767-AF4E-65E280A3FA83}
		{639A1C44-DA07-4F08-8A90-8B8845515BF4} = {A1353881-1970-44FC-987D-F9EEF34CA33A}
		{8B9D2C28-4394-4C86-A14C-B0021EC29089} = {093885CE-C5EE-48AD-8380-C277BBBF7D3C}
		{E0C5B55A-37EA-48D6-95B9-5EEF07C4AD8E} = {E64C1D78-2366-4257-9E5C-0D59EC100E0F}
		{A63D2EA4-D87C-459B-B57F-19A76A7ADAF0} = {B013DC45-261B-4215-96F4-B609988D97D2}
		{E051BB88-5211-4EF7-962B-59657D171297} = {A79DB1A2-3989-488F-A953-B692984F8A39}
	EndGlobalSection
EndGlobal
