
Microsoft Visual Studio Solution File, Format Version 9.00
# Visual Studio 2005
# SharpDevelop 2.2.1.2648
Project("{FAE04EC0-301F-11D3-BF4B-00C04F79EFBC}") = "SimplexNoise", "SimplexNoise.csproj", "{BE8F0188-A22A-4ED6-B94D-963F37F114AD}"
EndProject
Project("{FAE04EC0-301F-11D3-BF4B-00C04F79EFBC}") = "Utils", "..\..\_Utils\Utils.csproj", "{C3773330-81FA-4253-823E-1BDE1529AA99}"
EndProject
Project("{FAE04EC0-301F-11D3-BF4B-00C04F79EFBC}") = "PluginInterfaces", "..\..\_PluginInterfaces\PluginInterfaces.csproj", "{837C740A-485C-424C-8C38-086ED3DC73CB}"
EndProject
Global
	GlobalSection(SolutionConfigurationPlatforms) = preSolution
		Debug|Any CPU = Debug|Any CPU
		Release|Any CPU = Release|Any CPU
	EndGlobalSection
	GlobalSection(ProjectConfigurationPlatforms) = postSolution
		{BE8F0188-A22A-4ED6-B94D-963F37F114AD}.Debug|Any CPU.Build.0 = Debug|Any CPU
		{BE8F0188-A22A-4ED6-B94D-963F37F114AD}.Debug|Any CPU.ActiveCfg = Debug|Any CPU
		{BE8F0188-A22A-4ED6-B94D-963F37F114AD}.Release|Any CPU.Build.0 = Release|Any CPU
		{BE8F0188-A22A-4ED6-B94D-963F37F114AD}.Release|Any CPU.ActiveCfg = Release|Any CPU
		{837C740A-485C-424C-8C38-086ED3DC73CB}.Debug|Any CPU.Build.0 = Debug|Any CPU
		{837C740A-485C-424C-8C38-086ED3DC73CB}.Debug|Any CPU.ActiveCfg = Debug|Any CPU
		{837C740A-485C-424C-8C38-086ED3DC73CB}.Release|Any CPU.Build.0 = Release|Any CPU
		{837C740A-485C-424C-8C38-086ED3DC73CB}.Release|Any CPU.ActiveCfg = Release|Any CPU
		{8A099502-46BA-478A-A824-699A06869C7F}.Debug|Any CPU.Build.0 = Debug|Any CPU
		{8A099502-46BA-478A-A824-699A06869C7F}.Debug|Any CPU.ActiveCfg = Debug|Any CPU
		{8A099502-46BA-478A-A824-699A06869C7F}.Release|Any CPU.Build.0 = Release|Any CPU
		{8A099502-46BA-478A-A824-699A06869C7F}.Release|Any CPU.ActiveCfg = Release|Any CPU
		{C3773330-81FA-4253-823E-1BDE1529AA99}.Debug|Any CPU.Build.0 = Debug|Any CPU
		{C3773330-81FA-4253-823E-1BDE1529AA99}.Debug|Any CPU.ActiveCfg = Debug|Any CPU
		{C3773330-81FA-4253-823E-1BDE1529AA99}.Release|Any CPU.Build.0 = Release|Any CPU
		{C3773330-81FA-4253-823E-1BDE1529AA99}.Release|Any CPU.ActiveCfg = Release|Any CPU
		68D0F111-2F20-4AFC-BE5E-FE4C6E7A6D39.Debug|Any CPU.Build.0 = Debug|Any CPU
		68D0F111-2F20-4AFC-BE5E-FE4C6E7A6D39.Debug|Any CPU.ActiveCfg = Debug|Any CPU
		68D0F111-2F20-4AFC-BE5E-FE4C6E7A6D39.Release|Any CPU.Build.0 = Release|Any CPU
		68D0F111-2F20-4AFC-BE5E-FE4C6E7A6D39.Release|Any CPU.ActiveCfg = Release|Any CPU
		77D586DB-B814-49B4-8ED0-B59327BD2E6F.Debug|Any CPU.Build.0 = Debug|Any CPU
		77D586DB-B814-49B4-8ED0-B59327BD2E6F.Debug|Any CPU.ActiveCfg = Debug|Any CPU
		77D586DB-B814-49B4-8ED0-B59327BD2E6F.Release|Any CPU.Build.0 = Release|Any CPU
		77D586DB-B814-49B4-8ED0-B59327BD2E6F.Release|Any CPU.ActiveCfg = Release|Any CPU
	EndGlobalSection
EndGlobal
