
Microsoft Visual Studio Solution File, Format Version 12.00
# Visual Studio 2012
# SharpDevelop 5.1
VisualStudioVersion = 12.0.20827.3
MinimumVisualStudioVersion = 10.0.40219.1
Project("{FAE04EC0-301F-11D3-BF4B-00C04F79EFBC}") = "VVVVPluginHost", "VVVVPluginHost.csproj", "{F3CA130F-2045-4F0E-B9BC-4DC4338057B2}"
EndProject
Project("{FAE04EC0-301F-11D3-BF4B-00C04F79EFBC}") = "Remoter", "Remoter\Remoter.csproj", "{5509AC01-1916-4134-8B4D-BE560A715A89}"
EndProject
Global
	GlobalSection(SolutionConfigurationPlatforms) = preSolution
		Debug|Any CPU = Debug|Any CPU
		Release|Any CPU = Release|Any CPU
	EndGlobalSection
	GlobalSection(ProjectConfigurationPlatforms) = postSolution
		{F3CA130F-2045-4F0E-B9BC-4DC4338057B2}.Debug|Any CPU.ActiveCfg = Debug|Any CPU
		{F3CA130F-2045-4F0E-B9BC-4DC4338057B2}.Debug|Any CPU.Build.0 = Debug|Any CPU
		{F3CA130F-2045-4F0E-B9BC-4DC4338057B2}.Release|Any CPU.ActiveCfg = Release|Any CPU
		{F3CA130F-2045-4F0E-B9BC-4DC4338057B2}.Release|Any CPU.Build.0 = Release|Any CPU
		{5509AC01-1916-4134-8B4D-BE560A715A89}.Debug|Any CPU.ActiveCfg = Debug|Any CPU
		{5509AC01-1916-4134-8B4D-BE560A715A89}.Debug|Any CPU.Build.0 = Debug|Any CPU
		{5509AC01-1916-4134-8B4D-BE560A715A89}.Release|Any CPU.ActiveCfg = Release|Any CPU
		{5509AC01-1916-4134-8B4D-BE560A715A89}.Release|Any CPU.Build.0 = Release|Any CPU
	EndGlobalSection
	GlobalSection(MonoDevelopProperties) = preSolution
		StartupItem = VVVVPlugHostMono.csproj
	EndGlobalSection
EndGlobal
