
Microsoft Visual Studio Solution File, Format Version 11.00
# Visual Studio 2010
# SharpDevelop 4.1.0.8000
Project("{FAE04EC0-301F-11D3-BF4B-00C04F79EFBC}") = "WiiMotePlugin", "WiiMotePlugin.csproj", "{B292B21F-B781-4C3D-B25B-36C2A60B678E}"
EndProject
Global
	GlobalSection(SolutionConfigurationPlatforms) = preSolution
		Debug|Any CPU = Debug|Any CPU
		Release|Any CPU = Release|Any CPU
		Debug|Any CPU = Debug|Any CPU
		Release|Any CPU = Release|Any CPU
	EndGlobalSection
	GlobalSection(ProjectConfigurationPlatforms) = postSolution
		{B292B21F-B781-4C3D-B25B-36C2A60B678E}.Debug|Any CPU.Build.0 = Debug|Any CPU
		{B292B21F-B781-4C3D-B25B-36C2A60B678E}.Debug|Any CPU.ActiveCfg = Debug|Any CPU
		{B292B21F-B781-4C3D-B25B-36C2A60B678E}.Release|Any CPU.Build.0 = Release|Any CPU
		{B292B21F-B781-4C3D-B25B-36C2A60B678E}.Release|Any CPU.ActiveCfg = Release|Any CPU
	EndGlobalSection
EndGlobal
