
Microsoft Visual Studio Solution File, Format Version 11.00
# Visual Studio 2010
# SharpDevelop 4.1.0.8000
Project("{FAE04EC0-301F-11D3-BF4B-00C04F79EFBC}") = "SSHClient", "SSHClient.csproj", "{2F3CCFD4-F511-4924-B69E-1C213A67A860}"
EndProject
Global
	GlobalSection(SolutionConfigurationPlatforms) = preSolution
		Debug|Any CPU = Debug|Any CPU
		Release|Any CPU = Release|Any CPU
	EndGlobalSection
	GlobalSection(ProjectConfigurationPlatforms) = postSolution
		{2F3CCFD4-F511-4924-B69E-1C213A67A860}.Debug|Any CPU.Build.0 = Debug|Any CPU
		{2F3CCFD4-F511-4924-B69E-1C213A67A860}.Debug|Any CPU.ActiveCfg = Debug|Any CPU
		{2F3CCFD4-F511-4924-B69E-1C213A67A860}.Release|Any CPU.Build.0 = Release|Any CPU
		{2F3CCFD4-F511-4924-B69E-1C213A67A860}.Release|Any CPU.ActiveCfg = Release|Any CPU
	EndGlobalSection
	GlobalSection(SolutionProperties) = preSolution
		HideSolutionNode = FALSE
	EndGlobalSection
EndGlobal
