
Microsoft Visual Studio Solution File, Format Version 11.00
# Visual Studio 2010
# SharpDevelop 4.1.0.8000
Project("{2150E333-8FDC-42A3-9474-1A3956D46DE8}") = "src", "src", "{8A9C5540-A9F4-42AF-B57A-E080976596BD}"
	ProjectSection(SolutionItems) = postProject
	EndProjectSection
EndProject
Project("{2150E333-8FDC-42A3-9474-1A3956D46DE8}") = "core", "core", "{1D7F4499-753A-45B0-90AF-92F400470179}"
	ProjectSection(SolutionItems) = postProject
	EndProjectSection
EndProject
Project("{FAE04EC0-301F-11D3-BF4B-00C04F79EFBC}") = "Core", "..\src\core\Core\Core.csproj", "{6AD35106-187B-4A3A-A801-E665CD12E020}"
EndProject
Project("{FAE04EC0-301F-11D3-BF4B-00C04F79EFBC}") = "Hosting", "..\src\core\Hosting\Hosting.csproj", "{F9A754A6-EEA5-4761-9446-C2AAF9CF8B31}"
EndProject
Project("{FAE04EC0-301F-11D3-BF4B-00C04F79EFBC}") = "PluginInterfaces", "..\src\core\PluginInterfaces\PluginInterfaces.csproj", "{837C740A-485C-424C-8C38-086ED3DC73CB}"
EndProject
Project("{FAE04EC0-301F-11D3-BF4B-00C04F79EFBC}") = "Utils", "..\src\core\Utils\Utils.csproj", "{C3773330-81FA-4253-823E-1BDE1529AA99}"
EndProject
Project("{FAE04EC0-301F-11D3-BF4B-00C04F79EFBC}") = "Utils3rdParty", "..\src\core\Utils3rdParty\Utils3rdParty.csproj", "{87863121-C124-4585-B3BB-7706F03ECC64}"
EndProject
Project("{2150E333-8FDC-42A3-9474-1A3956D46DE8}") = "gui", "gui", "{5DBA0D99-1547-4E9D-BD00-73C4AA043738}"
	ProjectSection(SolutionItems) = postProject
	EndProjectSection
EndProject
Project("{FAE04EC0-301F-11D3-BF4B-00C04F79EFBC}") = "PiccoloGraphicalEditor", "..\src\gui\PiccoloGraphicalEditor\PiccoloGraphicalEditor.csproj", "{304E1C6A-585F-4748-8E3B-33558E35B0D4}"
EndProject
Project("{FAE04EC0-301F-11D3-BF4B-00C04F79EFBC}") = "WinFormsViewer", "..\src\gui\WinFormsViewer\WinFormsViewer.csproj", "{98936436-EA28-437E-A2A4-CC7CAA532658}"
EndProject
Project("{2150E333-8FDC-42A3-9474-1A3956D46DE8}") = "tests", "tests", "{1F21F160-9B05-40A9-9F24-2D9ACC74E188}"
	ProjectSection(SolutionItems) = postProject
	EndProjectSection
EndProject
Project("{FAE04EC0-301F-11D3-BF4B-00C04F79EFBC}") = "CoreTests", "CoreTests\CoreTests.csproj", "{B62A9BAB-7D74-4A3F-9A89-D50C36E03B08}"
EndProject
Project("{FAE04EC0-301F-11D3-BF4B-00C04F79EFBC}") = "PinTests", "PinTests\PinTests.csproj", "{5998EFEE-ED5A-4266-AD9E-A1A63E7A8D41}"
EndProject
Project("{FAE04EC0-301F-11D3-BF4B-00C04F79EFBC}") = "PluginHost", "PluginHost\PluginHost.csproj", "{28A80D79-9679-41B0-9060-5F076E0E6DFD}"
EndProject
Project("{FAE04EC0-301F-11D3-BF4B-00C04F79EFBC}") = "PluginV2Tests", "PluginV2Tests\PluginV2Tests.csproj", "{0D80F02A-ED87-454D-A4AD-520C60A86B44}"
EndProject
Project("{FAE04EC0-301F-11D3-BF4B-00C04F79EFBC}") = "StreamTests", "StreamTests\StreamTests.csproj", "{8A6F9CA1-7177-4773-91EA-D9E5D0DCC8A0}"
EndProject
Project("{FAE04EC0-301F-11D3-BF4B-00C04F79EFBC}") = "vvvv45_tests", "vvvv45_tests.csproj", "{03EA1FD0-0EFF-43E6-9E1A-FA89AA13A9E5}"
EndProject
Global
	GlobalSection(SolutionConfigurationPlatforms) = preSolution
		Debug|Any CPU = Debug|Any CPU
		Debug|x86 = Debug|x86
		Release|Any CPU = Release|Any CPU
		Release|x86 = Release|x86
	EndGlobalSection
	GlobalSection(ProjectConfigurationPlatforms) = postSolution
		{B62A9BAB-7D74-4A3F-9A89-D50C36E03B08}.Debug|Any CPU.Build.0 = Debug|Any CPU
		{B62A9BAB-7D74-4A3F-9A89-D50C36E03B08}.Debug|Any CPU.ActiveCfg = Debug|Any CPU
		{B62A9BAB-7D74-4A3F-9A89-D50C36E03B08}.Debug|x86.Build.0 = Debug|x86
		{B62A9BAB-7D74-4A3F-9A89-D50C36E03B08}.Debug|x86.ActiveCfg = Debug|x86
		{B62A9BAB-7D74-4A3F-9A89-D50C36E03B08}.Release|Any CPU.Build.0 = Release|Any CPU
		{B62A9BAB-7D74-4A3F-9A89-D50C36E03B08}.Release|Any CPU.ActiveCfg = Release|Any CPU
		{B62A9BAB-7D74-4A3F-9A89-D50C36E03B08}.Release|x86.Build.0 = Release|x86
		{B62A9BAB-7D74-4A3F-9A89-D50C36E03B08}.Release|x86.ActiveCfg = Release|x86
		{6AD35106-187B-4A3A-A801-E665CD12E020}.Debug|Any CPU.Build.0 = Debug|Any CPU
		{6AD35106-187B-4A3A-A801-E665CD12E020}.Debug|Any CPU.ActiveCfg = Debug|Any CPU
		{6AD35106-187B-4A3A-A801-E665CD12E020}.Debug|x86.Build.0 = Debug|x86
		{6AD35106-187B-4A3A-A801-E665CD12E020}.Debug|x86.ActiveCfg = Debug|x86
		{6AD35106-187B-4A3A-A801-E665CD12E020}.Release|Any CPU.Build.0 = Release|Any CPU
		{6AD35106-187B-4A3A-A801-E665CD12E020}.Release|Any CPU.ActiveCfg = Release|Any CPU
		{6AD35106-187B-4A3A-A801-E665CD12E020}.Release|x86.Build.0 = Release|x86
		{6AD35106-187B-4A3A-A801-E665CD12E020}.Release|x86.ActiveCfg = Release|x86
		{F9A754A6-EEA5-4761-9446-C2AAF9CF8B31}.Debug|Any CPU.Build.0 = Debug|Any CPU
		{F9A754A6-EEA5-4761-9446-C2AAF9CF8B31}.Debug|Any CPU.ActiveCfg = Debug|Any CPU
		{F9A754A6-EEA5-4761-9446-C2AAF9CF8B31}.Debug|x86.Build.0 = Debug|Any CPU
		{F9A754A6-EEA5-4761-9446-C2AAF9CF8B31}.Debug|x86.ActiveCfg = Debug|Any CPU
		{F9A754A6-EEA5-4761-9446-C2AAF9CF8B31}.Release|Any CPU.Build.0 = Release|Any CPU
		{F9A754A6-EEA5-4761-9446-C2AAF9CF8B31}.Release|Any CPU.ActiveCfg = Release|Any CPU
		{F9A754A6-EEA5-4761-9446-C2AAF9CF8B31}.Release|x86.Build.0 = Release|Any CPU
		{F9A754A6-EEA5-4761-9446-C2AAF9CF8B31}.Release|x86.ActiveCfg = Release|Any CPU
		{837C740A-485C-424C-8C38-086ED3DC73CB}.Debug|Any CPU.Build.0 = Debug|Any CPU
		{837C740A-485C-424C-8C38-086ED3DC73CB}.Debug|Any CPU.ActiveCfg = Debug|Any CPU
		{837C740A-485C-424C-8C38-086ED3DC73CB}.Debug|x86.Build.0 = Debug|Any CPU
		{837C740A-485C-424C-8C38-086ED3DC73CB}.Debug|x86.ActiveCfg = Debug|Any CPU
		{837C740A-485C-424C-8C38-086ED3DC73CB}.Release|Any CPU.Build.0 = Release|Any CPU
		{837C740A-485C-424C-8C38-086ED3DC73CB}.Release|Any CPU.ActiveCfg = Release|Any CPU
		{837C740A-485C-424C-8C38-086ED3DC73CB}.Release|x86.Build.0 = Release|Any CPU
		{837C740A-485C-424C-8C38-086ED3DC73CB}.Release|x86.ActiveCfg = Release|Any CPU
		{C3773330-81FA-4253-823E-1BDE1529AA99}.Debug|Any CPU.Build.0 = Debug|Any CPU
		{C3773330-81FA-4253-823E-1BDE1529AA99}.Debug|Any CPU.ActiveCfg = Debug|Any CPU
		{C3773330-81FA-4253-823E-1BDE1529AA99}.Debug|x86.Build.0 = Debug|Any CPU
		{C3773330-81FA-4253-823E-1BDE1529AA99}.Debug|x86.ActiveCfg = Debug|Any CPU
		{C3773330-81FA-4253-823E-1BDE1529AA99}.Release|Any CPU.Build.0 = Release|Any CPU
		{C3773330-81FA-4253-823E-1BDE1529AA99}.Release|Any CPU.ActiveCfg = Release|Any CPU
		{C3773330-81FA-4253-823E-1BDE1529AA99}.Release|x86.Build.0 = Release|Any CPU
		{C3773330-81FA-4253-823E-1BDE1529AA99}.Release|x86.ActiveCfg = Release|Any CPU
		{87863121-C124-4585-B3BB-7706F03ECC64}.Debug|Any CPU.Build.0 = Debug|Any CPU
		{87863121-C124-4585-B3BB-7706F03ECC64}.Debug|Any CPU.ActiveCfg = Debug|Any CPU
		{87863121-C124-4585-B3BB-7706F03ECC64}.Debug|x86.Build.0 = Debug|x86
		{87863121-C124-4585-B3BB-7706F03ECC64}.Debug|x86.ActiveCfg = Debug|x86
		{87863121-C124-4585-B3BB-7706F03ECC64}.Release|Any CPU.Build.0 = Release|Any CPU
		{87863121-C124-4585-B3BB-7706F03ECC64}.Release|Any CPU.ActiveCfg = Release|Any CPU
		{87863121-C124-4585-B3BB-7706F03ECC64}.Release|x86.Build.0 = Release|x86
		{87863121-C124-4585-B3BB-7706F03ECC64}.Release|x86.ActiveCfg = Release|x86
		{304E1C6A-585F-4748-8E3B-33558E35B0D4}.Debug|Any CPU.Build.0 = Debug|Any CPU
		{304E1C6A-585F-4748-8E3B-33558E35B0D4}.Debug|Any CPU.ActiveCfg = Debug|Any CPU
		{304E1C6A-585F-4748-8E3B-33558E35B0D4}.Debug|x86.Build.0 = Debug|x86
		{304E1C6A-585F-4748-8E3B-33558E35B0D4}.Debug|x86.ActiveCfg = Debug|x86
		{304E1C6A-585F-4748-8E3B-33558E35B0D4}.Release|Any CPU.Build.0 = Release|Any CPU
		{304E1C6A-585F-4748-8E3B-33558E35B0D4}.Release|Any CPU.ActiveCfg = Release|Any CPU
		{304E1C6A-585F-4748-8E3B-33558E35B0D4}.Release|x86.Build.0 = Release|x86
		{304E1C6A-585F-4748-8E3B-33558E35B0D4}.Release|x86.ActiveCfg = Release|x86
		{98936436-EA28-437E-A2A4-CC7CAA532658}.Debug|Any CPU.Build.0 = Debug|Any CPU
		{98936436-EA28-437E-A2A4-CC7CAA532658}.Debug|Any CPU.ActiveCfg = Debug|Any CPU
		{98936436-EA28-437E-A2A4-CC7CAA532658}.Debug|x86.Build.0 = Debug|Any CPU
		{98936436-EA28-437E-A2A4-CC7CAA532658}.Debug|x86.ActiveCfg = Debug|Any CPU
		{98936436-EA28-437E-A2A4-CC7CAA532658}.Release|Any CPU.Build.0 = Release|Any CPU
		{98936436-EA28-437E-A2A4-CC7CAA532658}.Release|Any CPU.ActiveCfg = Release|Any CPU
		{98936436-EA28-437E-A2A4-CC7CAA532658}.Release|x86.Build.0 = Release|Any CPU
		{98936436-EA28-437E-A2A4-CC7CAA532658}.Release|x86.ActiveCfg = Release|Any CPU
		{5998EFEE-ED5A-4266-AD9E-A1A63E7A8D41}.Debug|Any CPU.Build.0 = Debug|Any CPU
		{5998EFEE-ED5A-4266-AD9E-A1A63E7A8D41}.Debug|Any CPU.ActiveCfg = Debug|Any CPU
		{5998EFEE-ED5A-4266-AD9E-A1A63E7A8D41}.Debug|x86.Build.0 = Debug|x86
		{5998EFEE-ED5A-4266-AD9E-A1A63E7A8D41}.Debug|x86.ActiveCfg = Debug|x86
		{5998EFEE-ED5A-4266-AD9E-A1A63E7A8D41}.Release|Any CPU.Build.0 = Release|Any CPU
		{5998EFEE-ED5A-4266-AD9E-A1A63E7A8D41}.Release|Any CPU.ActiveCfg = Release|Any CPU
		{5998EFEE-ED5A-4266-AD9E-A1A63E7A8D41}.Release|x86.Build.0 = Release|x86
		{5998EFEE-ED5A-4266-AD9E-A1A63E7A8D41}.Release|x86.ActiveCfg = Release|x86
		{28A80D79-9679-41B0-9060-5F076E0E6DFD}.Debug|Any CPU.Build.0 = Debug|Any CPU
		{28A80D79-9679-41B0-9060-5F076E0E6DFD}.Debug|Any CPU.ActiveCfg = Debug|Any CPU
		{28A80D79-9679-41B0-9060-5F076E0E6DFD}.Debug|x86.Build.0 = Debug|x86
		{28A80D79-9679-41B0-9060-5F076E0E6DFD}.Debug|x86.ActiveCfg = Debug|x86
		{28A80D79-9679-41B0-9060-5F076E0E6DFD}.Release|Any CPU.Build.0 = Release|Any CPU
		{28A80D79-9679-41B0-9060-5F076E0E6DFD}.Release|Any CPU.ActiveCfg = Release|Any CPU
		{28A80D79-9679-41B0-9060-5F076E0E6DFD}.Release|x86.Build.0 = Release|x86
		{28A80D79-9679-41B0-9060-5F076E0E6DFD}.Release|x86.ActiveCfg = Release|x86
		{0D80F02A-ED87-454D-A4AD-520C60A86B44}.Debug|Any CPU.Build.0 = Debug|x86
		{0D80F02A-ED87-454D-A4AD-520C60A86B44}.Debug|Any CPU.ActiveCfg = Debug|x86
		{0D80F02A-ED87-454D-A4AD-520C60A86B44}.Debug|x86.Build.0 = Debug|x86
		{0D80F02A-ED87-454D-A4AD-520C60A86B44}.Debug|x86.ActiveCfg = Debug|x86
		{0D80F02A-ED87-454D-A4AD-520C60A86B44}.Release|Any CPU.Build.0 = Debug|x86
		{0D80F02A-ED87-454D-A4AD-520C60A86B44}.Release|Any CPU.ActiveCfg = Debug|x86
		{0D80F02A-ED87-454D-A4AD-520C60A86B44}.Release|x86.Build.0 = Debug|x86
		{0D80F02A-ED87-454D-A4AD-520C60A86B44}.Release|x86.ActiveCfg = Debug|x86
		{03EA1FD0-0EFF-43E6-9E1A-FA89AA13A9E5}.Debug|Any CPU.Build.0 = Debug|Any CPU
		{03EA1FD0-0EFF-43E6-9E1A-FA89AA13A9E5}.Debug|Any CPU.ActiveCfg = Debug|Any CPU
		{03EA1FD0-0EFF-43E6-9E1A-FA89AA13A9E5}.Debug|x86.Build.0 = Debug|x86
		{03EA1FD0-0EFF-43E6-9E1A-FA89AA13A9E5}.Debug|x86.ActiveCfg = Debug|x86
		{03EA1FD0-0EFF-43E6-9E1A-FA89AA13A9E5}.Release|Any CPU.Build.0 = Release|Any CPU
		{03EA1FD0-0EFF-43E6-9E1A-FA89AA13A9E5}.Release|Any CPU.ActiveCfg = Release|Any CPU
		{03EA1FD0-0EFF-43E6-9E1A-FA89AA13A9E5}.Release|x86.Build.0 = Release|x86
		{03EA1FD0-0EFF-43E6-9E1A-FA89AA13A9E5}.Release|x86.ActiveCfg = Release|x86
		{8A6F9CA1-7177-4773-91EA-D9E5D0DCC8A0}.Debug|Any CPU.Build.0 = Debug|Any CPU
		{8A6F9CA1-7177-4773-91EA-D9E5D0DCC8A0}.Debug|Any CPU.ActiveCfg = Debug|Any CPU
		{8A6F9CA1-7177-4773-91EA-D9E5D0DCC8A0}.Debug|x86.Build.0 = Debug|x86
		{8A6F9CA1-7177-4773-91EA-D9E5D0DCC8A0}.Debug|x86.ActiveCfg = Debug|x86
		{8A6F9CA1-7177-4773-91EA-D9E5D0DCC8A0}.Release|Any CPU.Build.0 = Release|Any CPU
		{8A6F9CA1-7177-4773-91EA-D9E5D0DCC8A0}.Release|Any CPU.ActiveCfg = Release|Any CPU
		{8A6F9CA1-7177-4773-91EA-D9E5D0DCC8A0}.Release|x86.Build.0 = Release|x86
		{8A6F9CA1-7177-4773-91EA-D9E5D0DCC8A0}.Release|x86.ActiveCfg = Release|x86
	EndGlobalSection
	GlobalSection(NestedProjects) = preSolution
		{1D7F4499-753A-45B0-90AF-92F400470179} = {8A9C5540-A9F4-42AF-B57A-E080976596BD}
		{5DBA0D99-1547-4E9D-BD00-73C4AA043738} = {8A9C5540-A9F4-42AF-B57A-E080976596BD}
		{6AD35106-187B-4A3A-A801-E665CD12E020} = {1D7F4499-753A-45B0-90AF-92F400470179}
		{F9A754A6-EEA5-4761-9446-C2AAF9CF8B31} = {1D7F4499-753A-45B0-90AF-92F400470179}
		{837C740A-485C-424C-8C38-086ED3DC73CB} = {1D7F4499-753A-45B0-90AF-92F400470179}
		{C3773330-81FA-4253-823E-1BDE1529AA99} = {1D7F4499-753A-45B0-90AF-92F400470179}
		{87863121-C124-4585-B3BB-7706F03ECC64} = {1D7F4499-753A-45B0-90AF-92F400470179}
		{304E1C6A-585F-4748-8E3B-33558E35B0D4} = {5DBA0D99-1547-4E9D-BD00-73C4AA043738}
		{98936436-EA28-437E-A2A4-CC7CAA532658} = {5DBA0D99-1547-4E9D-BD00-73C4AA043738}
		{B62A9BAB-7D74-4A3F-9A89-D50C36E03B08} = {1F21F160-9B05-40A9-9F24-2D9ACC74E188}
		{5998EFEE-ED5A-4266-AD9E-A1A63E7A8D41} = {1F21F160-9B05-40A9-9F24-2D9ACC74E188}
		{28A80D79-9679-41B0-9060-5F076E0E6DFD} = {1F21F160-9B05-40A9-9F24-2D9ACC74E188}
		{0D80F02A-ED87-454D-A4AD-520C60A86B44} = {1F21F160-9B05-40A9-9F24-2D9ACC74E188}
		{8A6F9CA1-7177-4773-91EA-D9E5D0DCC8A0} = {1F21F160-9B05-40A9-9F24-2D9ACC74E188}
	EndGlobalSection
EndGlobal
