
Microsoft Visual Studio Solution File, Format Version 9.00
# Visual Studio 2005
# SharpDevelop 2.2.1.2648
Project("{FAE04EC0-301F-11D3-BF4B-00C04F79EFBC}") = "Utils", "Utils.csproj", "{C3773330-81FA-4253-823E-1BDE1529AA99}"
EndProject
Global
	GlobalSection(SolutionConfigurationPlatforms) = preSolution
		Debug|Any CPU = Debug|Any CPU
		Release|Any CPU = Release|Any CPU
	EndGlobalSection
	GlobalSection(ProjectConfigurationPlatforms) = postSolution
		{8A099502-46BA-478A-A824-699A06869C7F}.Debug|Any CPU.Build.0 = Debug|Any CPU
		{8A099502-46BA-478A-A824-699A06869C7F}.Debug|Any CPU.ActiveCfg = Debug|Any CPU
		{8A099502-46BA-478A-A824-699A06869C7F}.Release|Any CPU.Build.0 = Release|Any CPU
		{8A099502-46BA-478A-A824-699A06869C7F}.Release|Any CPU.ActiveCfg = Release|Any CPU
		{C3773330-81FA-4253-823E-1BDE1529AA99}.Debug|Any CPU.Build.0 = Debug|Any CPU
		{C3773330-81FA-4253-823E-1BDE1529AA99}.Debug|Any CPU.ActiveCfg = Debug|Any CPU
		{C3773330-81FA-4253-823E-1BDE1529AA99}.Release|Any CPU.Build.0 = Release|Any CPU
		{C3773330-81FA-4253-823E-1BDE1529AA99}.Release|Any CPU.ActiveCfg = Release|Any CPU
	EndGlobalSection
EndGlobal
