
Microsoft Visual Studio Solution File, Format Version 11.00
# Visual Studio 2010
# SharpDevelop 4.1.0.8000
Project("{FAE04EC0-301F-11D3-BF4B-00C04F79EFBC}") = "Skeleton", "Skeleton.csproj", "{BE8F0188-A22A-4ED6-B94D-963F37F114AD}"
EndProject
Project("{FAE04EC0-301F-11D3-BF4B-00C04F79EFBC}") = "SkeletonInterfaces", "..\SkeletonInterfaces\SkeletonInterfaces.csproj", "{0813E570-CB1C-49F3-BB7E-7048C115ED05}"
EndProject
Global
	GlobalSection(SolutionConfigurationPlatforms) = preSolution
		Debug|Any CPU = Debug|Any CPU
		Release|Any CPU = Release|Any CPU
		Debug|Any CPU = Debug|Any CPU
		Release|Any CPU = Release|Any CPU
		vvvv_debug|Any CPU = vvvv_debug|Any CPU
		Debug|x86 = Debug|x86
		Release|x86 = Release|x86
	EndGlobalSection
	GlobalSection(ProjectConfigurationPlatforms) = postSolution
		{BE8F0188-A22A-4ED6-B94D-963F37F114AD}.Debug|Any CPU.Build.0 = Debug|Any CPU
		{BE8F0188-A22A-4ED6-B94D-963F37F114AD}.Debug|Any CPU.ActiveCfg = Debug|Any CPU
		{BE8F0188-A22A-4ED6-B94D-963F37F114AD}.Release|Any CPU.Build.0 = Release|Any CPU
		{BE8F0188-A22A-4ED6-B94D-963F37F114AD}.Release|Any CPU.ActiveCfg = Release|Any CPU
		{BE8F0188-A22A-4ED6-B94D-963F37F114AD}.vvvv_debug|Any CPU.Build.0 = vvvv_debug|Any CPU
		{BE8F0188-A22A-4ED6-B94D-963F37F114AD}.vvvv_debug|Any CPU.ActiveCfg = vvvv_debug|Any CPU
		{0813E570-CB1C-49F3-BB7E-7048C115ED05}.Debug|Any CPU.Build.0 = Debug|x86
		{0813E570-CB1C-49F3-BB7E-7048C115ED05}.Debug|Any CPU.ActiveCfg = Debug|x86
		{0813E570-CB1C-49F3-BB7E-7048C115ED05}.Release|Any CPU.Build.0 = Release|x86
		{0813E570-CB1C-49F3-BB7E-7048C115ED05}.Release|Any CPU.ActiveCfg = Release|x86
		{0813E570-CB1C-49F3-BB7E-7048C115ED05}.vvvv_debug|Any CPU.Build.0 = Debug|x86
		{0813E570-CB1C-49F3-BB7E-7048C115ED05}.vvvv_debug|Any CPU.ActiveCfg = Debug|x86
		{0813E570-CB1C-49F3-BB7E-7048C115ED05}.Debug|x86.Build.0 = Debug|x86
		{0813E570-CB1C-49F3-BB7E-7048C115ED05}.Debug|x86.ActiveCfg = Debug|x86
		{0813E570-CB1C-49F3-BB7E-7048C115ED05}.Release|x86.Build.0 = Release|x86
		{0813E570-CB1C-49F3-BB7E-7048C115ED05}.Release|x86.ActiveCfg = Release|x86
	EndGlobalSection
EndGlobal
