
Microsoft Visual Studio Solution File, Format Version 11.00
# Visual Studio 2010
# SharpDevelop 4.0.0.7070
Project("{FAE04EC0-301F-11D3-BF4B-00C04F79EFBC}") = "BaseDatabaseNodes", "BaseDatabaseNodes\BaseDatabaseNodes.csproj", "{D8586FB0-058B-4AC8-A493-FF5CAE2B2957}"
EndProject
Project("{FAE04EC0-301F-11D3-BF4B-00C04F79EFBC}") = "SQLServerNodes", "SQLServerNode\SQLServerNodes.csproj", "{B11EB55C-253A-48C4-B679-72B1D9539141}"
EndProject
Project("{FAE04EC0-301F-11D3-BF4B-00C04F79EFBC}") = "OleDbNodes", "OleDbNodes\OleDbNodes.csproj", "{A92ED5A1-B981-446E-A512-1F1B1C475905}"
EndProject
Project("{FAE04EC0-301F-11D3-BF4B-00C04F79EFBC}") = "PostgreSQLNodes", "PostgreSQLNodes\PostgreSQLNodes.csproj", "{9AFFA86D-3DB2-4039-950B-19A6F4285955}"
EndProject
Project("{FAE04EC0-301F-11D3-BF4B-00C04F79EFBC}") = "OdbcNodes", "OdbcNodes\OdbcNodes.csproj", "{06DAF05E-96D9-43C6-842E-F5148FE4CE20}"
EndProject
Project("{FAE04EC0-301F-11D3-BF4B-00C04F79EFBC}") = "SQLLiteNodes", "SQLLiteNodes\SQLLiteNodes.csproj", "{ACB8D084-7F60-414B-A8AF-ED2C86BD1B4D}"
EndProject
Global
	GlobalSection(SolutionConfigurationPlatforms) = preSolution
		Debug|Any CPU = Debug|Any CPU
		Release|Any CPU = Release|Any CPU
	EndGlobalSection
	GlobalSection(ProjectConfigurationPlatforms) = postSolution
		{D8586FB0-058B-4AC8-A493-FF5CAE2B2957}.Debug|Any CPU.ActiveCfg = Debug|Any CPU
		{D8586FB0-058B-4AC8-A493-FF5CAE2B2957}.Debug|Any CPU.Build.0 = Debug|Any CPU
		{D8586FB0-058B-4AC8-A493-FF5CAE2B2957}.Release|Any CPU.ActiveCfg = Release|Any CPU
		{D8586FB0-058B-4AC8-A493-FF5CAE2B2957}.Release|Any CPU.Build.0 = Release|Any CPU
		{B11EB55C-253A-48C4-B679-72B1D9539141}.Debug|Any CPU.ActiveCfg = Debug|Any CPU
		{B11EB55C-253A-48C4-B679-72B1D9539141}.Debug|Any CPU.Build.0 = Debug|Any CPU
		{B11EB55C-253A-48C4-B679-72B1D9539141}.Release|Any CPU.ActiveCfg = Release|Any CPU
		{B11EB55C-253A-48C4-B679-72B1D9539141}.Release|Any CPU.Build.0 = Release|Any CPU
		{A92ED5A1-B981-446E-A512-1F1B1C475905}.Debug|Any CPU.ActiveCfg = Debug|Any CPU
		{A92ED5A1-B981-446E-A512-1F1B1C475905}.Debug|Any CPU.Build.0 = Debug|Any CPU
		{A92ED5A1-B981-446E-A512-1F1B1C475905}.Release|Any CPU.ActiveCfg = Release|Any CPU
		{A92ED5A1-B981-446E-A512-1F1B1C475905}.Release|Any CPU.Build.0 = Release|Any CPU
		{9AFFA86D-3DB2-4039-950B-19A6F4285955}.Debug|Any CPU.ActiveCfg = Debug|Any CPU
		{9AFFA86D-3DB2-4039-950B-19A6F4285955}.Debug|Any CPU.Build.0 = Debug|Any CPU
		{9AFFA86D-3DB2-4039-950B-19A6F4285955}.Release|Any CPU.ActiveCfg = Release|Any CPU
		{9AFFA86D-3DB2-4039-950B-19A6F4285955}.Release|Any CPU.Build.0 = Release|Any CPU
		{06DAF05E-96D9-43C6-842E-F5148FE4CE20}.Debug|Any CPU.ActiveCfg = Debug|Any CPU
		{06DAF05E-96D9-43C6-842E-F5148FE4CE20}.Debug|Any CPU.Build.0 = Debug|Any CPU
		{06DAF05E-96D9-43C6-842E-F5148FE4CE20}.Release|Any CPU.ActiveCfg = Release|Any CPU
		{06DAF05E-96D9-43C6-842E-F5148FE4CE20}.Release|Any CPU.Build.0 = Release|Any CPU
		{ACB8D084-7F60-414B-A8AF-ED2C86BD1B4D}.Debug|Any CPU.ActiveCfg = Debug|Any CPU
		{ACB8D084-7F60-414B-A8AF-ED2C86BD1B4D}.Debug|Any CPU.Build.0 = Debug|Any CPU
		{ACB8D084-7F60-414B-A8AF-ED2C86BD1B4D}.Release|Any CPU.ActiveCfg = Release|Any CPU
		{ACB8D084-7F60-414B-A8AF-ED2C86BD1B4D}.Release|Any CPU.Build.0 = Release|Any CPU
	EndGlobalSection
	GlobalSection(SolutionProperties) = preSolution
		HideSolutionNode = FALSE
	EndGlobalSection
EndGlobal
