
Microsoft Visual Studio Solution File, Format Version 9.00
# Visual Studio 2005
# SharpDevelop 4.0.0.7070
Project("{FAE04EC0-301F-11D3-BF4B-00C04F79EFBC}") = "RS232", "RS232.csproj", "{EEC563FD-E3DA-45F5-8F70-AF72CD0BCBAE}"
EndProject
Global
	GlobalSection(SolutionConfigurationPlatforms) = preSolution
		Debug|Any CPU = Debug|Any CPU
		Release|Any CPU = Release|Any CPU
		vvvv|Any CPU = vvvv|Any CPU
		vvvvRS232|Any CPU = vvvvRS232|Any CPU
	EndGlobalSection
	GlobalSection(ProjectConfigurationPlatforms) = postSolution
		{EEC563FD-E3DA-45F5-8F70-AF72CD0BCBAE}.Debug|Any CPU.ActiveCfg = Debug|Any CPU
		{EEC563FD-E3DA-45F5-8F70-AF72CD0BCBAE}.Debug|Any CPU.Build.0 = Debug|Any CPU
		{EEC563FD-E3DA-45F5-8F70-AF72CD0BCBAE}.Release|Any CPU.ActiveCfg = Release|Any CPU
		{EEC563FD-E3DA-45F5-8F70-AF72CD0BCBAE}.Release|Any CPU.Build.0 = Release|Any CPU
		{EEC563FD-E3DA-45F5-8F70-AF72CD0BCBAE}.vvvv|Any CPU.ActiveCfg = vvvv|Any CPU
		{EEC563FD-E3DA-45F5-8F70-AF72CD0BCBAE}.vvvv|Any CPU.Build.0 = vvvv|Any CPU
		{EEC563FD-E3DA-45F5-8F70-AF72CD0BCBAE}.vvvvRS232|Any CPU.ActiveCfg = vvvvRS232|Any CPU
		{EEC563FD-E3DA-45F5-8F70-AF72CD0BCBAE}.vvvvRS232|Any CPU.Build.0 = vvvvRS232|Any CPU
	EndGlobalSection
	GlobalSection(SolutionProperties) = preSolution
		HideSolutionNode = FALSE
	EndGlobalSection
EndGlobal
