
Microsoft Visual Studio Solution File, Format Version 11.00
# Visual Studio 2010
Project("{2150E333-8FDC-42A3-9474-1A3956D46DE8}") = "core", "core", "{87CD41B4-C58C-413A-A3B7-5F4D9A159FC7}"
EndProject
Project("{FAE04EC0-301F-11D3-BF4B-00C04F79EFBC}") = "Core", "core\Core\Core.csproj", "{6AD35106-187B-4A3A-A801-E665CD12E020}"
EndProject
Project("{FAE04EC0-301F-11D3-BF4B-00C04F79EFBC}") = "Utils", "core\Utils\Utils.csproj", "{C3773330-81FA-4253-823E-1BDE1529AA99}"
EndProject
Project("{2150E333-8FDC-42A3-9474-1A3956D46DE8}") = "gui", "gui", "{D2877E12-2FFC-4767-980F-CAE00AE236E9}"
EndProject
Project("{FAE04EC0-301F-11D3-BF4B-00C04F79EFBC}") = "PiccoloGraphicalEditor", "gui\PiccoloGraphicalEditor\PiccoloGraphicalEditor.csproj", "{304E1C6A-585F-4748-8E3B-33558E35B0D4}"
EndProject
Project("{FAE04EC0-301F-11D3-BF4B-00C04F79EFBC}") = "WinFormsViewer", "gui\WinFormsViewer\WinFormsViewer.csproj", "{98936436-EA28-437E-A2A4-CC7CAA532658}"
EndProject
Project("{FAE04EC0-301F-11D3-BF4B-00C04F79EFBC}") = "CCIAssembliesNodesCollectionTester", "..\tests\core\CCIAssembliesNodesCollector\CCIAssembliesNodesCollectionTester.csproj", "{777524F4-2829-49CD-97E6-718DA4AB2BC4}"
EndProject
Project("{FAE04EC0-301F-11D3-BF4B-00C04F79EFBC}") = "NewNodesOnTheBlock", "nodes\newkids\NewNodesOnTheBlock.csproj", "{D80BA106-0215-4B2D-825B-FCE4FCFECE19}"
EndProject
Global
	GlobalSection(SolutionConfigurationPlatforms) = preSolution
		Debug|Any CPU = Debug|Any CPU
		Debug|Mixed Platforms = Debug|Mixed Platforms
		Debug|x86 = Debug|x86
		Release|Any CPU = Release|Any CPU
		Release|Mixed Platforms = Release|Mixed Platforms
		Release|x86 = Release|x86
	EndGlobalSection
	GlobalSection(ProjectConfigurationPlatforms) = postSolution
		{6AD35106-187B-4A3A-A801-E665CD12E020}.Debug|Any CPU.ActiveCfg = Debug|Any CPU
		{6AD35106-187B-4A3A-A801-E665CD12E020}.Debug|Any CPU.Build.0 = Debug|Any CPU
		{6AD35106-187B-4A3A-A801-E665CD12E020}.Debug|Mixed Platforms.ActiveCfg = Debug|x86
		{6AD35106-187B-4A3A-A801-E665CD12E020}.Debug|Mixed Platforms.Build.0 = Debug|x86
		{6AD35106-187B-4A3A-A801-E665CD12E020}.Debug|x86.ActiveCfg = Debug|x86
		{6AD35106-187B-4A3A-A801-E665CD12E020}.Debug|x86.Build.0 = Debug|x86
		{6AD35106-187B-4A3A-A801-E665CD12E020}.Release|Any CPU.ActiveCfg = Release|Any CPU
		{6AD35106-187B-4A3A-A801-E665CD12E020}.Release|Any CPU.Build.0 = Release|Any CPU
		{6AD35106-187B-4A3A-A801-E665CD12E020}.Release|Mixed Platforms.ActiveCfg = Release|x86
		{6AD35106-187B-4A3A-A801-E665CD12E020}.Release|Mixed Platforms.Build.0 = Release|x86
		{6AD35106-187B-4A3A-A801-E665CD12E020}.Release|x86.ActiveCfg = Release|x86
		{6AD35106-187B-4A3A-A801-E665CD12E020}.Release|x86.Build.0 = Release|x86
		{C3773330-81FA-4253-823E-1BDE1529AA99}.Debug|Any CPU.ActiveCfg = Debug|Any CPU
		{C3773330-81FA-4253-823E-1BDE1529AA99}.Debug|Any CPU.Build.0 = Debug|Any CPU
		{C3773330-81FA-4253-823E-1BDE1529AA99}.Debug|Mixed Platforms.ActiveCfg = Debug|Any CPU
		{C3773330-81FA-4253-823E-1BDE1529AA99}.Debug|Mixed Platforms.Build.0 = Debug|Any CPU
		{C3773330-81FA-4253-823E-1BDE1529AA99}.Debug|x86.ActiveCfg = Debug|Any CPU
		{C3773330-81FA-4253-823E-1BDE1529AA99}.Debug|x86.Build.0 = Debug|Any CPU
		{C3773330-81FA-4253-823E-1BDE1529AA99}.Release|Any CPU.ActiveCfg = Release|Any CPU
		{C3773330-81FA-4253-823E-1BDE1529AA99}.Release|Any CPU.Build.0 = Release|Any CPU
		{C3773330-81FA-4253-823E-1BDE1529AA99}.Release|Mixed Platforms.ActiveCfg = Release|Any CPU
		{C3773330-81FA-4253-823E-1BDE1529AA99}.Release|Mixed Platforms.Build.0 = Release|Any CPU
		{C3773330-81FA-4253-823E-1BDE1529AA99}.Release|x86.ActiveCfg = Release|Any CPU
		{C3773330-81FA-4253-823E-1BDE1529AA99}.Release|x86.Build.0 = Release|Any CPU
		{304E1C6A-585F-4748-8E3B-33558E35B0D4}.Debug|Any CPU.ActiveCfg = Debug|Any CPU
		{304E1C6A-585F-4748-8E3B-33558E35B0D4}.Debug|Any CPU.Build.0 = Debug|Any CPU
		{304E1C6A-585F-4748-8E3B-33558E35B0D4}.Debug|Mixed Platforms.ActiveCfg = Debug|Any CPU
		{304E1C6A-585F-4748-8E3B-33558E35B0D4}.Debug|Mixed Platforms.Build.0 = Debug|Any CPU
		{304E1C6A-585F-4748-8E3B-33558E35B0D4}.Debug|x86.ActiveCfg = Debug|x86
		{304E1C6A-585F-4748-8E3B-33558E35B0D4}.Debug|x86.Build.0 = Debug|x86
		{304E1C6A-585F-4748-8E3B-33558E35B0D4}.Release|Any CPU.ActiveCfg = Release|Any CPU
		{304E1C6A-585F-4748-8E3B-33558E35B0D4}.Release|Any CPU.Build.0 = Release|Any CPU
		{304E1C6A-585F-4748-8E3B-33558E35B0D4}.Release|Mixed Platforms.ActiveCfg = Release|Any CPU
		{304E1C6A-585F-4748-8E3B-33558E35B0D4}.Release|Mixed Platforms.Build.0 = Release|Any CPU
		{304E1C6A-585F-4748-8E3B-33558E35B0D4}.Release|x86.ActiveCfg = Release|x86
		{304E1C6A-585F-4748-8E3B-33558E35B0D4}.Release|x86.Build.0 = Release|x86
		{98936436-EA28-437E-A2A4-CC7CAA532658}.Debug|Any CPU.ActiveCfg = Debug|Any CPU
		{98936436-EA28-437E-A2A4-CC7CAA532658}.Debug|Any CPU.Build.0 = Debug|Any CPU
		{98936436-EA28-437E-A2A4-CC7CAA532658}.Debug|Mixed Platforms.ActiveCfg = Debug|Any CPU
		{98936436-EA28-437E-A2A4-CC7CAA532658}.Debug|Mixed Platforms.Build.0 = Debug|Any CPU
		{98936436-EA28-437E-A2A4-CC7CAA532658}.Debug|x86.ActiveCfg = Debug|Any CPU
		{98936436-EA28-437E-A2A4-CC7CAA532658}.Debug|x86.Build.0 = Debug|Any CPU
		{98936436-EA28-437E-A2A4-CC7CAA532658}.Release|Any CPU.ActiveCfg = Release|Any CPU
		{98936436-EA28-437E-A2A4-CC7CAA532658}.Release|Any CPU.Build.0 = Release|Any CPU
		{98936436-EA28-437E-A2A4-CC7CAA532658}.Release|Mixed Platforms.ActiveCfg = Release|Any CPU
		{98936436-EA28-437E-A2A4-CC7CAA532658}.Release|Mixed Platforms.Build.0 = Release|Any CPU
		{98936436-EA28-437E-A2A4-CC7CAA532658}.Release|x86.ActiveCfg = Release|Any CPU
		{98936436-EA28-437E-A2A4-CC7CAA532658}.Release|x86.Build.0 = Release|Any CPU
		{777524F4-2829-49CD-97E6-718DA4AB2BC4}.Debug|Any CPU.ActiveCfg = Debug|x86
		{777524F4-2829-49CD-97E6-718DA4AB2BC4}.Debug|Mixed Platforms.ActiveCfg = Debug|x86
		{777524F4-2829-49CD-97E6-718DA4AB2BC4}.Debug|Mixed Platforms.Build.0 = Debug|x86
		{777524F4-2829-49CD-97E6-718DA4AB2BC4}.Debug|x86.ActiveCfg = Debug|x86
		{777524F4-2829-49CD-97E6-718DA4AB2BC4}.Debug|x86.Build.0 = Debug|x86
		{777524F4-2829-49CD-97E6-718DA4AB2BC4}.Release|Any CPU.ActiveCfg = Release|x86
		{777524F4-2829-49CD-97E6-718DA4AB2BC4}.Release|Mixed Platforms.ActiveCfg = Release|x86
		{777524F4-2829-49CD-97E6-718DA4AB2BC4}.Release|Mixed Platforms.Build.0 = Release|x86
		{777524F4-2829-49CD-97E6-718DA4AB2BC4}.Release|x86.ActiveCfg = Release|x86
		{777524F4-2829-49CD-97E6-718DA4AB2BC4}.Release|x86.Build.0 = Release|x86
		{D80BA106-0215-4B2D-825B-FCE4FCFECE19}.Debug|Any CPU.ActiveCfg = Debug|x86
		{D80BA106-0215-4B2D-825B-FCE4FCFECE19}.Debug|Mixed Platforms.ActiveCfg = Debug|x86
		{D80BA106-0215-4B2D-825B-FCE4FCFECE19}.Debug|Mixed Platforms.Build.0 = Debug|x86
		{D80BA106-0215-4B2D-825B-FCE4FCFECE19}.Debug|x86.ActiveCfg = Debug|x86
		{D80BA106-0215-4B2D-825B-FCE4FCFECE19}.Debug|x86.Build.0 = Debug|x86
		{D80BA106-0215-4B2D-825B-FCE4FCFECE19}.Release|Any CPU.ActiveCfg = Release|x86
		{D80BA106-0215-4B2D-825B-FCE4FCFECE19}.Release|Mixed Platforms.ActiveCfg = Release|x86
		{D80BA106-0215-4B2D-825B-FCE4FCFECE19}.Release|Mixed Platforms.Build.0 = Release|x86
		{D80BA106-0215-4B2D-825B-FCE4FCFECE19}.Release|x86.ActiveCfg = Release|x86
		{D80BA106-0215-4B2D-825B-FCE4FCFECE19}.Release|x86.Build.0 = Release|x86
	EndGlobalSection
	GlobalSection(SolutionProperties) = preSolution
		HideSolutionNode = FALSE
	EndGlobalSection
	GlobalSection(NestedProjects) = preSolution
		{6AD35106-187B-4A3A-A801-E665CD12E020} = {87CD41B4-C58C-413A-A3B7-5F4D9A159FC7}
		{C3773330-81FA-4253-823E-1BDE1529AA99} = {87CD41B4-C58C-413A-A3B7-5F4D9A159FC7}
		{304E1C6A-585F-4748-8E3B-33558E35B0D4} = {D2877E12-2FFC-4767-980F-CAE00AE236E9}
		{98936436-EA28-437E-A2A4-CC7CAA532658} = {D2877E12-2FFC-4767-980F-CAE00AE236E9}
	EndGlobalSection
EndGlobal
