<?xml version="1.0"?>
<!DOCTYPE CodeBlocks_project_file>
<CodeBlocks_project_file>
	<FileVersion major="1" minor="1"/>
	<Project>
		<Option title="FiducialTracker"/>
		<Option makefile="Makefile"/>
		<Option makefile_is_custom="0"/>
		<Option default_target="-1"/>
		<Option compiler="0"/>
		<Build>
			<Target title="default">
				<Option output="Y:\freeframe\FiducialTracker\FiducialTracker.dll"/>
				<Option working_dir="."/>
				<Option object_output=".objs"/>
				<Option deps_output=".deps"/>
				<Option type="3"/>
				<Option compiler="0"/>
				<Option createStaticLib="1"/>
			</Target>
		</Build>
		<Compiler>
			<Add option="-D__GNUWIN32__ -W -DWIN32 -DNDEBUG -D_WINDOWS -D_MBCS -D_USRDLL -DFREEFRAME_EXPORTS"/>
			<Add directory="ext\libfidtrack"/>
		</Compiler>
		<Linker>
			<Add option="-Wl"/>
			<Add option="--add-stdcall-alias"/>
			<Add option="--enable-stdcall-fixup"/>
			<Add option="--kill-at"/>
			<Add library="kernel32"/>
			<Add library="user32"/>
			<Add library="gdi32"/>
			<Add library="winspool"/>
			<Add library="comdlg32"/>
			<Add library="advapi32"/>
			<Add library="shell32"/>
			<Add library="ole32"/>
			<Add library="oleaut32"/>
			<Add library="uuid"/>
			<Add library="odbc32"/>
			<Add library="odbccp32"/>
		</Linker>
		<Unit filename="FiducialTracker.cpp">
			<Option compilerVar="CPP"/>
			<Option target="default"/>
		</Unit>
		<Unit filename="FiducialTracker.h">
			<Option compilerVar="CPP"/>
			<Option compile="0"/>
			<Option link="0"/>
			<Option target="default"/>
		</Unit>
		<Unit filename="FreeFrame.cpp">
			<Option compilerVar="CPP"/>
			<Option target="default"/>
		</Unit>
		<Unit filename="FreeFrame.h">
			<Option compilerVar="CPP"/>
			<Option compile="0"/>
			<Option link="0"/>
			<Option target="default"/>
		</Unit>
		<Unit filename="ext\libfidtrack\default_trees.h">
			<Option compilerVar=""/>
			<Option compile="0"/>
			<Option link="0"/>
			<Option target="default"/>
		</Unit>
		<Unit filename="ext\libfidtrack\dump_graph.c">
			<Option compilerVar="CC"/>
			<Option target="default"/>
		</Unit>
		<Unit filename="ext\libfidtrack\dump_graph.h">
			<Option compilerVar=""/>
			<Option compile="0"/>
			<Option link="0"/>
			<Option target="default"/>
		</Unit>
		<Unit filename="ext\libfidtrack\fidtrack120.c">
			<Option compilerVar="CC"/>
			<Option target="default"/>
		</Unit>
		<Unit filename="ext\libfidtrack\fidtrack120.h">
			<Option compilerVar=""/>
			<Option compile="0"/>
			<Option link="0"/>
			<Option target="default"/>
		</Unit>
		<Unit filename="ext\libfidtrack\fidtrackX.c">
			<Option compilerVar="CC"/>
			<Option target="default"/>
		</Unit>
		<Unit filename="ext\libfidtrack\fidtrackX.h">
			<Option compilerVar=""/>
			<Option compile="0"/>
			<Option link="0"/>
			<Option target="default"/>
		</Unit>
		<Unit filename="ext\libfidtrack\floatpoint.h">
			<Option compilerVar=""/>
			<Option compile="0"/>
			<Option link="0"/>
			<Option target="default"/>
		</Unit>
		<Unit filename="ext\libfidtrack\segment.c">
			<Option compilerVar="CC"/>
			<Option target="default"/>
		</Unit>
		<Unit filename="ext\libfidtrack\segment.h">
			<Option compilerVar=""/>
			<Option compile="0"/>
			<Option link="0"/>
			<Option target="default"/>
		</Unit>
		<Unit filename="ext\libfidtrack\threshold.c">
			<Option compilerVar="CC"/>
			<Option target="default"/>
		</Unit>
		<Unit filename="ext\libfidtrack\threshold.h">
			<Option compilerVar=""/>
			<Option compile="0"/>
			<Option link="0"/>
			<Option target="default"/>
		</Unit>
		<Unit filename="ext\libfidtrack\tiled_bernsen_threshold.c">
			<Option compilerVar="CC"/>
			<Option target="default"/>
		</Unit>
		<Unit filename="ext\libfidtrack\tiled_bernsen_threshold.h">
			<Option compilerVar=""/>
			<Option compile="0"/>
			<Option link="0"/>
			<Option target="default"/>
		</Unit>
		<Unit filename="ext\libfidtrack\topologysearch.c">
			<Option compilerVar="CC"/>
			<Option target="default"/>
		</Unit>
		<Unit filename="ext\libfidtrack\topologysearch.h">
			<Option compilerVar=""/>
			<Option compile="0"/>
			<Option link="0"/>
			<Option target="default"/>
		</Unit>
		<Unit filename="ext\libfidtrack\treeidmap.cpp">
			<Option compilerVar="CPP"/>
			<Option target="default"/>
		</Unit>
		<Unit filename="ext\libfidtrack\treeidmap.h">
			<Option compilerVar=""/>
			<Option compile="0"/>
			<Option link="0"/>
			<Option target="default"/>
		</Unit>
	</Project>
</CodeBlocks_project_file>
