
Microsoft Visual Studio Solution File, Format Version 10.00
# Visual Studio 2008
Project("{FAE04EC0-301F-11D3-BF4B-00C04F79EFBC}") = "VVVV.Nodes.SortAdvanced", "VVVV.Nodes.SortAdvanced.csproj", "{845437B9-1DA3-4CD5-9B4C-EB4AABB32285}"
EndProject
Global
	GlobalSection(SolutionConfigurationPlatforms) = preSolution
		Debug|Any CPU = Debug|Any CPU
		Release|Any CPU = Release|Any CPU
	EndGlobalSection
	GlobalSection(ProjectConfigurationPlatforms) = postSolution
		{845437B9-1DA3-4CD5-9B4C-EB4AABB32285}.Debug|Any CPU.ActiveCfg = Debug|Any CPU
		{845437B9-1DA3-4CD5-9B4C-EB4AABB32285}.Debug|Any CPU.Build.0 = Debug|Any CPU
		{845437B9-1DA3-4CD5-9B4C-EB4AABB32285}.Release|Any CPU.ActiveCfg = Release|Any CPU
		{845437B9-1DA3-4CD5-9B4C-EB4AABB32285}.Release|Any CPU.Build.0 = Release|Any CPU
	EndGlobalSection
	GlobalSection(SolutionProperties) = preSolution
		HideSolutionNode = FALSE
	EndGlobalSection
EndGlobal
